// !$*UTF8*$!
{
	archiveVersion = 1;
	classes = {
	};
	objectVersion = 46;
	objects = {

/* Begin PBXBuildFile section */
		CE3FA49416834FC4007CD53C /* desmume_neon.mk in Resources */ = {isa = PBXBuildFile; fileRef = CE3FA49316834FC4007CD53C /* desmume_neon.mk */; };
		CE3FA4E316835348007CD53C /* matrix_impl.cpp in Sources */ = {isa = PBXBuildFile; fileRef = CE3FA4E116835348007CD53C /* matrix_impl.cpp */; settings = {COMPILER_FLAGS = "-marm"; }; };
		CEB894521682097D00F8A7DB /* QuartzCore.framework in Frameworks */ = {isa = PBXBuildFile; fileRef = CEB894511682097D00F8A7DB /* QuartzCore.framework */; };
		CEC742FE16776248006D193E /* UIKit.framework in Frameworks */ = {isa = PBXBuildFile; fileRef = CEC742FD16776248006D193E /* UIKit.framework */; };
		CEC7430016776248006D193E /* Foundation.framework in Frameworks */ = {isa = PBXBuildFile; fileRef = CEC742FF16776248006D193E /* Foundation.framework */; };
		CEC7430216776248006D193E /* CoreGraphics.framework in Frameworks */ = {isa = PBXBuildFile; fileRef = CEC7430116776248006D193E /* CoreGraphics.framework */; };
		CEC7430816776248006D193E /* InfoPlist.strings in Resources */ = {isa = PBXBuildFile; fileRef = CEC7430616776248006D193E /* InfoPlist.strings */; };
		CEC7430A16776248006D193E /* main.m in Sources */ = {isa = PBXBuildFile; fileRef = CEC7430916776248006D193E /* main.m */; };
		CEC7430E16776248006D193E /* AppDelegate.m in Sources */ = {isa = PBXBuildFile; fileRef = CEC7430D16776248006D193E /* AppDelegate.m */; };
		CEC7431016776248006D193E /* Default.png in Resources */ = {isa = PBXBuildFile; fileRef = CEC7430F16776248006D193E /* Default.png */; };
		CEC7431216776248006D193E /* Default@2x.png in Resources */ = {isa = PBXBuildFile; fileRef = CEC7431116776248006D193E /* Default@2x.png */; };
		CEC7431416776248006D193E /* Default-568h@2x.png in Resources */ = {isa = PBXBuildFile; fileRef = CEC7431316776248006D193E /* Default-568h@2x.png */; };
		CEC7431716776248006D193E /* EmuViewController.mm in Sources */ = {isa = PBXBuildFile; fileRef = CEC7431616776248006D193E /* EmuViewController.mm */; };
		CEC7431A16776248006D193E /* EmuViewController.xib in Resources */ = {isa = PBXBuildFile; fileRef = CEC7431816776248006D193E /* EmuViewController.xib */; };
		CEC744AC167769EB006D193E /* agg_arrowhead.cpp in Sources */ = {isa = PBXBuildFile; fileRef = CEC74494167769EB006D193E /* agg_arrowhead.cpp */; };
		CEC744AD167769EB006D193E /* agg_bezier_arc.cpp in Sources */ = {isa = PBXBuildFile; fileRef = CEC74495167769EB006D193E /* agg_bezier_arc.cpp */; };
		CEC744AE167769EB006D193E /* agg_bspline.cpp in Sources */ = {isa = PBXBuildFile; fileRef = CEC74496167769EB006D193E /* agg_bspline.cpp */; };
		CEC744AF167769EB006D193E /* agg_curves.cpp in Sources */ = {isa = PBXBuildFile; fileRef = CEC74497167769EB006D193E /* agg_curves.cpp */; };
		CEC744B0167769EB006D193E /* agg_embedded_raster_fonts.cpp in Sources */ = {isa = PBXBuildFile; fileRef = CEC74498167769EB006D193E /* agg_embedded_raster_fonts.cpp */; };
		CEC744B1167769EB006D193E /* agg_gsv_text.cpp in Sources */ = {isa = PBXBuildFile; fileRef = CEC74499167769EB006D193E /* agg_gsv_text.cpp */; };
		CEC744B2167769EB006D193E /* agg_image_filters.cpp in Sources */ = {isa = PBXBuildFile; fileRef = CEC7449A167769EB006D193E /* agg_image_filters.cpp */; };
		CEC744B3167769EB006D193E /* agg_line_aa_basics.cpp in Sources */ = {isa = PBXBuildFile; fileRef = CEC7449B167769EB006D193E /* agg_line_aa_basics.cpp */; };
		CEC744B4167769EB006D193E /* agg_line_profile_aa.cpp in Sources */ = {isa = PBXBuildFile; fileRef = CEC7449C167769EB006D193E /* agg_line_profile_aa.cpp */; };
		CEC744B5167769EB006D193E /* agg_rounded_rect.cpp in Sources */ = {isa = PBXBuildFile; fileRef = CEC7449D167769EB006D193E /* agg_rounded_rect.cpp */; };
		CEC744B6167769EB006D193E /* agg_sqrt_tables.cpp in Sources */ = {isa = PBXBuildFile; fileRef = CEC7449E167769EB006D193E /* agg_sqrt_tables.cpp */; };
		CEC744B7167769EB006D193E /* agg_trans_affine.cpp in Sources */ = {isa = PBXBuildFile; fileRef = CEC7449F167769EB006D193E /* agg_trans_affine.cpp */; };
		CEC744B8167769EB006D193E /* agg_trans_double_path.cpp in Sources */ = {isa = PBXBuildFile; fileRef = CEC744A0167769EB006D193E /* agg_trans_double_path.cpp */; };
		CEC744B9167769EB006D193E /* agg_trans_single_path.cpp in Sources */ = {isa = PBXBuildFile; fileRef = CEC744A1167769EB006D193E /* agg_trans_single_path.cpp */; };
		CEC744BA167769EB006D193E /* agg_trans_warp_magnifier.cpp in Sources */ = {isa = PBXBuildFile; fileRef = CEC744A2167769EB006D193E /* agg_trans_warp_magnifier.cpp */; };
		CEC744BB167769EB006D193E /* agg_vcgen_bspline.cpp in Sources */ = {isa = PBXBuildFile; fileRef = CEC744A3167769EB006D193E /* agg_vcgen_bspline.cpp */; };
		CEC744BC167769EB006D193E /* agg_vcgen_contour.cpp in Sources */ = {isa = PBXBuildFile; fileRef = CEC744A4167769EB006D193E /* agg_vcgen_contour.cpp */; };
		CEC744BD167769EB006D193E /* agg_vcgen_dash.cpp in Sources */ = {isa = PBXBuildFile; fileRef = CEC744A5167769EB006D193E /* agg_vcgen_dash.cpp */; };
		CEC744BE167769EB006D193E /* agg_vcgen_markers_term.cpp in Sources */ = {isa = PBXBuildFile; fileRef = CEC744A6167769EB006D193E /* agg_vcgen_markers_term.cpp */; };
		CEC744BF167769EB006D193E /* agg_vcgen_smooth_poly1.cpp in Sources */ = {isa = PBXBuildFile; fileRef = CEC744A7167769EB006D193E /* agg_vcgen_smooth_poly1.cpp */; };
		CEC744C0167769EB006D193E /* agg_vcgen_stroke.cpp in Sources */ = {isa = PBXBuildFile; fileRef = CEC744A8167769EB006D193E /* agg_vcgen_stroke.cpp */; };
		CEC744C1167769EB006D193E /* agg_vpgen_clip_polygon.cpp in Sources */ = {isa = PBXBuildFile; fileRef = CEC744A9167769EB006D193E /* agg_vpgen_clip_polygon.cpp */; };
		CEC744C2167769EB006D193E /* agg_vpgen_clip_polyline.cpp in Sources */ = {isa = PBXBuildFile; fileRef = CEC744AA167769EB006D193E /* agg_vpgen_clip_polyline.cpp */; };
		CEC744C3167769EB006D193E /* agg_vpgen_segmentator.cpp in Sources */ = {isa = PBXBuildFile; fileRef = CEC744AB167769EB006D193E /* agg_vpgen_segmentator.cpp */; };
		CEC744CF16776A00006D193E /* agg_bezier_ctrl.cpp in Sources */ = {isa = PBXBuildFile; fileRef = CEC744C516776A00006D193E /* agg_bezier_ctrl.cpp */; };
		CEC744D016776A00006D193E /* agg_cbox_ctrl.cpp in Sources */ = {isa = PBXBuildFile; fileRef = CEC744C616776A00006D193E /* agg_cbox_ctrl.cpp */; };
		CEC744D116776A00006D193E /* agg_gamma_ctrl.cpp in Sources */ = {isa = PBXBuildFile; fileRef = CEC744C716776A00006D193E /* agg_gamma_ctrl.cpp */; };
		CEC744D216776A00006D193E /* agg_gamma_spline.cpp in Sources */ = {isa = PBXBuildFile; fileRef = CEC744C816776A00006D193E /* agg_gamma_spline.cpp */; };
		CEC744D316776A00006D193E /* agg_polygon_ctrl.cpp in Sources */ = {isa = PBXBuildFile; fileRef = CEC744C916776A00006D193E /* agg_polygon_ctrl.cpp */; };
		CEC744D416776A00006D193E /* agg_rbox_ctrl.cpp in Sources */ = {isa = PBXBuildFile; fileRef = CEC744CA16776A00006D193E /* agg_rbox_ctrl.cpp */; };
		CEC744D516776A00006D193E /* agg_scale_ctrl.cpp in Sources */ = {isa = PBXBuildFile; fileRef = CEC744CB16776A00006D193E /* agg_scale_ctrl.cpp */; };
		CEC744D616776A00006D193E /* agg_slider_ctrl.cpp in Sources */ = {isa = PBXBuildFile; fileRef = CEC744CC16776A00006D193E /* agg_slider_ctrl.cpp */; };
		CEC744D716776A00006D193E /* agg_spline_ctrl.cpp in Sources */ = {isa = PBXBuildFile; fileRef = CEC744CD16776A00006D193E /* agg_spline_ctrl.cpp */; };
		CEC744DA16776AC3006D193E /* agg_arc.cpp in Sources */ = {isa = PBXBuildFile; fileRef = CEC744D916776AC3006D193E /* agg_arc.cpp */; };
		CEC7452216776BE0006D193E /* addons.cpp in Sources */ = {isa = PBXBuildFile; fileRef = CEC744DB16776BE0006D193E /* addons.cpp */; };
		CEC7452316776BE0006D193E /* aggdraw.cpp in Sources */ = {isa = PBXBuildFile; fileRef = CEC744DD16776BE0006D193E /* aggdraw.cpp */; };
		CEC7452416776BE0006D193E /* arm_instructions.cpp in Sources */ = {isa = PBXBuildFile; fileRef = CEC744DF16776BE0006D193E /* arm_instructions.cpp */; };
		CEC7452516776BE0006D193E /* armcpu.cpp in Sources */ = {isa = PBXBuildFile; fileRef = CEC744E116776BE0006D193E /* armcpu.cpp */; };
		CEC7452616776BE0006D193E /* bios.cpp in Sources */ = {isa = PBXBuildFile; fileRef = CEC744E316776BE0006D193E /* bios.cpp */; };
		CEC7452716776BE0006D193E /* cheatSystem.cpp in Sources */ = {isa = PBXBuildFile; fileRef = CEC744E516776BE0006D193E /* cheatSystem.cpp */; };
		CEC7452816776BE0006D193E /* common.cpp in Sources */ = {isa = PBXBuildFile; fileRef = CEC744E716776BE0006D193E /* common.cpp */; };
		CEC7452916776BE0006D193E /* cp15.cpp in Sources */ = {isa = PBXBuildFile; fileRef = CEC744E916776BE0006D193E /* cp15.cpp */; };
		CEC7452A16776BE0006D193E /* debug.cpp in Sources */ = {isa = PBXBuildFile; fileRef = CEC744EB16776BE0006D193E /* debug.cpp */; };
		CEC7452B16776BE0006D193E /* driver.cpp in Sources */ = {isa = PBXBuildFile; fileRef = CEC744ED16776BE0006D193E /* driver.cpp */; };
		CEC7452C16776BE0006D193E /* emufile.cpp in Sources */ = {isa = PBXBuildFile; fileRef = CEC744EF16776BE0006D193E /* emufile.cpp */; };
		CEC7452D16776BE0006D193E /* FIFO.cpp in Sources */ = {isa = PBXBuildFile; fileRef = CEC744F116776BE0006D193E /* FIFO.cpp */; };
		CEC7452E16776BE0006D193E /* firmware.cpp in Sources */ = {isa = PBXBuildFile; fileRef = CEC744F316776BE0006D193E /* firmware.cpp */; };
		CEC7452F16776BE0006D193E /* fs-linux.cpp in Sources */ = {isa = PBXBuildFile; fileRef = CEC744F516776BE0006D193E /* fs-linux.cpp */; };
		CEC7453016776BE0006D193E /* gfx3d.cpp in Sources */ = {isa = PBXBuildFile; fileRef = CEC744F616776BE0006D193E /* gfx3d.cpp */; };
		CEC7453116776BE0006D193E /* GPU_osd.cpp in Sources */ = {isa = PBXBuildFile; fileRef = CEC744F816776BE0006D193E /* GPU_osd.cpp */; };
		CEC7453216776BE0006D193E /* GPU.cpp in Sources */ = {isa = PBXBuildFile; fileRef = CEC744FA16776BE0006D193E /* GPU.cpp */; };
		CEC7453316776BE0006D193E /* matrix.cpp in Sources */ = {isa = PBXBuildFile; fileRef = CEC744FC16776BE0006D193E /* matrix.cpp */; };
		CEC7453416776BE0006D193E /* mc.cpp in Sources */ = {isa = PBXBuildFile; fileRef = CEC744FE16776BE0006D193E /* mc.cpp */; };
		CEC7453516776BE0006D193E /* MMU.cpp in Sources */ = {isa = PBXBuildFile; fileRef = CEC7450016776BE0006D193E /* MMU.cpp */; };
		CEC7453616776BE0006D193E /* movie.cpp in Sources */ = {isa = PBXBuildFile; fileRef = CEC7450216776BE0006D193E /* movie.cpp */; };
		CEC7453716776BE0006D193E /* NDSSystem.cpp in Sources */ = {isa = PBXBuildFile; fileRef = CEC7450416776BE0006D193E /* NDSSystem.cpp */; };
		CEC7453816776BE0006D193E /* OGLRender.cpp in Sources */ = {isa = PBXBuildFile; fileRef = CEC7450616776BE0006D193E /* OGLRender.cpp */; };
		CEC7453916776BE0006D193E /* path.cpp in Sources */ = {isa = PBXBuildFile; fileRef = CEC7450816776BE0006D193E /* path.cpp */; };
		CEC7453A16776BE0006D193E /* rasterize.cpp in Sources */ = {isa = PBXBuildFile; fileRef = CEC7450A16776BE0006D193E /* rasterize.cpp */; };
		CEC7453B16776BE0006D193E /* readwrite.cpp in Sources */ = {isa = PBXBuildFile; fileRef = CEC7450C16776BE0006D193E /* readwrite.cpp */; };
		CEC7453C16776BE0006D193E /* render3D.cpp in Sources */ = {isa = PBXBuildFile; fileRef = CEC7450E16776BE0006D193E /* render3D.cpp */; };
		CEC7453D16776BE0006D193E /* ROMReader.cpp in Sources */ = {isa = PBXBuildFile; fileRef = CEC7451016776BE0006D193E /* ROMReader.cpp */; };
		CEC7453E16776BE0006D193E /* rtc.cpp in Sources */ = {isa = PBXBuildFile; fileRef = CEC7451216776BE0006D193E /* rtc.cpp */; };
		CEC7453F16776BE0006D193E /* saves.cpp in Sources */ = {isa = PBXBuildFile; fileRef = CEC7451416776BE0006D193E /* saves.cpp */; };
		CEC7454016776BE0006D193E /* slot1.cpp in Sources */ = {isa = PBXBuildFile; fileRef = CEC7451616776BE0006D193E /* slot1.cpp */; };
		CEC7454116776BE0006D193E /* SPU.cpp in Sources */ = {isa = PBXBuildFile; fileRef = CEC7451816776BE0006D193E /* SPU.cpp */; };
		CEC7454216776BE0006D193E /* texcache.cpp in Sources */ = {isa = PBXBuildFile; fileRef = CEC7451A16776BE0006D193E /* texcache.cpp */; };
		CEC7454316776BE0006D193E /* thumb_instructions.cpp in Sources */ = {isa = PBXBuildFile; fileRef = CEC7451C16776BE0006D193E /* thumb_instructions.cpp */; };
		CEC7454416776BE0006D193E /* version.cpp in Sources */ = {isa = PBXBuildFile; fileRef = CEC7451E16776BE0006D193E /* version.cpp */; };
		CEC7454516776BE0006D193E /* wifi.cpp in Sources */ = {isa = PBXBuildFile; fileRef = CEC7452016776BE0006D193E /* wifi.cpp */; };
		CEC7455316776BF6006D193E /* slot1_none.cpp in Sources */ = {isa = PBXBuildFile; fileRef = CEC7454716776BF6006D193E /* slot1_none.cpp */; };
		CEC7455416776BF6006D193E /* slot1_r4.cpp in Sources */ = {isa = PBXBuildFile; fileRef = CEC7454816776BF6006D193E /* slot1_r4.cpp */; };
		CEC7455516776BF6006D193E /* slot1_retail_nand.cpp in Sources */ = {isa = PBXBuildFile; fileRef = CEC7454916776BF6006D193E /* slot1_retail_nand.cpp */; };
		CEC7455616776BF6006D193E /* slot1_retail.cpp in Sources */ = {isa = PBXBuildFile; fileRef = CEC7454A16776BF6006D193E /* slot1_retail.cpp */; };
		CEC7455716776BF6006D193E /* slot2_expMemory.cpp in Sources */ = {isa = PBXBuildFile; fileRef = CEC7454B16776BF6006D193E /* slot2_expMemory.cpp */; };
		CEC7455816776BF6006D193E /* slot2_gbagame.cpp in Sources */ = {isa = PBXBuildFile; fileRef = CEC7454C16776BF6006D193E /* slot2_gbagame.cpp */; };
		CEC7455916776BF6006D193E /* slot2_guitarGrip.cpp in Sources */ = {isa = PBXBuildFile; fileRef = CEC7454D16776BF6006D193E /* slot2_guitarGrip.cpp */; };
		CEC7455A16776BF6006D193E /* slot2_mpcf.cpp in Sources */ = {isa = PBXBuildFile; fileRef = CEC7454E16776BF6006D193E /* slot2_mpcf.cpp */; };
		CEC7455B16776BF6006D193E /* slot2_none.cpp in Sources */ = {isa = PBXBuildFile; fileRef = CEC7454F16776BF6006D193E /* slot2_none.cpp */; };
		CEC7455C16776BF6006D193E /* slot2_paddle.cpp in Sources */ = {isa = PBXBuildFile; fileRef = CEC7455016776BF6006D193E /* slot2_paddle.cpp */; };
		CEC7455D16776BF6006D193E /* slot2_piano.cpp in Sources */ = {isa = PBXBuildFile; fileRef = CEC7455116776BF6006D193E /* slot2_piano.cpp */; };
		CEC7455E16776BF6006D193E /* slot2_rumblepak.cpp in Sources */ = {isa = PBXBuildFile; fileRef = CEC7455216776BF6006D193E /* slot2_rumblepak.cpp */; };
		CEC7456716776C1C006D193E /* crc.cpp in Sources */ = {isa = PBXBuildFile; fileRef = CEC7456116776C1C006D193E /* crc.cpp */; };
		CEC7456816776C1C006D193E /* decrypt.cpp in Sources */ = {isa = PBXBuildFile; fileRef = CEC7456316776C1C006D193E /* decrypt.cpp */; };
		CEC7456916776C1C006D193E /* header.cpp in Sources */ = {isa = PBXBuildFile; fileRef = CEC7456516776C1C006D193E /* header.cpp */; };
		CEC7458D16776C30006D193E /* cache.cpp in Sources */ = {isa = PBXBuildFile; fileRef = CEC7456C16776C30006D193E /* cache.cpp */; };
		CEC7458E16776C30006D193E /* directory.cpp in Sources */ = {isa = PBXBuildFile; fileRef = CEC7456F16776C30006D193E /* directory.cpp */; };
		CEC7458F16776C30006D193E /* disc.cpp in Sources */ = {isa = PBXBuildFile; fileRef = CEC7457116776C30006D193E /* disc.cpp */; };
		CEC7459016776C30006D193E /* fatdir.cpp in Sources */ = {isa = PBXBuildFile; fileRef = CEC7457516776C30006D193E /* fatdir.cpp */; };
		CEC7459116776C30006D193E /* fatfile.cpp in Sources */ = {isa = PBXBuildFile; fileRef = CEC7457716776C30006D193E /* fatfile.cpp */; };
		CEC7459216776C30006D193E /* file_allocation_table.cpp in Sources */ = {isa = PBXBuildFile; fileRef = CEC7457916776C30006D193E /* file_allocation_table.cpp */; };
		CEC7459316776C30006D193E /* filetime.cpp in Sources */ = {isa = PBXBuildFile; fileRef = CEC7457B16776C30006D193E /* filetime.cpp */; };
		CEC7459416776C30006D193E /* libfat.cpp in Sources */ = {isa = PBXBuildFile; fileRef = CEC7457D16776C30006D193E /* libfat.cpp */; };
		CEC7459516776C30006D193E /* libfat_public_api.cpp in Sources */ = {isa = PBXBuildFile; fileRef = CEC7457F16776C30006D193E /* libfat_public_api.cpp */; };
		CEC7459616776C30006D193E /* lock.cpp in Sources */ = {isa = PBXBuildFile; fileRef = CEC7458116776C30006D193E /* lock.cpp */; };
		CEC7459716776C30006D193E /* partition.cpp in Sources */ = {isa = PBXBuildFile; fileRef = CEC7458416776C30006D193E /* partition.cpp */; };
		CEC7459816776C30006D193E /* tinystr.cpp in Sources */ = {isa = PBXBuildFile; fileRef = CEC7458716776C30006D193E /* tinystr.cpp */; };
		CEC7459916776C30006D193E /* tinyxml.cpp in Sources */ = {isa = PBXBuildFile; fileRef = CEC7458916776C30006D193E /* tinyxml.cpp */; };
		CEC7459A16776C30006D193E /* tinyxmlerror.cpp in Sources */ = {isa = PBXBuildFile; fileRef = CEC7458B16776C30006D193E /* tinyxmlerror.cpp */; };
		CEC7459B16776C30006D193E /* tinyxmlparser.cpp in Sources */ = {isa = PBXBuildFile; fileRef = CEC7458C16776C30006D193E /* tinyxmlparser.cpp */; };
		CEC745AB16776C86006D193E /* ConvertUTF.c in Sources */ = {isa = PBXBuildFile; fileRef = CEC7459C16776C86006D193E /* ConvertUTF.c */; };
		CEC745AC16776C86006D193E /* datetime.cpp in Sources */ = {isa = PBXBuildFile; fileRef = CEC7459E16776C86006D193E /* datetime.cpp */; };
		CEC745AD16776C86006D193E /* dlditool.cpp in Sources */ = {isa = PBXBuildFile; fileRef = CEC745A016776C86006D193E /* dlditool.cpp */; };
		CEC745AE16776C86006D193E /* emufat.cpp in Sources */ = {isa = PBXBuildFile; fileRef = CEC745A116776C86006D193E /* emufat.cpp */; };
		CEC745AF16776C86006D193E /* guid.cpp in Sources */ = {isa = PBXBuildFile; fileRef = CEC745A316776C86006D193E /* guid.cpp */; };
		CEC745B016776C86006D193E /* task.cpp in Sources */ = {isa = PBXBuildFile; fileRef = CEC745A516776C86006D193E /* task.cpp */; };
		CEC745B116776C86006D193E /* vfat.cpp in Sources */ = {isa = PBXBuildFile; fileRef = CEC745A716776C86006D193E /* vfat.cpp */; };
		CEC745B216776C86006D193E /* xstring.cpp in Sources */ = {isa = PBXBuildFile; fileRef = CEC745A916776C86006D193E /* xstring.cpp */; };
		CEC745BD16776EE5006D193E /* GLKit.framework in Frameworks */ = {isa = PBXBuildFile; fileRef = CEC745BB16776EE5006D193E /* GLKit.framework */; };
		CEC745BE16776EE5006D193E /* OpenGLES.framework in Frameworks */ = {isa = PBXBuildFile; fileRef = CEC745BC16776EE5006D193E /* OpenGLES.framework */; };
		CEC745C61677711B006D193E /* metaspu.cpp in Sources */ = {isa = PBXBuildFile; fileRef = CEC745C41677711B006D193E /* metaspu.cpp */; };
		CEC745C816777162006D193E /* libz.dylib in Frameworks */ = {isa = PBXBuildFile; fileRef = CEC745C716777162006D193E /* libz.dylib */; };
		CEC745D116777364006D193E /* throttle.cpp in Sources */ = {isa = PBXBuildFile; fileRef = CEC745CF16777364006D193E /* throttle.cpp */; };
		CECEB5531683438A0093204D /* RomsViewController.m in Sources */ = {isa = PBXBuildFile; fileRef = CECEB5511683438A0093204D /* RomsViewController.m */; };
		CECEB5541683438A0093204D /* RomsViewController.xib in Resources */ = {isa = PBXBuildFile; fileRef = CECEB5521683438A0093204D /* RomsViewController.xib */; };
		CED023851680AD2800061AA8 /* emu.cpp in Sources */ = {isa = PBXBuildFile; fileRef = CED023831680AD2800061AA8 /* emu.cpp */; };
/* End PBXBuildFile section */

/* Begin PBXFileReference section */
		CE3FA49316834FC4007CD53C /* desmume_neon.mk */ = {isa = PBXFileReference; fileEncoding = 4; lastKnownFileType = text; name = desmume_neon.mk; path = "nds4droid-code/jni/desmume_neon.mk"; sourceTree = "<group>"; };
		CE3FA4E116835348007CD53C /* matrix_impl.cpp */ = {isa = PBXFileReference; fileEncoding = 4; lastKnownFileType = sourcecode.cpp.cpp; name = matrix_impl.cpp; path = nds4ios/matrix_impl.cpp; sourceTree = "<group>"; };
		CE3FA4E216835348007CD53C /* matrix_impl.h */ = {isa = PBXFileReference; fileEncoding = 4; lastKnownFileType = sourcecode.c.h; name = matrix_impl.h; path = nds4ios/matrix_impl.h; sourceTree = "<group>"; };
		CE3FA4E516835386007CD53C /* common_macros.h */ = {isa = PBXFileReference; lastKnownFileType = sourcecode.c.h; path = common_macros.h; sourceTree = "<group>"; };
		CE3FA4E6168353AF007CD53C /* vfp_clobbers.h */ = {isa = PBXFileReference; lastKnownFileType = sourcecode.c.h; path = vfp_clobbers.h; sourceTree = "<group>"; };
		CEB894511682097D00F8A7DB /* QuartzCore.framework */ = {isa = PBXFileReference; lastKnownFileType = wrapper.framework; name = QuartzCore.framework; path = System/Library/Frameworks/QuartzCore.framework; sourceTree = SDKROOT; };
		CEB89454168214C100F8A7DB /* font.h */ = {isa = PBXFileReference; lastKnownFileType = sourcecode.c.h; path = font.h; sourceTree = "<group>"; };
		CEB89455168214C100F8A7DB /* gles_render.c */ = {isa = PBXFileReference; lastKnownFileType = sourcecode.c.c; path = gles_render.c; sourceTree = "<group>"; };
		CEB89456168214C100F8A7DB /* gles_render.h */ = {isa = PBXFileReference; lastKnownFileType = sourcecode.c.h; path = gles_render.h; sourceTree = "<group>"; };
		CEB89457168214C100F8A7DB /* importgl.c */ = {isa = PBXFileReference; lastKnownFileType = sourcecode.c.c; path = importgl.c; sourceTree = "<group>"; };
		CEB89458168214C100F8A7DB /* importgl.h */ = {isa = PBXFileReference; lastKnownFileType = sourcecode.c.h; path = importgl.h; sourceTree = "<group>"; };
		CEC742F916776248006D193E /* nds4ios.app */ = {isa = PBXFileReference; explicitFileType = wrapper.application; includeInIndex = 0; path = nds4ios.app; sourceTree = BUILT_PRODUCTS_DIR; };
		CEC742FD16776248006D193E /* UIKit.framework */ = {isa = PBXFileReference; lastKnownFileType = wrapper.framework; name = UIKit.framework; path = System/Library/Frameworks/UIKit.framework; sourceTree = SDKROOT; };
		CEC742FF16776248006D193E /* Foundation.framework */ = {isa = PBXFileReference; lastKnownFileType = wrapper.framework; name = Foundation.framework; path = System/Library/Frameworks/Foundation.framework; sourceTree = SDKROOT; };
		CEC7430116776248006D193E /* CoreGraphics.framework */ = {isa = PBXFileReference; lastKnownFileType = wrapper.framework; name = CoreGraphics.framework; path = System/Library/Frameworks/CoreGraphics.framework; sourceTree = SDKROOT; };
		CEC7430516776248006D193E /* nds4ios-Info.plist */ = {isa = PBXFileReference; lastKnownFileType = text.plist.xml; path = "nds4ios-Info.plist"; sourceTree = "<group>"; };
		CEC7430716776248006D193E /* en */ = {isa = PBXFileReference; lastKnownFileType = text.plist.strings; name = en; path = en.lproj/InfoPlist.strings; sourceTree = "<group>"; };
		CEC7430916776248006D193E /* main.m */ = {isa = PBXFileReference; lastKnownFileType = sourcecode.c.objc; path = main.m; sourceTree = "<group>"; };
		CEC7430B16776248006D193E /* nds4ios-Prefix.pch */ = {isa = PBXFileReference; lastKnownFileType = sourcecode.c.h; path = "nds4ios-Prefix.pch"; sourceTree = "<group>"; };
		CEC7430C16776248006D193E /* AppDelegate.h */ = {isa = PBXFileReference; lastKnownFileType = sourcecode.c.h; path = AppDelegate.h; sourceTree = "<group>"; };
		CEC7430D16776248006D193E /* AppDelegate.m */ = {isa = PBXFileReference; lastKnownFileType = sourcecode.c.objc; path = AppDelegate.m; sourceTree = "<group>"; };
		CEC7430F16776248006D193E /* Default.png */ = {isa = PBXFileReference; lastKnownFileType = image.png; path = Default.png; sourceTree = "<group>"; };
		CEC7431116776248006D193E /* Default@2x.png */ = {isa = PBXFileReference; lastKnownFileType = image.png; path = "Default@2x.png"; sourceTree = "<group>"; };
		CEC7431316776248006D193E /* Default-568h@2x.png */ = {isa = PBXFileReference; lastKnownFileType = image.png; path = "Default-568h@2x.png"; sourceTree = "<group>"; };
		CEC7431516776248006D193E /* EmuViewController.h */ = {isa = PBXFileReference; lastKnownFileType = sourcecode.c.h; path = EmuViewController.h; sourceTree = "<group>"; };
		CEC7431616776248006D193E /* EmuViewController.mm */ = {isa = PBXFileReference; lastKnownFileType = sourcecode.cpp.objcpp; path = EmuViewController.mm; sourceTree = "<group>"; };
		CEC7431916776248006D193E /* en */ = {isa = PBXFileReference; lastKnownFileType = file.xib; name = en; path = en.lproj/EmuViewController.xib; sourceTree = "<group>"; };
		CEC7432116776330006D193E /* desmume_v7.mk */ = {isa = PBXFileReference; lastKnownFileType = text; name = desmume_v7.mk; path = "nds4droid-code/jni/desmume_v7.mk"; sourceTree = "<group>"; };
		CEC74494167769EB006D193E /* agg_arrowhead.cpp */ = {isa = PBXFileReference; fileEncoding = 4; lastKnownFileType = sourcecode.cpp.cpp; name = agg_arrowhead.cpp; path = "nds4droid-code/jni/desmume/src/android/agg/src/agg_arrowhead.cpp"; sourceTree = "<group>"; };
		CEC74495167769EB006D193E /* agg_bezier_arc.cpp */ = {isa = PBXFileReference; fileEncoding = 4; lastKnownFileType = sourcecode.cpp.cpp; name = agg_bezier_arc.cpp; path = "nds4droid-code/jni/desmume/src/android/agg/src/agg_bezier_arc.cpp"; sourceTree = "<group>"; };
		CEC74496167769EB006D193E /* agg_bspline.cpp */ = {isa = PBXFileReference; fileEncoding = 4; lastKnownFileType = sourcecode.cpp.cpp; name = agg_bspline.cpp; path = "nds4droid-code/jni/desmume/src/android/agg/src/agg_bspline.cpp"; sourceTree = "<group>"; };
		CEC74497167769EB006D193E /* agg_curves.cpp */ = {isa = PBXFileReference; fileEncoding = 4; lastKnownFileType = sourcecode.cpp.cpp; name = agg_curves.cpp; path = "nds4droid-code/jni/desmume/src/android/agg/src/agg_curves.cpp"; sourceTree = "<group>"; };
		CEC74498167769EB006D193E /* agg_embedded_raster_fonts.cpp */ = {isa = PBXFileReference; fileEncoding = 4; lastKnownFileType = sourcecode.cpp.cpp; name = agg_embedded_raster_fonts.cpp; path = "nds4droid-code/jni/desmume/src/android/agg/src/agg_embedded_raster_fonts.cpp"; sourceTree = "<group>"; };
		CEC74499167769EB006D193E /* agg_gsv_text.cpp */ = {isa = PBXFileReference; fileEncoding = 4; lastKnownFileType = sourcecode.cpp.cpp; name = agg_gsv_text.cpp; path = "nds4droid-code/jni/desmume/src/android/agg/src/agg_gsv_text.cpp"; sourceTree = "<group>"; };
		CEC7449A167769EB006D193E /* agg_image_filters.cpp */ = {isa = PBXFileReference; fileEncoding = 4; lastKnownFileType = sourcecode.cpp.cpp; name = agg_image_filters.cpp; path = "nds4droid-code/jni/desmume/src/android/agg/src/agg_image_filters.cpp"; sourceTree = "<group>"; };
		CEC7449B167769EB006D193E /* agg_line_aa_basics.cpp */ = {isa = PBXFileReference; fileEncoding = 4; lastKnownFileType = sourcecode.cpp.cpp; name = agg_line_aa_basics.cpp; path = "nds4droid-code/jni/desmume/src/android/agg/src/agg_line_aa_basics.cpp"; sourceTree = "<group>"; };
		CEC7449C167769EB006D193E /* agg_line_profile_aa.cpp */ = {isa = PBXFileReference; fileEncoding = 4; lastKnownFileType = sourcecode.cpp.cpp; name = agg_line_profile_aa.cpp; path = "nds4droid-code/jni/desmume/src/android/agg/src/agg_line_profile_aa.cpp"; sourceTree = "<group>"; };
		CEC7449D167769EB006D193E /* agg_rounded_rect.cpp */ = {isa = PBXFileReference; fileEncoding = 4; lastKnownFileType = sourcecode.cpp.cpp; name = agg_rounded_rect.cpp; path = "nds4droid-code/jni/desmume/src/android/agg/src/agg_rounded_rect.cpp"; sourceTree = "<group>"; };
		CEC7449E167769EB006D193E /* agg_sqrt_tables.cpp */ = {isa = PBXFileReference; fileEncoding = 4; lastKnownFileType = sourcecode.cpp.cpp; name = agg_sqrt_tables.cpp; path = "nds4droid-code/jni/desmume/src/android/agg/src/agg_sqrt_tables.cpp"; sourceTree = "<group>"; };
		CEC7449F167769EB006D193E /* agg_trans_affine.cpp */ = {isa = PBXFileReference; fileEncoding = 4; lastKnownFileType = sourcecode.cpp.cpp; name = agg_trans_affine.cpp; path = "nds4droid-code/jni/desmume/src/android/agg/src/agg_trans_affine.cpp"; sourceTree = "<group>"; };
		CEC744A0167769EB006D193E /* agg_trans_double_path.cpp */ = {isa = PBXFileReference; fileEncoding = 4; lastKnownFileType = sourcecode.cpp.cpp; name = agg_trans_double_path.cpp; path = "nds4droid-code/jni/desmume/src/android/agg/src/agg_trans_double_path.cpp"; sourceTree = "<group>"; };
		CEC744A1167769EB006D193E /* agg_trans_single_path.cpp */ = {isa = PBXFileReference; fileEncoding = 4; lastKnownFileType = sourcecode.cpp.cpp; name = agg_trans_single_path.cpp; path = "nds4droid-code/jni/desmume/src/android/agg/src/agg_trans_single_path.cpp"; sourceTree = "<group>"; };
		CEC744A2167769EB006D193E /* agg_trans_warp_magnifier.cpp */ = {isa = PBXFileReference; fileEncoding = 4; lastKnownFileType = sourcecode.cpp.cpp; name = agg_trans_warp_magnifier.cpp; path = "nds4droid-code/jni/desmume/src/android/agg/src/agg_trans_warp_magnifier.cpp"; sourceTree = "<group>"; };
		CEC744A3167769EB006D193E /* agg_vcgen_bspline.cpp */ = {isa = PBXFileReference; fileEncoding = 4; lastKnownFileType = sourcecode.cpp.cpp; name = agg_vcgen_bspline.cpp; path = "nds4droid-code/jni/desmume/src/android/agg/src/agg_vcgen_bspline.cpp"; sourceTree = "<group>"; };
		CEC744A4167769EB006D193E /* agg_vcgen_contour.cpp */ = {isa = PBXFileReference; fileEncoding = 4; lastKnownFileType = sourcecode.cpp.cpp; name = agg_vcgen_contour.cpp; path = "nds4droid-code/jni/desmume/src/android/agg/src/agg_vcgen_contour.cpp"; sourceTree = "<group>"; };
		CEC744A5167769EB006D193E /* agg_vcgen_dash.cpp */ = {isa = PBXFileReference; fileEncoding = 4; lastKnownFileType = sourcecode.cpp.cpp; name = agg_vcgen_dash.cpp; path = "nds4droid-code/jni/desmume/src/android/agg/src/agg_vcgen_dash.cpp"; sourceTree = "<group>"; };
		CEC744A6167769EB006D193E /* agg_vcgen_markers_term.cpp */ = {isa = PBXFileReference; fileEncoding = 4; lastKnownFileType = sourcecode.cpp.cpp; name = agg_vcgen_markers_term.cpp; path = "nds4droid-code/jni/desmume/src/android/agg/src/agg_vcgen_markers_term.cpp"; sourceTree = "<group>"; };
		CEC744A7167769EB006D193E /* agg_vcgen_smooth_poly1.cpp */ = {isa = PBXFileReference; fileEncoding = 4; lastKnownFileType = sourcecode.cpp.cpp; name = agg_vcgen_smooth_poly1.cpp; path = "nds4droid-code/jni/desmume/src/android/agg/src/agg_vcgen_smooth_poly1.cpp"; sourceTree = "<group>"; };
		CEC744A8167769EB006D193E /* agg_vcgen_stroke.cpp */ = {isa = PBXFileReference; fileEncoding = 4; lastKnownFileType = sourcecode.cpp.cpp; name = agg_vcgen_stroke.cpp; path = "nds4droid-code/jni/desmume/src/android/agg/src/agg_vcgen_stroke.cpp"; sourceTree = "<group>"; };
		CEC744A9167769EB006D193E /* agg_vpgen_clip_polygon.cpp */ = {isa = PBXFileReference; fileEncoding = 4; lastKnownFileType = sourcecode.cpp.cpp; name = agg_vpgen_clip_polygon.cpp; path = "nds4droid-code/jni/desmume/src/android/agg/src/agg_vpgen_clip_polygon.cpp"; sourceTree = "<group>"; };
		CEC744AA167769EB006D193E /* agg_vpgen_clip_polyline.cpp */ = {isa = PBXFileReference; fileEncoding = 4; lastKnownFileType = sourcecode.cpp.cpp; name = agg_vpgen_clip_polyline.cpp; path = "nds4droid-code/jni/desmume/src/android/agg/src/agg_vpgen_clip_polyline.cpp"; sourceTree = "<group>"; };
		CEC744AB167769EB006D193E /* agg_vpgen_segmentator.cpp */ = {isa = PBXFileReference; fileEncoding = 4; lastKnownFileType = sourcecode.cpp.cpp; name = agg_vpgen_segmentator.cpp; path = "nds4droid-code/jni/desmume/src/android/agg/src/agg_vpgen_segmentator.cpp"; sourceTree = "<group>"; };
		CEC744C516776A00006D193E /* agg_bezier_ctrl.cpp */ = {isa = PBXFileReference; fileEncoding = 4; lastKnownFileType = sourcecode.cpp.cpp; path = agg_bezier_ctrl.cpp; sourceTree = "<group>"; };
		CEC744C616776A00006D193E /* agg_cbox_ctrl.cpp */ = {isa = PBXFileReference; fileEncoding = 4; lastKnownFileType = sourcecode.cpp.cpp; path = agg_cbox_ctrl.cpp; sourceTree = "<group>"; };
		CEC744C716776A00006D193E /* agg_gamma_ctrl.cpp */ = {isa = PBXFileReference; fileEncoding = 4; lastKnownFileType = sourcecode.cpp.cpp; path = agg_gamma_ctrl.cpp; sourceTree = "<group>"; };
		CEC744C816776A00006D193E /* agg_gamma_spline.cpp */ = {isa = PBXFileReference; fileEncoding = 4; lastKnownFileType = sourcecode.cpp.cpp; path = agg_gamma_spline.cpp; sourceTree = "<group>"; };
		CEC744C916776A00006D193E /* agg_polygon_ctrl.cpp */ = {isa = PBXFileReference; fileEncoding = 4; lastKnownFileType = sourcecode.cpp.cpp; path = agg_polygon_ctrl.cpp; sourceTree = "<group>"; };
		CEC744CA16776A00006D193E /* agg_rbox_ctrl.cpp */ = {isa = PBXFileReference; fileEncoding = 4; lastKnownFileType = sourcecode.cpp.cpp; path = agg_rbox_ctrl.cpp; sourceTree = "<group>"; };
		CEC744CB16776A00006D193E /* agg_scale_ctrl.cpp */ = {isa = PBXFileReference; fileEncoding = 4; lastKnownFileType = sourcecode.cpp.cpp; path = agg_scale_ctrl.cpp; sourceTree = "<group>"; };
		CEC744CC16776A00006D193E /* agg_slider_ctrl.cpp */ = {isa = PBXFileReference; fileEncoding = 4; lastKnownFileType = sourcecode.cpp.cpp; path = agg_slider_ctrl.cpp; sourceTree = "<group>"; };
		CEC744CD16776A00006D193E /* agg_spline_ctrl.cpp */ = {isa = PBXFileReference; fileEncoding = 4; lastKnownFileType = sourcecode.cpp.cpp; path = agg_spline_ctrl.cpp; sourceTree = "<group>"; };
		CEC744D916776AC3006D193E /* agg_arc.cpp */ = {isa = PBXFileReference; fileEncoding = 4; lastKnownFileType = sourcecode.cpp.cpp; name = agg_arc.cpp; path = "nds4droid-code/jni/desmume/src/android/agg/src/agg_arc.cpp"; sourceTree = "<group>"; };
		CEC744DB16776BE0006D193E /* addons.cpp */ = {isa = PBXFileReference; fileEncoding = 4; lastKnownFileType = sourcecode.cpp.cpp; name = addons.cpp; path = "nds4droid-code/jni/desmume/src/addons.cpp"; sourceTree = "<group>"; };
		CEC744DC16776BE0006D193E /* addons.h */ = {isa = PBXFileReference; fileEncoding = 4; lastKnownFileType = sourcecode.c.h; name = addons.h; path = "nds4droid-code/jni/desmume/src/addons.h"; sourceTree = "<group>"; };
		CEC744DD16776BE0006D193E /* aggdraw.cpp */ = {isa = PBXFileReference; fileEncoding = 4; lastKnownFileType = sourcecode.cpp.cpp; name = aggdraw.cpp; path = "nds4droid-code/jni/desmume/src/aggdraw.cpp"; sourceTree = "<group>"; };
		CEC744DE16776BE0006D193E /* aggdraw.h */ = {isa = PBXFileReference; fileEncoding = 4; lastKnownFileType = sourcecode.c.h; name = aggdraw.h; path = "nds4droid-code/jni/desmume/src/aggdraw.h"; sourceTree = "<group>"; };
		CEC744DF16776BE0006D193E /* arm_instructions.cpp */ = {isa = PBXFileReference; fileEncoding = 4; lastKnownFileType = sourcecode.cpp.cpp; name = arm_instructions.cpp; path = "nds4droid-code/jni/desmume/src/arm_instructions.cpp"; sourceTree = "<group>"; };
		CEC744E016776BE0006D193E /* arm_instructions.h */ = {isa = PBXFileReference; fileEncoding = 4; lastKnownFileType = sourcecode.c.h; name = arm_instructions.h; path = "nds4droid-code/jni/desmume/src/arm_instructions.h"; sourceTree = "<group>"; };
		CEC744E116776BE0006D193E /* armcpu.cpp */ = {isa = PBXFileReference; fileEncoding = 4; lastKnownFileType = sourcecode.cpp.cpp; name = armcpu.cpp; path = "nds4droid-code/jni/desmume/src/armcpu.cpp"; sourceTree = "<group>"; };
		CEC744E216776BE0006D193E /* armcpu.h */ = {isa = PBXFileReference; fileEncoding = 4; lastKnownFileType = sourcecode.c.h; name = armcpu.h; path = "nds4droid-code/jni/desmume/src/armcpu.h"; sourceTree = "<group>"; };
		CEC744E316776BE0006D193E /* bios.cpp */ = {isa = PBXFileReference; fileEncoding = 4; lastKnownFileType = sourcecode.cpp.cpp; name = bios.cpp; path = "nds4droid-code/jni/desmume/src/bios.cpp"; sourceTree = "<group>"; };
		CEC744E416776BE0006D193E /* bios.h */ = {isa = PBXFileReference; fileEncoding = 4; lastKnownFileType = sourcecode.c.h; name = bios.h; path = "nds4droid-code/jni/desmume/src/bios.h"; sourceTree = "<group>"; };
		CEC744E516776BE0006D193E /* cheatSystem.cpp */ = {isa = PBXFileReference; fileEncoding = 4; lastKnownFileType = sourcecode.cpp.cpp; name = cheatSystem.cpp; path = "nds4droid-code/jni/desmume/src/cheatSystem.cpp"; sourceTree = "<group>"; };
		CEC744E616776BE0006D193E /* cheatSystem.h */ = {isa = PBXFileReference; fileEncoding = 4; lastKnownFileType = sourcecode.c.h; name = cheatSystem.h; path = "nds4droid-code/jni/desmume/src/cheatSystem.h"; sourceTree = "<group>"; };
		CEC744E716776BE0006D193E /* common.cpp */ = {isa = PBXFileReference; fileEncoding = 4; lastKnownFileType = sourcecode.cpp.cpp; name = common.cpp; path = "nds4droid-code/jni/desmume/src/common.cpp"; sourceTree = "<group>"; };
		CEC744E816776BE0006D193E /* common.h */ = {isa = PBXFileReference; fileEncoding = 4; lastKnownFileType = sourcecode.c.h; name = common.h; path = "nds4droid-code/jni/desmume/src/common.h"; sourceTree = "<group>"; };
		CEC744E916776BE0006D193E /* cp15.cpp */ = {isa = PBXFileReference; fileEncoding = 4; lastKnownFileType = sourcecode.cpp.cpp; name = cp15.cpp; path = "nds4droid-code/jni/desmume/src/cp15.cpp"; sourceTree = "<group>"; };
		CEC744EA16776BE0006D193E /* cp15.h */ = {isa = PBXFileReference; fileEncoding = 4; lastKnownFileType = sourcecode.c.h; name = cp15.h; path = "nds4droid-code/jni/desmume/src/cp15.h"; sourceTree = "<group>"; };
		CEC744EB16776BE0006D193E /* debug.cpp */ = {isa = PBXFileReference; fileEncoding = 4; lastKnownFileType = sourcecode.cpp.cpp; name = debug.cpp; path = "nds4droid-code/jni/desmume/src/debug.cpp"; sourceTree = "<group>"; };
		CEC744EC16776BE0006D193E /* debug.h */ = {isa = PBXFileReference; fileEncoding = 4; lastKnownFileType = sourcecode.c.h; name = debug.h; path = "nds4droid-code/jni/desmume/src/debug.h"; sourceTree = "<group>"; };
		CEC744ED16776BE0006D193E /* driver.cpp */ = {isa = PBXFileReference; fileEncoding = 4; lastKnownFileType = sourcecode.cpp.cpp; name = driver.cpp; path = "nds4droid-code/jni/desmume/src/driver.cpp"; sourceTree = "<group>"; };
		CEC744EE16776BE0006D193E /* driver.h */ = {isa = PBXFileReference; fileEncoding = 4; lastKnownFileType = sourcecode.c.h; name = driver.h; path = "nds4droid-code/jni/desmume/src/driver.h"; sourceTree = "<group>"; };
		CEC744EF16776BE0006D193E /* emufile.cpp */ = {isa = PBXFileReference; fileEncoding = 4; lastKnownFileType = sourcecode.cpp.cpp; name = emufile.cpp; path = "nds4droid-code/jni/desmume/src/emufile.cpp"; sourceTree = "<group>"; };
		CEC744F016776BE0006D193E /* emufile.h */ = {isa = PBXFileReference; fileEncoding = 4; lastKnownFileType = sourcecode.c.h; name = emufile.h; path = "nds4droid-code/jni/desmume/src/emufile.h"; sourceTree = "<group>"; };
		CEC744F116776BE0006D193E /* FIFO.cpp */ = {isa = PBXFileReference; fileEncoding = 4; lastKnownFileType = sourcecode.cpp.cpp; name = FIFO.cpp; path = "nds4droid-code/jni/desmume/src/FIFO.cpp"; sourceTree = "<group>"; };
		CEC744F216776BE0006D193E /* FIFO.h */ = {isa = PBXFileReference; fileEncoding = 4; lastKnownFileType = sourcecode.c.h; name = FIFO.h; path = "nds4droid-code/jni/desmume/src/FIFO.h"; sourceTree = "<group>"; };
		CEC744F316776BE0006D193E /* firmware.cpp */ = {isa = PBXFileReference; fileEncoding = 4; lastKnownFileType = sourcecode.cpp.cpp; name = firmware.cpp; path = "nds4droid-code/jni/desmume/src/firmware.cpp"; sourceTree = "<group>"; };
		CEC744F416776BE0006D193E /* firmware.h */ = {isa = PBXFileReference; fileEncoding = 4; lastKnownFileType = sourcecode.c.h; name = firmware.h; path = "nds4droid-code/jni/desmume/src/firmware.h"; sourceTree = "<group>"; };
		CEC744F516776BE0006D193E /* fs-linux.cpp */ = {isa = PBXFileReference; fileEncoding = 4; lastKnownFileType = sourcecode.cpp.cpp; name = "fs-linux.cpp"; path = "nds4droid-code/jni/desmume/src/fs-linux.cpp"; sourceTree = "<group>"; };
		CEC744F616776BE0006D193E /* gfx3d.cpp */ = {isa = PBXFileReference; fileEncoding = 4; lastKnownFileType = sourcecode.cpp.cpp; name = gfx3d.cpp; path = "nds4droid-code/jni/desmume/src/gfx3d.cpp"; sourceTree = "<group>"; };
		CEC744F716776BE0006D193E /* gfx3d.h */ = {isa = PBXFileReference; fileEncoding = 4; lastKnownFileType = sourcecode.c.h; name = gfx3d.h; path = "nds4droid-code/jni/desmume/src/gfx3d.h"; sourceTree = "<group>"; };
		CEC744F816776BE0006D193E /* GPU_osd.cpp */ = {isa = PBXFileReference; fileEncoding = 4; lastKnownFileType = sourcecode.cpp.cpp; name = GPU_osd.cpp; path = "nds4droid-code/jni/desmume/src/GPU_osd.cpp"; sourceTree = "<group>"; };
		CEC744F916776BE0006D193E /* GPU_osd.h */ = {isa = PBXFileReference; fileEncoding = 4; lastKnownFileType = sourcecode.c.h; name = GPU_osd.h; path = "nds4droid-code/jni/desmume/src/GPU_osd.h"; sourceTree = "<group>"; };
		CEC744FA16776BE0006D193E /* GPU.cpp */ = {isa = PBXFileReference; fileEncoding = 4; lastKnownFileType = sourcecode.cpp.cpp; name = GPU.cpp; path = "nds4droid-code/jni/desmume/src/GPU.cpp"; sourceTree = "<group>"; };
		CEC744FB16776BE0006D193E /* GPU.h */ = {isa = PBXFileReference; fileEncoding = 4; lastKnownFileType = sourcecode.c.h; name = GPU.h; path = "nds4droid-code/jni/desmume/src/GPU.h"; sourceTree = "<group>"; };
		CEC744FC16776BE0006D193E /* matrix.cpp */ = {isa = PBXFileReference; fileEncoding = 4; lastKnownFileType = sourcecode.cpp.cpp; name = matrix.cpp; path = "nds4droid-code/jni/desmume/src/matrix.cpp"; sourceTree = "<group>"; };
		CEC744FD16776BE0006D193E /* matrix.h */ = {isa = PBXFileReference; fileEncoding = 4; lastKnownFileType = sourcecode.c.h; name = matrix.h; path = "nds4droid-code/jni/desmume/src/matrix.h"; sourceTree = "<group>"; };
		CEC744FE16776BE0006D193E /* mc.cpp */ = {isa = PBXFileReference; fileEncoding = 4; lastKnownFileType = sourcecode.cpp.cpp; name = mc.cpp; path = "nds4droid-code/jni/desmume/src/mc.cpp"; sourceTree = "<group>"; };
		CEC744FF16776BE0006D193E /* mc.h */ = {isa = PBXFileReference; fileEncoding = 4; lastKnownFileType = sourcecode.c.h; name = mc.h; path = "nds4droid-code/jni/desmume/src/mc.h"; sourceTree = "<group>"; };
		CEC7450016776BE0006D193E /* MMU.cpp */ = {isa = PBXFileReference; fileEncoding = 4; lastKnownFileType = sourcecode.cpp.cpp; name = MMU.cpp; path = "nds4droid-code/jni/desmume/src/MMU.cpp"; sourceTree = "<group>"; };
		CEC7450116776BE0006D193E /* MMU.h */ = {isa = PBXFileReference; fileEncoding = 4; lastKnownFileType = sourcecode.c.h; name = MMU.h; path = "nds4droid-code/jni/desmume/src/MMU.h"; sourceTree = "<group>"; };
		CEC7450216776BE0006D193E /* movie.cpp */ = {isa = PBXFileReference; fileEncoding = 4; lastKnownFileType = sourcecode.cpp.cpp; name = movie.cpp; path = "nds4droid-code/jni/desmume/src/movie.cpp"; sourceTree = "<group>"; };
		CEC7450316776BE0006D193E /* movie.h */ = {isa = PBXFileReference; fileEncoding = 4; lastKnownFileType = sourcecode.c.h; name = movie.h; path = "nds4droid-code/jni/desmume/src/movie.h"; sourceTree = "<group>"; };
		CEC7450416776BE0006D193E /* NDSSystem.cpp */ = {isa = PBXFileReference; fileEncoding = 4; lastKnownFileType = sourcecode.cpp.cpp; name = NDSSystem.cpp; path = "nds4droid-code/jni/desmume/src/NDSSystem.cpp"; sourceTree = "<group>"; };
		CEC7450516776BE0006D193E /* NDSSystem.h */ = {isa = PBXFileReference; fileEncoding = 4; lastKnownFileType = sourcecode.c.h; name = NDSSystem.h; path = "nds4droid-code/jni/desmume/src/NDSSystem.h"; sourceTree = "<group>"; };
		CEC7450616776BE0006D193E /* OGLRender.cpp */ = {isa = PBXFileReference; fileEncoding = 4; lastKnownFileType = sourcecode.cpp.cpp; name = OGLRender.cpp; path = "nds4droid-code/jni/desmume/src/OGLRender.cpp"; sourceTree = "<group>"; };
		CEC7450716776BE0006D193E /* OGLRender.h */ = {isa = PBXFileReference; fileEncoding = 4; lastKnownFileType = sourcecode.c.h; name = OGLRender.h; path = "nds4droid-code/jni/desmume/src/OGLRender.h"; sourceTree = "<group>"; };
		CEC7450816776BE0006D193E /* path.cpp */ = {isa = PBXFileReference; fileEncoding = 4; lastKnownFileType = sourcecode.cpp.cpp; name = path.cpp; path = "nds4droid-code/jni/desmume/src/path.cpp"; sourceTree = "<group>"; };
		CEC7450916776BE0006D193E /* path.h */ = {isa = PBXFileReference; fileEncoding = 4; lastKnownFileType = sourcecode.c.h; name = path.h; path = "nds4droid-code/jni/desmume/src/path.h"; sourceTree = "<group>"; };
		CEC7450A16776BE0006D193E /* rasterize.cpp */ = {isa = PBXFileReference; fileEncoding = 4; lastKnownFileType = sourcecode.cpp.cpp; name = rasterize.cpp; path = "nds4droid-code/jni/desmume/src/rasterize.cpp"; sourceTree = "<group>"; };
		CEC7450B16776BE0006D193E /* rasterize.h */ = {isa = PBXFileReference; fileEncoding = 4; lastKnownFileType = sourcecode.c.h; name = rasterize.h; path = "nds4droid-code/jni/desmume/src/rasterize.h"; sourceTree = "<group>"; };
		CEC7450C16776BE0006D193E /* readwrite.cpp */ = {isa = PBXFileReference; fileEncoding = 4; lastKnownFileType = sourcecode.cpp.cpp; name = readwrite.cpp; path = "nds4droid-code/jni/desmume/src/readwrite.cpp"; sourceTree = "<group>"; };
		CEC7450D16776BE0006D193E /* readwrite.h */ = {isa = PBXFileReference; fileEncoding = 4; lastKnownFileType = sourcecode.c.h; name = readwrite.h; path = "nds4droid-code/jni/desmume/src/readwrite.h"; sourceTree = "<group>"; };
		CEC7450E16776BE0006D193E /* render3D.cpp */ = {isa = PBXFileReference; fileEncoding = 4; lastKnownFileType = sourcecode.cpp.cpp; name = render3D.cpp; path = "nds4droid-code/jni/desmume/src/render3D.cpp"; sourceTree = "<group>"; };
		CEC7450F16776BE0006D193E /* render3D.h */ = {isa = PBXFileReference; fileEncoding = 4; lastKnownFileType = sourcecode.c.h; name = render3D.h; path = "nds4droid-code/jni/desmume/src/render3D.h"; sourceTree = "<group>"; };
		CEC7451016776BE0006D193E /* ROMReader.cpp */ = {isa = PBXFileReference; fileEncoding = 4; lastKnownFileType = sourcecode.cpp.cpp; name = ROMReader.cpp; path = "nds4droid-code/jni/desmume/src/ROMReader.cpp"; sourceTree = "<group>"; };
		CEC7451116776BE0006D193E /* ROMReader.h */ = {isa = PBXFileReference; fileEncoding = 4; lastKnownFileType = sourcecode.c.h; name = ROMReader.h; path = "nds4droid-code/jni/desmume/src/ROMReader.h"; sourceTree = "<group>"; };
		CEC7451216776BE0006D193E /* rtc.cpp */ = {isa = PBXFileReference; fileEncoding = 4; lastKnownFileType = sourcecode.cpp.cpp; name = rtc.cpp; path = "nds4droid-code/jni/desmume/src/rtc.cpp"; sourceTree = "<group>"; };
		CEC7451316776BE0006D193E /* rtc.h */ = {isa = PBXFileReference; fileEncoding = 4; lastKnownFileType = sourcecode.c.h; name = rtc.h; path = "nds4droid-code/jni/desmume/src/rtc.h"; sourceTree = "<group>"; };
		CEC7451416776BE0006D193E /* saves.cpp */ = {isa = PBXFileReference; fileEncoding = 4; lastKnownFileType = sourcecode.cpp.cpp; name = saves.cpp; path = "nds4droid-code/jni/desmume/src/saves.cpp"; sourceTree = "<group>"; };
		CEC7451516776BE0006D193E /* saves.h */ = {isa = PBXFileReference; fileEncoding = 4; lastKnownFileType = sourcecode.c.h; name = saves.h; path = "nds4droid-code/jni/desmume/src/saves.h"; sourceTree = "<group>"; };
		CEC7451616776BE0006D193E /* slot1.cpp */ = {isa = PBXFileReference; fileEncoding = 4; lastKnownFileType = sourcecode.cpp.cpp; name = slot1.cpp; path = "nds4droid-code/jni/desmume/src/slot1.cpp"; sourceTree = "<group>"; };
		CEC7451716776BE0006D193E /* slot1.h */ = {isa = PBXFileReference; fileEncoding = 4; lastKnownFileType = sourcecode.c.h; name = slot1.h; path = "nds4droid-code/jni/desmume/src/slot1.h"; sourceTree = "<group>"; };
		CEC7451816776BE0006D193E /* SPU.cpp */ = {isa = PBXFileReference; fileEncoding = 4; lastKnownFileType = sourcecode.cpp.cpp; name = SPU.cpp; path = "nds4droid-code/jni/desmume/src/SPU.cpp"; sourceTree = "<group>"; };
		CEC7451916776BE0006D193E /* SPU.h */ = {isa = PBXFileReference; fileEncoding = 4; lastKnownFileType = sourcecode.c.h; name = SPU.h; path = "nds4droid-code/jni/desmume/src/SPU.h"; sourceTree = "<group>"; };
		CEC7451A16776BE0006D193E /* texcache.cpp */ = {isa = PBXFileReference; fileEncoding = 4; lastKnownFileType = sourcecode.cpp.cpp; name = texcache.cpp; path = "nds4droid-code/jni/desmume/src/texcache.cpp"; sourceTree = "<group>"; };
		CEC7451B16776BE0006D193E /* texcache.h */ = {isa = PBXFileReference; fileEncoding = 4; lastKnownFileType = sourcecode.c.h; name = texcache.h; path = "nds4droid-code/jni/desmume/src/texcache.h"; sourceTree = "<group>"; };
		CEC7451C16776BE0006D193E /* thumb_instructions.cpp */ = {isa = PBXFileReference; fileEncoding = 4; lastKnownFileType = sourcecode.cpp.cpp; name = thumb_instructions.cpp; path = "nds4droid-code/jni/desmume/src/thumb_instructions.cpp"; sourceTree = "<group>"; };
		CEC7451D16776BE0006D193E /* thumb_instructions.h */ = {isa = PBXFileReference; fileEncoding = 4; lastKnownFileType = sourcecode.c.h; name = thumb_instructions.h; path = "nds4droid-code/jni/desmume/src/thumb_instructions.h"; sourceTree = "<group>"; };
		CEC7451E16776BE0006D193E /* version.cpp */ = {isa = PBXFileReference; fileEncoding = 4; lastKnownFileType = sourcecode.cpp.cpp; name = version.cpp; path = "nds4droid-code/jni/desmume/src/version.cpp"; sourceTree = "<group>"; };
		CEC7451F16776BE0006D193E /* version.h */ = {isa = PBXFileReference; fileEncoding = 4; lastKnownFileType = sourcecode.c.h; name = version.h; path = "nds4droid-code/jni/desmume/src/version.h"; sourceTree = "<group>"; };
		CEC7452016776BE0006D193E /* wifi.cpp */ = {isa = PBXFileReference; fileEncoding = 4; lastKnownFileType = sourcecode.cpp.cpp; name = wifi.cpp; path = "nds4droid-code/jni/desmume/src/wifi.cpp"; sourceTree = "<group>"; };
		CEC7452116776BE0006D193E /* wifi.h */ = {isa = PBXFileReference; fileEncoding = 4; lastKnownFileType = sourcecode.c.h; name = wifi.h; path = "nds4droid-code/jni/desmume/src/wifi.h"; sourceTree = "<group>"; };
		CEC7454716776BF6006D193E /* slot1_none.cpp */ = {isa = PBXFileReference; fileEncoding = 4; lastKnownFileType = sourcecode.cpp.cpp; name = slot1_none.cpp; path = "nds4droid-code/jni/desmume/src/addons/slot1_none.cpp"; sourceTree = "<group>"; };
		CEC7454816776BF6006D193E /* slot1_r4.cpp */ = {isa = PBXFileReference; fileEncoding = 4; lastKnownFileType = sourcecode.cpp.cpp; name = slot1_r4.cpp; path = "nds4droid-code/jni/desmume/src/addons/slot1_r4.cpp"; sourceTree = "<group>"; };
		CEC7454916776BF6006D193E /* slot1_retail_nand.cpp */ = {isa = PBXFileReference; fileEncoding = 4; lastKnownFileType = sourcecode.cpp.cpp; name = slot1_retail_nand.cpp; path = "nds4droid-code/jni/desmume/src/addons/slot1_retail_nand.cpp"; sourceTree = "<group>"; };
		CEC7454A16776BF6006D193E /* slot1_retail.cpp */ = {isa = PBXFileReference; fileEncoding = 4; lastKnownFileType = sourcecode.cpp.cpp; name = slot1_retail.cpp; path = "nds4droid-code/jni/desmume/src/addons/slot1_retail.cpp"; sourceTree = "<group>"; };
		CEC7454B16776BF6006D193E /* slot2_expMemory.cpp */ = {isa = PBXFileReference; fileEncoding = 4; lastKnownFileType = sourcecode.cpp.cpp; name = slot2_expMemory.cpp; path = "nds4droid-code/jni/desmume/src/addons/slot2_expMemory.cpp"; sourceTree = "<group>"; };
		CEC7454C16776BF6006D193E /* slot2_gbagame.cpp */ = {isa = PBXFileReference; fileEncoding = 4; lastKnownFileType = sourcecode.cpp.cpp; name = slot2_gbagame.cpp; path = "nds4droid-code/jni/desmume/src/addons/slot2_gbagame.cpp"; sourceTree = "<group>"; };
		CEC7454D16776BF6006D193E /* slot2_guitarGrip.cpp */ = {isa = PBXFileReference; fileEncoding = 4; lastKnownFileType = sourcecode.cpp.cpp; name = slot2_guitarGrip.cpp; path = "nds4droid-code/jni/desmume/src/addons/slot2_guitarGrip.cpp"; sourceTree = "<group>"; };
		CEC7454E16776BF6006D193E /* slot2_mpcf.cpp */ = {isa = PBXFileReference; fileEncoding = 4; lastKnownFileType = sourcecode.cpp.cpp; name = slot2_mpcf.cpp; path = "nds4droid-code/jni/desmume/src/addons/slot2_mpcf.cpp"; sourceTree = "<group>"; };
		CEC7454F16776BF6006D193E /* slot2_none.cpp */ = {isa = PBXFileReference; fileEncoding = 4; lastKnownFileType = sourcecode.cpp.cpp; name = slot2_none.cpp; path = "nds4droid-code/jni/desmume/src/addons/slot2_none.cpp"; sourceTree = "<group>"; };
		CEC7455016776BF6006D193E /* slot2_paddle.cpp */ = {isa = PBXFileReference; fileEncoding = 4; lastKnownFileType = sourcecode.cpp.cpp; name = slot2_paddle.cpp; path = "nds4droid-code/jni/desmume/src/addons/slot2_paddle.cpp"; sourceTree = "<group>"; };
		CEC7455116776BF6006D193E /* slot2_piano.cpp */ = {isa = PBXFileReference; fileEncoding = 4; lastKnownFileType = sourcecode.cpp.cpp; name = slot2_piano.cpp; path = "nds4droid-code/jni/desmume/src/addons/slot2_piano.cpp"; sourceTree = "<group>"; };
		CEC7455216776BF6006D193E /* slot2_rumblepak.cpp */ = {isa = PBXFileReference; fileEncoding = 4; lastKnownFileType = sourcecode.cpp.cpp; name = slot2_rumblepak.cpp; path = "nds4droid-code/jni/desmume/src/addons/slot2_rumblepak.cpp"; sourceTree = "<group>"; };
		CEC7456116776C1C006D193E /* crc.cpp */ = {isa = PBXFileReference; fileEncoding = 4; lastKnownFileType = sourcecode.cpp.cpp; name = crc.cpp; path = "nds4droid-code/jni/desmume/src/utils/decrypt/crc.cpp"; sourceTree = "<group>"; };
		CEC7456216776C1C006D193E /* crc.h */ = {isa = PBXFileReference; fileEncoding = 4; lastKnownFileType = sourcecode.c.h; name = crc.h; path = "nds4droid-code/jni/desmume/src/utils/decrypt/crc.h"; sourceTree = "<group>"; };
		CEC7456316776C1C006D193E /* decrypt.cpp */ = {isa = PBXFileReference; fileEncoding = 4; lastKnownFileType = sourcecode.cpp.cpp; name = decrypt.cpp; path = "nds4droid-code/jni/desmume/src/utils/decrypt/decrypt.cpp"; sourceTree = "<group>"; };
		CEC7456416776C1C006D193E /* decrypt.h */ = {isa = PBXFileReference; fileEncoding = 4; lastKnownFileType = sourcecode.c.h; name = decrypt.h; path = "nds4droid-code/jni/desmume/src/utils/decrypt/decrypt.h"; sourceTree = "<group>"; };
		CEC7456516776C1C006D193E /* header.cpp */ = {isa = PBXFileReference; fileEncoding = 4; lastKnownFileType = sourcecode.cpp.cpp; name = header.cpp; path = "nds4droid-code/jni/desmume/src/utils/decrypt/header.cpp"; sourceTree = "<group>"; };
		CEC7456616776C1C006D193E /* header.h */ = {isa = PBXFileReference; fileEncoding = 4; lastKnownFileType = sourcecode.c.h; name = header.h; path = "nds4droid-code/jni/desmume/src/utils/decrypt/header.h"; sourceTree = "<group>"; };
		CEC7456B16776C30006D193E /* bit_ops.h */ = {isa = PBXFileReference; fileEncoding = 4; lastKnownFileType = sourcecode.c.h; path = bit_ops.h; sourceTree = "<group>"; };
		CEC7456C16776C30006D193E /* cache.cpp */ = {isa = PBXFileReference; fileEncoding = 4; lastKnownFileType = sourcecode.cpp.cpp; path = cache.cpp; sourceTree = "<group>"; };
		CEC7456D16776C30006D193E /* cache.h */ = {isa = PBXFileReference; fileEncoding = 4; lastKnownFileType = sourcecode.c.h; path = cache.h; sourceTree = "<group>"; };
		CEC7456E16776C30006D193E /* common.h */ = {isa = PBXFileReference; fileEncoding = 4; lastKnownFileType = sourcecode.c.h; path = common.h; sourceTree = "<group>"; };
		CEC7456F16776C30006D193E /* directory.cpp */ = {isa = PBXFileReference; fileEncoding = 4; lastKnownFileType = sourcecode.cpp.cpp; path = directory.cpp; sourceTree = "<group>"; };
		CEC7457016776C30006D193E /* directory.h */ = {isa = PBXFileReference; fileEncoding = 4; lastKnownFileType = sourcecode.c.h; path = directory.h; sourceTree = "<group>"; };
		CEC7457116776C30006D193E /* disc.cpp */ = {isa = PBXFileReference; fileEncoding = 4; lastKnownFileType = sourcecode.cpp.cpp; path = disc.cpp; sourceTree = "<group>"; };
		CEC7457216776C30006D193E /* disc.h */ = {isa = PBXFileReference; fileEncoding = 4; lastKnownFileType = sourcecode.c.h; path = disc.h; sourceTree = "<group>"; };
		CEC7457316776C30006D193E /* disc_io.h */ = {isa = PBXFileReference; fileEncoding = 4; lastKnownFileType = sourcecode.c.h; path = disc_io.h; sourceTree = "<group>"; };
		CEC7457416776C30006D193E /* fat.h */ = {isa = PBXFileReference; fileEncoding = 4; lastKnownFileType = sourcecode.c.h; path = fat.h; sourceTree = "<group>"; };
		CEC7457516776C30006D193E /* fatdir.cpp */ = {isa = PBXFileReference; fileEncoding = 4; lastKnownFileType = sourcecode.cpp.cpp; path = fatdir.cpp; sourceTree = "<group>"; };
		CEC7457616776C30006D193E /* fatdir.h */ = {isa = PBXFileReference; fileEncoding = 4; lastKnownFileType = sourcecode.c.h; path = fatdir.h; sourceTree = "<group>"; };
		CEC7457716776C30006D193E /* fatfile.cpp */ = {isa = PBXFileReference; fileEncoding = 4; lastKnownFileType = sourcecode.cpp.cpp; path = fatfile.cpp; sourceTree = "<group>"; };
		CEC7457816776C30006D193E /* fatfile.h */ = {isa = PBXFileReference; fileEncoding = 4; lastKnownFileType = sourcecode.c.h; path = fatfile.h; sourceTree = "<group>"; };
		CEC7457916776C30006D193E /* file_allocation_table.cpp */ = {isa = PBXFileReference; fileEncoding = 4; lastKnownFileType = sourcecode.cpp.cpp; path = file_allocation_table.cpp; sourceTree = "<group>"; };
		CEC7457A16776C30006D193E /* file_allocation_table.h */ = {isa = PBXFileReference; fileEncoding = 4; lastKnownFileType = sourcecode.c.h; path = file_allocation_table.h; sourceTree = "<group>"; };
		CEC7457B16776C30006D193E /* filetime.cpp */ = {isa = PBXFileReference; fileEncoding = 4; lastKnownFileType = sourcecode.cpp.cpp; path = filetime.cpp; sourceTree = "<group>"; };
		CEC7457C16776C30006D193E /* filetime.h */ = {isa = PBXFileReference; fileEncoding = 4; lastKnownFileType = sourcecode.c.h; path = filetime.h; sourceTree = "<group>"; };
		CEC7457D16776C30006D193E /* libfat.cpp */ = {isa = PBXFileReference; fileEncoding = 4; lastKnownFileType = sourcecode.cpp.cpp; path = libfat.cpp; sourceTree = "<group>"; };
		CEC7457E16776C30006D193E /* libfat_pc.h */ = {isa = PBXFileReference; fileEncoding = 4; lastKnownFileType = sourcecode.c.h; path = libfat_pc.h; sourceTree = "<group>"; };
		CEC7457F16776C30006D193E /* libfat_public_api.cpp */ = {isa = PBXFileReference; fileEncoding = 4; lastKnownFileType = sourcecode.cpp.cpp; path = libfat_public_api.cpp; sourceTree = "<group>"; };
		CEC7458016776C30006D193E /* libfat_public_api.h */ = {isa = PBXFileReference; fileEncoding = 4; lastKnownFileType = sourcecode.c.h; path = libfat_public_api.h; sourceTree = "<group>"; };
		CEC7458116776C30006D193E /* lock.cpp */ = {isa = PBXFileReference; fileEncoding = 4; lastKnownFileType = sourcecode.cpp.cpp; path = lock.cpp; sourceTree = "<group>"; };
		CEC7458216776C30006D193E /* lock.h */ = {isa = PBXFileReference; fileEncoding = 4; lastKnownFileType = sourcecode.c.h; path = lock.h; sourceTree = "<group>"; };
		CEC7458316776C30006D193E /* mem_allocate.h */ = {isa = PBXFileReference; fileEncoding = 4; lastKnownFileType = sourcecode.c.h; path = mem_allocate.h; sourceTree = "<group>"; };
		CEC7458416776C30006D193E /* partition.cpp */ = {isa = PBXFileReference; fileEncoding = 4; lastKnownFileType = sourcecode.cpp.cpp; path = partition.cpp; sourceTree = "<group>"; };
		CEC7458516776C30006D193E /* partition.h */ = {isa = PBXFileReference; fileEncoding = 4; lastKnownFileType = sourcecode.c.h; path = partition.h; sourceTree = "<group>"; };
		CEC7458716776C30006D193E /* tinystr.cpp */ = {isa = PBXFileReference; fileEncoding = 4; lastKnownFileType = sourcecode.cpp.cpp; path = tinystr.cpp; sourceTree = "<group>"; };
		CEC7458816776C30006D193E /* tinystr.h */ = {isa = PBXFileReference; fileEncoding = 4; lastKnownFileType = sourcecode.c.h; path = tinystr.h; sourceTree = "<group>"; };
		CEC7458916776C30006D193E /* tinyxml.cpp */ = {isa = PBXFileReference; fileEncoding = 4; lastKnownFileType = sourcecode.cpp.cpp; path = tinyxml.cpp; sourceTree = "<group>"; };
		CEC7458A16776C30006D193E /* tinyxml.h */ = {isa = PBXFileReference; fileEncoding = 4; lastKnownFileType = sourcecode.c.h; path = tinyxml.h; sourceTree = "<group>"; };
		CEC7458B16776C30006D193E /* tinyxmlerror.cpp */ = {isa = PBXFileReference; fileEncoding = 4; lastKnownFileType = sourcecode.cpp.cpp; path = tinyxmlerror.cpp; sourceTree = "<group>"; };
		CEC7458C16776C30006D193E /* tinyxmlparser.cpp */ = {isa = PBXFileReference; fileEncoding = 4; lastKnownFileType = sourcecode.cpp.cpp; path = tinyxmlparser.cpp; sourceTree = "<group>"; };
		CEC7459C16776C86006D193E /* ConvertUTF.c */ = {isa = PBXFileReference; fileEncoding = 4; lastKnownFileType = sourcecode.c.c; name = ConvertUTF.c; path = "nds4droid-code/jni/desmume/src/utils/ConvertUTF.c"; sourceTree = "<group>"; };
		CEC7459D16776C86006D193E /* ConvertUTF.h */ = {isa = PBXFileReference; fileEncoding = 4; lastKnownFileType = sourcecode.c.h; name = ConvertUTF.h; path = "nds4droid-code/jni/desmume/src/utils/ConvertUTF.h"; sourceTree = "<group>"; };
		CEC7459E16776C86006D193E /* datetime.cpp */ = {isa = PBXFileReference; fileEncoding = 4; lastKnownFileType = sourcecode.cpp.cpp; name = datetime.cpp; path = "nds4droid-code/jni/desmume/src/utils/datetime.cpp"; sourceTree = "<group>"; };
		CEC7459F16776C86006D193E /* datetime.h */ = {isa = PBXFileReference; fileEncoding = 4; lastKnownFileType = sourcecode.c.h; name = datetime.h; path = "nds4droid-code/jni/desmume/src/utils/datetime.h"; sourceTree = "<group>"; };
		CEC745A016776C86006D193E /* dlditool.cpp */ = {isa = PBXFileReference; fileEncoding = 4; lastKnownFileType = sourcecode.cpp.cpp; name = dlditool.cpp; path = "nds4droid-code/jni/desmume/src/utils/dlditool.cpp"; sourceTree = "<group>"; };
		CEC745A116776C86006D193E /* emufat.cpp */ = {isa = PBXFileReference; fileEncoding = 4; lastKnownFileType = sourcecode.cpp.cpp; name = emufat.cpp; path = "nds4droid-code/jni/desmume/src/utils/emufat.cpp"; sourceTree = "<group>"; };
		CEC745A216776C86006D193E /* emufat.h */ = {isa = PBXFileReference; fileEncoding = 4; lastKnownFileType = sourcecode.c.h; name = emufat.h; path = "nds4droid-code/jni/desmume/src/utils/emufat.h"; sourceTree = "<group>"; };
		CEC745A316776C86006D193E /* guid.cpp */ = {isa = PBXFileReference; fileEncoding = 4; lastKnownFileType = sourcecode.cpp.cpp; name = guid.cpp; path = "nds4droid-code/jni/desmume/src/utils/guid.cpp"; sourceTree = "<group>"; };
		CEC745A416776C86006D193E /* guid.h */ = {isa = PBXFileReference; fileEncoding = 4; lastKnownFileType = sourcecode.c.h; name = guid.h; path = "nds4droid-code/jni/desmume/src/utils/guid.h"; sourceTree = "<group>"; };
		CEC745A516776C86006D193E /* task.cpp */ = {isa = PBXFileReference; fileEncoding = 4; lastKnownFileType = sourcecode.cpp.cpp; name = task.cpp; path = "nds4droid-code/jni/desmume/src/utils/task.cpp"; sourceTree = "<group>"; };
		CEC745A616776C86006D193E /* task.h */ = {isa = PBXFileReference; fileEncoding = 4; lastKnownFileType = sourcecode.c.h; name = task.h; path = "nds4droid-code/jni/desmume/src/utils/task.h"; sourceTree = "<group>"; };
		CEC745A716776C86006D193E /* vfat.cpp */ = {isa = PBXFileReference; fileEncoding = 4; lastKnownFileType = sourcecode.cpp.cpp; name = vfat.cpp; path = "nds4droid-code/jni/desmume/src/utils/vfat.cpp"; sourceTree = "<group>"; };
		CEC745A816776C86006D193E /* vfat.h */ = {isa = PBXFileReference; fileEncoding = 4; lastKnownFileType = sourcecode.c.h; name = vfat.h; path = "nds4droid-code/jni/desmume/src/utils/vfat.h"; sourceTree = "<group>"; };
		CEC745A916776C86006D193E /* xstring.cpp */ = {isa = PBXFileReference; fileEncoding = 4; lastKnownFileType = sourcecode.cpp.cpp; name = xstring.cpp; path = "nds4droid-code/jni/desmume/src/utils/xstring.cpp"; sourceTree = "<group>"; };
		CEC745AA16776C86006D193E /* xstring.h */ = {isa = PBXFileReference; fileEncoding = 4; lastKnownFileType = sourcecode.c.h; name = xstring.h; path = "nds4droid-code/jni/desmume/src/utils/xstring.h"; sourceTree = "<group>"; };
		CEC745BB16776EE5006D193E /* GLKit.framework */ = {isa = PBXFileReference; lastKnownFileType = wrapper.framework; name = GLKit.framework; path = System/Library/Frameworks/GLKit.framework; sourceTree = SDKROOT; };
		CEC745BC16776EE5006D193E /* OpenGLES.framework */ = {isa = PBXFileReference; lastKnownFileType = wrapper.framework; name = OpenGLES.framework; path = System/Library/Frameworks/OpenGLES.framework; sourceTree = SDKROOT; };
		CEC745BF16776FB1006D193E /* main.cpp */ = {isa = PBXFileReference; lastKnownFileType = sourcecode.cpp.cpp; name = main.cpp; path = "nds4droid-code/jni/desmume/src/android/main.cpp"; sourceTree = "<group>"; };
		CEC745C01677705F006D193E /* sndopensl.cpp */ = {isa = PBXFileReference; lastKnownFileType = sourcecode.cpp.cpp; name = sndopensl.cpp; path = "nds4droid-code/jni/desmume/src/android/sndopensl.cpp"; sourceTree = "<group>"; };
		CEC745C11677705F006D193E /* throttle.cpp */ = {isa = PBXFileReference; lastKnownFileType = sourcecode.cpp.cpp; name = throttle.cpp; path = "nds4droid-code/jni/desmume/src/android/throttle.cpp"; sourceTree = "<group>"; };
		CEC745C21677706A006D193E /* mic.cpp */ = {isa = PBXFileReference; lastKnownFileType = sourcecode.cpp.cpp; name = mic.cpp; path = "nds4droid-code/jni/desmume/src/android/mic.cpp"; sourceTree = "<group>"; };
		CEC745C41677711B006D193E /* metaspu.cpp */ = {isa = PBXFileReference; fileEncoding = 4; lastKnownFileType = sourcecode.cpp.cpp; name = metaspu.cpp; path = "nds4droid-code/jni/desmume/src/metaspu/metaspu.cpp"; sourceTree = "<group>"; };
		CEC745C51677711B006D193E /* metaspu.h */ = {isa = PBXFileReference; fileEncoding = 4; lastKnownFileType = sourcecode.c.h; name = metaspu.h; path = "nds4droid-code/jni/desmume/src/metaspu/metaspu.h"; sourceTree = "<group>"; };
		CEC745C716777162006D193E /* libz.dylib */ = {isa = PBXFileReference; lastKnownFileType = "compiled.mach-o.dylib"; name = libz.dylib; path = usr/lib/libz.dylib; sourceTree = SDKROOT; };
		CEC745CF16777364006D193E /* throttle.cpp */ = {isa = PBXFileReference; fileEncoding = 4; lastKnownFileType = sourcecode.cpp.cpp; name = throttle.cpp; path = "nds4droid-code/jni/desmume/src/android/throttle.cpp"; sourceTree = SOURCE_ROOT; };
		CEC745D016777364006D193E /* throttle.h */ = {isa = PBXFileReference; fileEncoding = 4; lastKnownFileType = sourcecode.c.h; name = throttle.h; path = "nds4droid-code/jni/desmume/src/android/throttle.h"; sourceTree = SOURCE_ROOT; };
		CEC745D2167776A6006D193E /* video.h */ = {isa = PBXFileReference; lastKnownFileType = sourcecode.c.h; name = video.h; path = "nds4droid-code/jni/desmume/src/android/video.h"; sourceTree = "<group>"; };
		CECEB5501683438A0093204D /* RomsViewController.h */ = {isa = PBXFileReference; fileEncoding = 4; lastKnownFileType = sourcecode.c.h; path = RomsViewController.h; sourceTree = "<group>"; };
		CECEB5511683438A0093204D /* RomsViewController.m */ = {isa = PBXFileReference; fileEncoding = 4; lastKnownFileType = sourcecode.c.objc; path = RomsViewController.m; sourceTree = "<group>"; };
		CECEB5521683438A0093204D /* RomsViewController.xib */ = {isa = PBXFileReference; fileEncoding = 4; lastKnownFileType = file.xib; path = RomsViewController.xib; sourceTree = "<group>"; };
		CED023751680AC0300061AA8 /* Button.java */ = {isa = PBXFileReference; lastKnownFileType = sourcecode.java; path = Button.java; sourceTree = "<group>"; };
		CED023761680AC0300061AA8 /* ButtonLayoutEditor.java */ = {isa = PBXFileReference; lastKnownFileType = sourcecode.java; path = ButtonLayoutEditor.java; sourceTree = "<group>"; };
		CED023771680AC0300061AA8 /* Cheats.java */ = {isa = PBXFileReference; lastKnownFileType = sourcecode.java; path = Cheats.java; sourceTree = "<group>"; };
		CED023781680AC0300061AA8 /* Controls.java */ = {isa = PBXFileReference; lastKnownFileType = sourcecode.java; path = Controls.java; sourceTree = "<group>"; };
		CED023791680AC0300061AA8 /* DeSmuME.java */ = {isa = PBXFileReference; lastKnownFileType = sourcecode.java; path = DeSmuME.java; sourceTree = "<group>"; };
		CED0237A1680AC0300061AA8 /* DrawingThread.java */ = {isa = PBXFileReference; lastKnownFileType = sourcecode.java; path = DrawingThread.java; sourceTree = "<group>"; };
		CED0237B1680AC0300061AA8 /* ds4droidApplication.java */ = {isa = PBXFileReference; lastKnownFileType = sourcecode.java; path = ds4droidApplication.java; sourceTree = "<group>"; };
		CED0237C1680AC0300061AA8 /* EmulatorThread.java */ = {isa = PBXFileReference; lastKnownFileType = sourcecode.java; path = EmulatorThread.java; sourceTree = "<group>"; };
		CED0237D1680AC0300061AA8 /* FileDialog.java */ = {isa = PBXFileReference; lastKnownFileType = sourcecode.java; path = FileDialog.java; sourceTree = "<group>"; };
		CED0237E1680AC0300061AA8 /* KeyMapPreference.java */ = {isa = PBXFileReference; lastKnownFileType = sourcecode.java; path = KeyMapPreference.java; sourceTree = "<group>"; };
		CED0237F1680AC0300061AA8 /* KeyMapSettings.java */ = {isa = PBXFileReference; lastKnownFileType = sourcecode.java; path = KeyMapSettings.java; sourceTree = "<group>"; };
		CED023801680AC0300061AA8 /* MainActivity.java */ = {isa = PBXFileReference; lastKnownFileType = sourcecode.java; path = MainActivity.java; sourceTree = "<group>"; };
		CED023811680AC0300061AA8 /* Settings.java */ = {isa = PBXFileReference; lastKnownFileType = sourcecode.java; path = Settings.java; sourceTree = "<group>"; };
		CED023821680AC0300061AA8 /* TransparencyPreference.java */ = {isa = PBXFileReference; lastKnownFileType = sourcecode.java; path = TransparencyPreference.java; sourceTree = "<group>"; };
		CED023831680AD2800061AA8 /* emu.cpp */ = {isa = PBXFileReference; fileEncoding = 4; lastKnownFileType = sourcecode.cpp.cpp; path = emu.cpp; sourceTree = "<group>"; };
		CED023841680AD2800061AA8 /* emu.h */ = {isa = PBXFileReference; fileEncoding = 4; lastKnownFileType = sourcecode.c.h; path = emu.h; sourceTree = "<group>"; };
		CED023861680AEF400061AA8 /* 7zip.cpp */ = {isa = PBXFileReference; lastKnownFileType = sourcecode.cpp.cpp; name = 7zip.cpp; path = "nds4droid-code/jni/desmume/src/android/7zip.cpp"; sourceTree = "<group>"; };
		CED023871680B07500061AA8 /* OpenArchive.cpp */ = {isa = PBXFileReference; lastKnownFileType = sourcecode.cpp.cpp; name = OpenArchive.cpp; path = "nds4droid-code/jni/desmume/src/android/OpenArchive.cpp"; sourceTree = "<group>"; };
		CEEBA1F11684BD0600613311 /* agg_neon.mk */ = {isa = PBXFileReference; lastKnownFileType = text; name = agg_neon.mk; path = "nds4droid-code/jni/desmume/src/android/agg/agg_neon.mk"; sourceTree = "<group>"; };
/* End PBXFileReference section */

/* Begin PBXFrameworksBuildPhase section */
		CEC742F616776248006D193E /* Frameworks */ = {
			isa = PBXFrameworksBuildPhase;
			buildActionMask = 2147483647;
			files = (
				CEB894521682097D00F8A7DB /* QuartzCore.framework in Frameworks */,
				CEC745C816777162006D193E /* libz.dylib in Frameworks */,
				CEC745BD16776EE5006D193E /* GLKit.framework in Frameworks */,
				CEC745BE16776EE5006D193E /* OpenGLES.framework in Frameworks */,
				CEC742FE16776248006D193E /* UIKit.framework in Frameworks */,
				CEC7430016776248006D193E /* Foundation.framework in Frameworks */,
				CEC7430216776248006D193E /* CoreGraphics.framework in Frameworks */,
			);
			runOnlyForDeploymentPostprocessing = 0;
		};
/* End PBXFrameworksBuildPhase section */

/* Begin PBXGroup section */
		CE3FA4E41683534F007CD53C /* math */ = {
			isa = PBXGroup;
			children = (
				CE3FA4E116835348007CD53C /* matrix_impl.cpp */,
				CE3FA4E216835348007CD53C /* matrix_impl.h */,
				CE3FA4E516835386007CD53C /* common_macros.h */,
				CE3FA4E6168353AF007CD53C /* vfp_clobbers.h */,
			);
			name = math;
			sourceTree = "<group>";
		};
		CEB89453168214C100F8A7DB /* gles */ = {
			isa = PBXGroup;
			children = (
				CEB89454168214C100F8A7DB /* font.h */,
				CEB89455168214C100F8A7DB /* gles_render.c */,
				CEB89456168214C100F8A7DB /* gles_render.h */,
				CEB89457168214C100F8A7DB /* importgl.c */,
				CEB89458168214C100F8A7DB /* importgl.h */,
			);
			name = gles;
			path = "../../../../../Volumes/VMware Shared Folders/Share/gles";
			sourceTree = "<group>";
		};
		CEC742EE16776248006D193E = {
			isa = PBXGroup;
			children = (
				CEB89453168214C100F8A7DB /* gles */,
				CED023741680AC0300061AA8 /* ds4droid */,
				CED023871680B07500061AA8 /* OpenArchive.cpp */,
				CED023861680AEF400061AA8 /* 7zip.cpp */,
				CEC745D2167776A6006D193E /* video.h */,
				CEC745C21677706A006D193E /* mic.cpp */,
				CEC745C01677705F006D193E /* sndopensl.cpp */,
				CEC745C11677705F006D193E /* throttle.cpp */,
				CEC745BF16776FB1006D193E /* main.cpp */,
				CEEBA1F11684BD0600613311 /* agg_neon.mk */,
				CEC7432116776330006D193E /* desmume_v7.mk */,
				CE3FA49316834FC4007CD53C /* desmume_neon.mk */,
				CE3FA4E41683534F007CD53C /* math */,
				CEC74322167763C7006D193E /* aggcompat */,
				CEC743201677631D006D193E /* Desmume */,
				CEC7430316776248006D193E /* nds4ios */,
				CEC742FC16776248006D193E /* Frameworks */,
				CEC742FA16776248006D193E /* Products */,
			);
			sourceTree = "<group>";
		};
		CEC742FA16776248006D193E /* Products */ = {
			isa = PBXGroup;
			children = (
				CEC742F916776248006D193E /* nds4ios.app */,
			);
			name = Products;
			sourceTree = "<group>";
		};
		CEC742FC16776248006D193E /* Frameworks */ = {
			isa = PBXGroup;
			children = (
				CEB894511682097D00F8A7DB /* QuartzCore.framework */,
				CEC745C716777162006D193E /* libz.dylib */,
				CEC745BB16776EE5006D193E /* GLKit.framework */,
				CEC745BC16776EE5006D193E /* OpenGLES.framework */,
				CEC742FD16776248006D193E /* UIKit.framework */,
				CEC742FF16776248006D193E /* Foundation.framework */,
				CEC7430116776248006D193E /* CoreGraphics.framework */,
			);
			name = Frameworks;
			sourceTree = "<group>";
		};
		CEC7430316776248006D193E /* nds4ios */ = {
			isa = PBXGroup;
			children = (
				CECEB5511683438A0093204D /* RomsViewController.m */,
				CECEB5501683438A0093204D /* RomsViewController.h */,
				CECEB5521683438A0093204D /* RomsViewController.xib */,
				CEC7431616776248006D193E /* EmuViewController.mm */,
				CEC7431516776248006D193E /* EmuViewController.h */,
				CEC7431816776248006D193E /* EmuViewController.xib */,
				CED023831680AD2800061AA8 /* emu.cpp */,
				CED023841680AD2800061AA8 /* emu.h */,
				CEC745CF16777364006D193E /* throttle.cpp */,
				CEC745D016777364006D193E /* throttle.h */,
				CEC7430D16776248006D193E /* AppDelegate.m */,
				CEC7430C16776248006D193E /* AppDelegate.h */,
				CEC7430416776248006D193E /* Supporting Files */,
			);
			path = nds4ios;
			sourceTree = "<group>";
		};
		CEC7430416776248006D193E /* Supporting Files */ = {
			isa = PBXGroup;
			children = (
				CEC7430516776248006D193E /* nds4ios-Info.plist */,
				CEC7430616776248006D193E /* InfoPlist.strings */,
				CEC7430916776248006D193E /* main.m */,
				CEC7430B16776248006D193E /* nds4ios-Prefix.pch */,
				CEC7430F16776248006D193E /* Default.png */,
				CEC7431116776248006D193E /* Default@2x.png */,
				CEC7431316776248006D193E /* Default-568h@2x.png */,
			);
			name = "Supporting Files";
			sourceTree = "<group>";
		};
		CEC743201677631D006D193E /* Desmume */ = {
			isa = PBXGroup;
			children = (
				CEC745C316777114006D193E /* metaspu */,
				CEC7455F16776BFF006D193E /* utils */,
				CEC7454616776BEB006D193E /* addons */,
				CEC744DB16776BE0006D193E /* addons.cpp */,
				CEC744DC16776BE0006D193E /* addons.h */,
				CEC744DD16776BE0006D193E /* aggdraw.cpp */,
				CEC744DE16776BE0006D193E /* aggdraw.h */,
				CEC744DF16776BE0006D193E /* arm_instructions.cpp */,
				CEC744E016776BE0006D193E /* arm_instructions.h */,
				CEC744E116776BE0006D193E /* armcpu.cpp */,
				CEC744E216776BE0006D193E /* armcpu.h */,
				CEC744E316776BE0006D193E /* bios.cpp */,
				CEC744E416776BE0006D193E /* bios.h */,
				CEC744E516776BE0006D193E /* cheatSystem.cpp */,
				CEC744E616776BE0006D193E /* cheatSystem.h */,
				CEC744E716776BE0006D193E /* common.cpp */,
				CEC744E816776BE0006D193E /* common.h */,
				CEC744E916776BE0006D193E /* cp15.cpp */,
				CEC744EA16776BE0006D193E /* cp15.h */,
				CEC744EB16776BE0006D193E /* debug.cpp */,
				CEC744EC16776BE0006D193E /* debug.h */,
				CEC744ED16776BE0006D193E /* driver.cpp */,
				CEC744EE16776BE0006D193E /* driver.h */,
				CEC744EF16776BE0006D193E /* emufile.cpp */,
				CEC744F016776BE0006D193E /* emufile.h */,
				CEC744F116776BE0006D193E /* FIFO.cpp */,
				CEC744F216776BE0006D193E /* FIFO.h */,
				CEC744F316776BE0006D193E /* firmware.cpp */,
				CEC744F416776BE0006D193E /* firmware.h */,
				CEC744F516776BE0006D193E /* fs-linux.cpp */,
				CEC744F616776BE0006D193E /* gfx3d.cpp */,
				CEC744F716776BE0006D193E /* gfx3d.h */,
				CEC744F816776BE0006D193E /* GPU_osd.cpp */,
				CEC744F916776BE0006D193E /* GPU_osd.h */,
				CEC744FA16776BE0006D193E /* GPU.cpp */,
				CEC744FB16776BE0006D193E /* GPU.h */,
				CEC744FC16776BE0006D193E /* matrix.cpp */,
				CEC744FD16776BE0006D193E /* matrix.h */,
				CEC744FE16776BE0006D193E /* mc.cpp */,
				CEC744FF16776BE0006D193E /* mc.h */,
				CEC7450016776BE0006D193E /* MMU.cpp */,
				CEC7450116776BE0006D193E /* MMU.h */,
				CEC7450216776BE0006D193E /* movie.cpp */,
				CEC7450316776BE0006D193E /* movie.h */,
				CEC7450416776BE0006D193E /* NDSSystem.cpp */,
				CEC7450516776BE0006D193E /* NDSSystem.h */,
				CEC7450616776BE0006D193E /* OGLRender.cpp */,
				CEC7450716776BE0006D193E /* OGLRender.h */,
				CEC7450816776BE0006D193E /* path.cpp */,
				CEC7450916776BE0006D193E /* path.h */,
				CEC7450A16776BE0006D193E /* rasterize.cpp */,
				CEC7450B16776BE0006D193E /* rasterize.h */,
				CEC7450C16776BE0006D193E /* readwrite.cpp */,
				CEC7450D16776BE0006D193E /* readwrite.h */,
				CEC7450E16776BE0006D193E /* render3D.cpp */,
				CEC7450F16776BE0006D193E /* render3D.h */,
				CEC7451016776BE0006D193E /* ROMReader.cpp */,
				CEC7451116776BE0006D193E /* ROMReader.h */,
				CEC7451216776BE0006D193E /* rtc.cpp */,
				CEC7451316776BE0006D193E /* rtc.h */,
				CEC7451416776BE0006D193E /* saves.cpp */,
				CEC7451516776BE0006D193E /* saves.h */,
				CEC7451616776BE0006D193E /* slot1.cpp */,
				CEC7451716776BE0006D193E /* slot1.h */,
				CEC7451816776BE0006D193E /* SPU.cpp */,
				CEC7451916776BE0006D193E /* SPU.h */,
				CEC7451A16776BE0006D193E /* texcache.cpp */,
				CEC7451B16776BE0006D193E /* texcache.h */,
				CEC7451C16776BE0006D193E /* thumb_instructions.cpp */,
				CEC7451D16776BE0006D193E /* thumb_instructions.h */,
				CEC7451E16776BE0006D193E /* version.cpp */,
				CEC7451F16776BE0006D193E /* version.h */,
				CEC7452016776BE0006D193E /* wifi.cpp */,
				CEC7452116776BE0006D193E /* wifi.h */,
			);
			name = Desmume;
			sourceTree = "<group>";
		};
		CEC74322167763C7006D193E /* aggcompat */ = {
			isa = PBXGroup;
			children = (
				CEC744C416776A00006D193E /* ctrl */,
				CEC744D916776AC3006D193E /* agg_arc.cpp */,
				CEC74494167769EB006D193E /* agg_arrowhead.cpp */,
				CEC74495167769EB006D193E /* agg_bezier_arc.cpp */,
				CEC74496167769EB006D193E /* agg_bspline.cpp */,
				CEC74497167769EB006D193E /* agg_curves.cpp */,
				CEC74498167769EB006D193E /* agg_embedded_raster_fonts.cpp */,
				CEC74499167769EB006D193E /* agg_gsv_text.cpp */,
				CEC7449A167769EB006D193E /* agg_image_filters.cpp */,
				CEC7449B167769EB006D193E /* agg_line_aa_basics.cpp */,
				CEC7449C167769EB006D193E /* agg_line_profile_aa.cpp */,
				CEC7449D167769EB006D193E /* agg_rounded_rect.cpp */,
				CEC7449E167769EB006D193E /* agg_sqrt_tables.cpp */,
				CEC7449F167769EB006D193E /* agg_trans_affine.cpp */,
				CEC744A0167769EB006D193E /* agg_trans_double_path.cpp */,
				CEC744A1167769EB006D193E /* agg_trans_single_path.cpp */,
				CEC744A2167769EB006D193E /* agg_trans_warp_magnifier.cpp */,
				CEC744A3167769EB006D193E /* agg_vcgen_bspline.cpp */,
				CEC744A4167769EB006D193E /* agg_vcgen_contour.cpp */,
				CEC744A5167769EB006D193E /* agg_vcgen_dash.cpp */,
				CEC744A6167769EB006D193E /* agg_vcgen_markers_term.cpp */,
				CEC744A7167769EB006D193E /* agg_vcgen_smooth_poly1.cpp */,
				CEC744A8167769EB006D193E /* agg_vcgen_stroke.cpp */,
				CEC744A9167769EB006D193E /* agg_vpgen_clip_polygon.cpp */,
				CEC744AA167769EB006D193E /* agg_vpgen_clip_polyline.cpp */,
				CEC744AB167769EB006D193E /* agg_vpgen_segmentator.cpp */,
			);
			name = aggcompat;
			sourceTree = "<group>";
		};
		CEC744C416776A00006D193E /* ctrl */ = {
			isa = PBXGroup;
			children = (
				CEC744C516776A00006D193E /* agg_bezier_ctrl.cpp */,
				CEC744C616776A00006D193E /* agg_cbox_ctrl.cpp */,
				CEC744C716776A00006D193E /* agg_gamma_ctrl.cpp */,
				CEC744C816776A00006D193E /* agg_gamma_spline.cpp */,
				CEC744C916776A00006D193E /* agg_polygon_ctrl.cpp */,
				CEC744CA16776A00006D193E /* agg_rbox_ctrl.cpp */,
				CEC744CB16776A00006D193E /* agg_scale_ctrl.cpp */,
				CEC744CC16776A00006D193E /* agg_slider_ctrl.cpp */,
				CEC744CD16776A00006D193E /* agg_spline_ctrl.cpp */,
			);
			name = ctrl;
			path = "nds4droid-code/jni/desmume/src/android/agg/src/ctrl";
			sourceTree = "<group>";
		};
		CEC7454616776BEB006D193E /* addons */ = {
			isa = PBXGroup;
			children = (
				CEC7454716776BF6006D193E /* slot1_none.cpp */,
				CEC7454816776BF6006D193E /* slot1_r4.cpp */,
				CEC7454916776BF6006D193E /* slot1_retail_nand.cpp */,
				CEC7454A16776BF6006D193E /* slot1_retail.cpp */,
				CEC7454B16776BF6006D193E /* slot2_expMemory.cpp */,
				CEC7454C16776BF6006D193E /* slot2_gbagame.cpp */,
				CEC7454D16776BF6006D193E /* slot2_guitarGrip.cpp */,
				CEC7454E16776BF6006D193E /* slot2_mpcf.cpp */,
				CEC7454F16776BF6006D193E /* slot2_none.cpp */,
				CEC7455016776BF6006D193E /* slot2_paddle.cpp */,
				CEC7455116776BF6006D193E /* slot2_piano.cpp */,
				CEC7455216776BF6006D193E /* slot2_rumblepak.cpp */,
			);
			name = addons;
			sourceTree = "<group>";
		};
		CEC7455F16776BFF006D193E /* utils */ = {
			isa = PBXGroup;
			children = (
				CEC7456A16776C30006D193E /* libfat */,
				CEC7458616776C30006D193E /* tinyxml */,
				CEC7456016776C11006D193E /* decrypt */,
				CEC7459C16776C86006D193E /* ConvertUTF.c */,
				CEC7459D16776C86006D193E /* ConvertUTF.h */,
				CEC7459E16776C86006D193E /* datetime.cpp */,
				CEC7459F16776C86006D193E /* datetime.h */,
				CEC745A016776C86006D193E /* dlditool.cpp */,
				CEC745A116776C86006D193E /* emufat.cpp */,
				CEC745A216776C86006D193E /* emufat.h */,
				CEC745A316776C86006D193E /* guid.cpp */,
				CEC745A416776C86006D193E /* guid.h */,
				CEC745A516776C86006D193E /* task.cpp */,
				CEC745A616776C86006D193E /* task.h */,
				CEC745A716776C86006D193E /* vfat.cpp */,
				CEC745A816776C86006D193E /* vfat.h */,
				CEC745A916776C86006D193E /* xstring.cpp */,
				CEC745AA16776C86006D193E /* xstring.h */,
			);
			name = utils;
			sourceTree = "<group>";
		};
		CEC7456016776C11006D193E /* decrypt */ = {
			isa = PBXGroup;
			children = (
				CEC7456116776C1C006D193E /* crc.cpp */,
				CEC7456216776C1C006D193E /* crc.h */,
				CEC7456316776C1C006D193E /* decrypt.cpp */,
				CEC7456416776C1C006D193E /* decrypt.h */,
				CEC7456516776C1C006D193E /* header.cpp */,
				CEC7456616776C1C006D193E /* header.h */,
			);
			name = decrypt;
			sourceTree = "<group>";
		};
		CEC7456A16776C30006D193E /* libfat */ = {
			isa = PBXGroup;
			children = (
				CEC7456B16776C30006D193E /* bit_ops.h */,
				CEC7456C16776C30006D193E /* cache.cpp */,
				CEC7456D16776C30006D193E /* cache.h */,
				CEC7456E16776C30006D193E /* common.h */,
				CEC7456F16776C30006D193E /* directory.cpp */,
				CEC7457016776C30006D193E /* directory.h */,
				CEC7457116776C30006D193E /* disc.cpp */,
				CEC7457216776C30006D193E /* disc.h */,
				CEC7457316776C30006D193E /* disc_io.h */,
				CEC7457416776C30006D193E /* fat.h */,
				CEC7457516776C30006D193E /* fatdir.cpp */,
				CEC7457616776C30006D193E /* fatdir.h */,
				CEC7457716776C30006D193E /* fatfile.cpp */,
				CEC7457816776C30006D193E /* fatfile.h */,
				CEC7457916776C30006D193E /* file_allocation_table.cpp */,
				CEC7457A16776C30006D193E /* file_allocation_table.h */,
				CEC7457B16776C30006D193E /* filetime.cpp */,
				CEC7457C16776C30006D193E /* filetime.h */,
				CEC7457D16776C30006D193E /* libfat.cpp */,
				CEC7457E16776C30006D193E /* libfat_pc.h */,
				CEC7457F16776C30006D193E /* libfat_public_api.cpp */,
				CEC7458016776C30006D193E /* libfat_public_api.h */,
				CEC7458116776C30006D193E /* lock.cpp */,
				CEC7458216776C30006D193E /* lock.h */,
				CEC7458316776C30006D193E /* mem_allocate.h */,
				CEC7458416776C30006D193E /* partition.cpp */,
				CEC7458516776C30006D193E /* partition.h */,
			);
			name = libfat;
			path = "nds4droid-code/jni/desmume/src/utils/libfat";
			sourceTree = "<group>";
		};
		CEC7458616776C30006D193E /* tinyxml */ = {
			isa = PBXGroup;
			children = (
				CEC7458716776C30006D193E /* tinystr.cpp */,
				CEC7458816776C30006D193E /* tinystr.h */,
				CEC7458916776C30006D193E /* tinyxml.cpp */,
				CEC7458A16776C30006D193E /* tinyxml.h */,
				CEC7458B16776C30006D193E /* tinyxmlerror.cpp */,
				CEC7458C16776C30006D193E /* tinyxmlparser.cpp */,
			);
			name = tinyxml;
			path = "nds4droid-code/jni/desmume/src/utils/tinyxml";
			sourceTree = "<group>";
		};
		CEC745C316777114006D193E /* metaspu */ = {
			isa = PBXGroup;
			children = (
				CEC745C41677711B006D193E /* metaspu.cpp */,
				CEC745C51677711B006D193E /* metaspu.h */,
			);
			name = metaspu;
			sourceTree = "<group>";
		};
		CED023741680AC0300061AA8 /* ds4droid */ = {
			isa = PBXGroup;
			children = (
				CED023751680AC0300061AA8 /* Button.java */,
				CED023761680AC0300061AA8 /* ButtonLayoutEditor.java */,
				CED023771680AC0300061AA8 /* Cheats.java */,
				CED023781680AC0300061AA8 /* Controls.java */,
				CED023791680AC0300061AA8 /* DeSmuME.java */,
				CED0237A1680AC0300061AA8 /* DrawingThread.java */,
				CED0237B1680AC0300061AA8 /* ds4droidApplication.java */,
				CED0237C1680AC0300061AA8 /* EmulatorThread.java */,
				CED0237D1680AC0300061AA8 /* FileDialog.java */,
				CED0237E1680AC0300061AA8 /* KeyMapPreference.java */,
				CED0237F1680AC0300061AA8 /* KeyMapSettings.java */,
				CED023801680AC0300061AA8 /* MainActivity.java */,
				CED023811680AC0300061AA8 /* Settings.java */,
				CED023821680AC0300061AA8 /* TransparencyPreference.java */,
			);
			name = ds4droid;
			path = "nds4droid-code/src/com/opendoorstudios/ds4droid";
			sourceTree = "<group>";
		};
/* End PBXGroup section */

/* Begin PBXNativeTarget section */
		CEC742F816776248006D193E /* nds4ios */ = {
			isa = PBXNativeTarget;
			buildConfigurationList = CEC7431D16776248006D193E /* Build configuration list for PBXNativeTarget "nds4ios" */;
			buildPhases = (
				CEC742F516776248006D193E /* Sources */,
				CEC742F616776248006D193E /* Frameworks */,
				CEC742F716776248006D193E /* Resources */,
			);
			buildRules = (
			);
			dependencies = (
			);
			name = nds4ios;
			productName = nds4ios;
			productReference = CEC742F916776248006D193E /* nds4ios.app */;
			productType = "com.apple.product-type.application";
		};
/* End PBXNativeTarget section */

/* Begin PBXProject section */
		CEC742F016776248006D193E /* Project object */ = {
			isa = PBXProject;
			attributes = {
				LastUpgradeCheck = 0450;
				ORGANIZATIONNAME = Homebrew;
			};
			buildConfigurationList = CEC742F316776248006D193E /* Build configuration list for PBXProject "nds4ios" */;
			compatibilityVersion = "Xcode 3.2";
			developmentRegion = English;
			hasScannedForEncodings = 0;
			knownRegions = (
				en,
			);
			mainGroup = CEC742EE16776248006D193E;
			productRefGroup = CEC742FA16776248006D193E /* Products */;
			projectDirPath = "";
			projectRoot = "";
			targets = (
				CEC742F816776248006D193E /* nds4ios */,
			);
		};
/* End PBXProject section */

/* Begin PBXResourcesBuildPhase section */
		CEC742F716776248006D193E /* Resources */ = {
			isa = PBXResourcesBuildPhase;
			buildActionMask = 2147483647;
			files = (
				CEC7430816776248006D193E /* InfoPlist.strings in Resources */,
				CEC7431016776248006D193E /* Default.png in Resources */,
				CEC7431216776248006D193E /* Default@2x.png in Resources */,
				CEC7431416776248006D193E /* Default-568h@2x.png in Resources */,
				CEC7431A16776248006D193E /* EmuViewController.xib in Resources */,
				CECEB5541683438A0093204D /* RomsViewController.xib in Resources */,
				CE3FA49416834FC4007CD53C /* desmume_neon.mk in Resources */,
			);
			runOnlyForDeploymentPostprocessing = 0;
		};
/* End PBXResourcesBuildPhase section */

/* Begin PBXSourcesBuildPhase section */
		CEC742F516776248006D193E /* Sources */ = {
			isa = PBXSourcesBuildPhase;
			buildActionMask = 2147483647;
			files = (
				CEC7430A16776248006D193E /* main.m in Sources */,
				CEC7430E16776248006D193E /* AppDelegate.m in Sources */,
				CEC7431716776248006D193E /* EmuViewController.mm in Sources */,
				CEC744AC167769EB006D193E /* agg_arrowhead.cpp in Sources */,
				CEC744AD167769EB006D193E /* agg_bezier_arc.cpp in Sources */,
				CEC744AE167769EB006D193E /* agg_bspline.cpp in Sources */,
				CEC744AF167769EB006D193E /* agg_curves.cpp in Sources */,
				CEC744B0167769EB006D193E /* agg_embedded_raster_fonts.cpp in Sources */,
				CEC744B1167769EB006D193E /* agg_gsv_text.cpp in Sources */,
				CEC744B2167769EB006D193E /* agg_image_filters.cpp in Sources */,
				CEC744B3167769EB006D193E /* agg_line_aa_basics.cpp in Sources */,
				CEC744B4167769EB006D193E /* agg_line_profile_aa.cpp in Sources */,
				CEC744B5167769EB006D193E /* agg_rounded_rect.cpp in Sources */,
				CEC744B6167769EB006D193E /* agg_sqrt_tables.cpp in Sources */,
				CEC744B7167769EB006D193E /* agg_trans_affine.cpp in Sources */,
				CEC744B8167769EB006D193E /* agg_trans_double_path.cpp in Sources */,
				CEC744B9167769EB006D193E /* agg_trans_single_path.cpp in Sources */,
				CEC744BA167769EB006D193E /* agg_trans_warp_magnifier.cpp in Sources */,
				CEC744BB167769EB006D193E /* agg_vcgen_bspline.cpp in Sources */,
				CEC744BC167769EB006D193E /* agg_vcgen_contour.cpp in Sources */,
				CEC744BD167769EB006D193E /* agg_vcgen_dash.cpp in Sources */,
				CEC744BE167769EB006D193E /* agg_vcgen_markers_term.cpp in Sources */,
				CEC744BF167769EB006D193E /* agg_vcgen_smooth_poly1.cpp in Sources */,
				CEC744C0167769EB006D193E /* agg_vcgen_stroke.cpp in Sources */,
				CEC744C1167769EB006D193E /* agg_vpgen_clip_polygon.cpp in Sources */,
				CEC744C2167769EB006D193E /* agg_vpgen_clip_polyline.cpp in Sources */,
				CEC744C3167769EB006D193E /* agg_vpgen_segmentator.cpp in Sources */,
				CEC744CF16776A00006D193E /* agg_bezier_ctrl.cpp in Sources */,
				CEC744D016776A00006D193E /* agg_cbox_ctrl.cpp in Sources */,
				CEC744D116776A00006D193E /* agg_gamma_ctrl.cpp in Sources */,
				CEC744D216776A00006D193E /* agg_gamma_spline.cpp in Sources */,
				CEC744D316776A00006D193E /* agg_polygon_ctrl.cpp in Sources */,
				CEC744D416776A00006D193E /* agg_rbox_ctrl.cpp in Sources */,
				CEC744D516776A00006D193E /* agg_scale_ctrl.cpp in Sources */,
				CEC744D616776A00006D193E /* agg_slider_ctrl.cpp in Sources */,
				CEC744D716776A00006D193E /* agg_spline_ctrl.cpp in Sources */,
				CEC744DA16776AC3006D193E /* agg_arc.cpp in Sources */,
				CEC7452216776BE0006D193E /* addons.cpp in Sources */,
				CEC7452316776BE0006D193E /* aggdraw.cpp in Sources */,
				CEC7452416776BE0006D193E /* arm_instructions.cpp in Sources */,
				CEC7452516776BE0006D193E /* armcpu.cpp in Sources */,
				CEC7452616776BE0006D193E /* bios.cpp in Sources */,
				CEC7452716776BE0006D193E /* cheatSystem.cpp in Sources */,
				CEC7452816776BE0006D193E /* common.cpp in Sources */,
				CEC7452916776BE0006D193E /* cp15.cpp in Sources */,
				CEC7452A16776BE0006D193E /* debug.cpp in Sources */,
				CEC7452B16776BE0006D193E /* driver.cpp in Sources */,
				CEC7452C16776BE0006D193E /* emufile.cpp in Sources */,
				CEC7452D16776BE0006D193E /* FIFO.cpp in Sources */,
				CEC7452E16776BE0006D193E /* firmware.cpp in Sources */,
				CEC7452F16776BE0006D193E /* fs-linux.cpp in Sources */,
				CEC7453016776BE0006D193E /* gfx3d.cpp in Sources */,
				CEC7453116776BE0006D193E /* GPU_osd.cpp in Sources */,
				CEC7453216776BE0006D193E /* GPU.cpp in Sources */,
				CEC7453316776BE0006D193E /* matrix.cpp in Sources */,
				CEC7453416776BE0006D193E /* mc.cpp in Sources */,
				CEC7453516776BE0006D193E /* MMU.cpp in Sources */,
				CEC7453616776BE0006D193E /* movie.cpp in Sources */,
				CEC7453716776BE0006D193E /* NDSSystem.cpp in Sources */,
				CEC7453816776BE0006D193E /* OGLRender.cpp in Sources */,
				CEC7453916776BE0006D193E /* path.cpp in Sources */,
				CEC7453A16776BE0006D193E /* rasterize.cpp in Sources */,
				CEC7453B16776BE0006D193E /* readwrite.cpp in Sources */,
				CEC7453C16776BE0006D193E /* render3D.cpp in Sources */,
				CEC7453D16776BE0006D193E /* ROMReader.cpp in Sources */,
				CEC7453E16776BE0006D193E /* rtc.cpp in Sources */,
				CEC7453F16776BE0006D193E /* saves.cpp in Sources */,
				CEC7454016776BE0006D193E /* slot1.cpp in Sources */,
				CEC7454116776BE0006D193E /* SPU.cpp in Sources */,
				CEC7454216776BE0006D193E /* texcache.cpp in Sources */,
				CEC7454316776BE0006D193E /* thumb_instructions.cpp in Sources */,
				CEC7454416776BE0006D193E /* version.cpp in Sources */,
				CEC7454516776BE0006D193E /* wifi.cpp in Sources */,
				CEC7455316776BF6006D193E /* slot1_none.cpp in Sources */,
				CEC7455416776BF6006D193E /* slot1_r4.cpp in Sources */,
				CEC7455516776BF6006D193E /* slot1_retail_nand.cpp in Sources */,
				CEC7455616776BF6006D193E /* slot1_retail.cpp in Sources */,
				CEC7455716776BF6006D193E /* slot2_expMemory.cpp in Sources */,
				CEC7455816776BF6006D193E /* slot2_gbagame.cpp in Sources */,
				CEC7455916776BF6006D193E /* slot2_guitarGrip.cpp in Sources */,
				CEC7455A16776BF6006D193E /* slot2_mpcf.cpp in Sources */,
				CEC7455B16776BF6006D193E /* slot2_none.cpp in Sources */,
				CEC7455C16776BF6006D193E /* slot2_paddle.cpp in Sources */,
				CEC7455D16776BF6006D193E /* slot2_piano.cpp in Sources */,
				CEC7455E16776BF6006D193E /* slot2_rumblepak.cpp in Sources */,
				CEC7456716776C1C006D193E /* crc.cpp in Sources */,
				CEC7456816776C1C006D193E /* decrypt.cpp in Sources */,
				CEC7456916776C1C006D193E /* header.cpp in Sources */,
				CEC7458D16776C30006D193E /* cache.cpp in Sources */,
				CEC7458E16776C30006D193E /* directory.cpp in Sources */,
				CEC7458F16776C30006D193E /* disc.cpp in Sources */,
				CEC7459016776C30006D193E /* fatdir.cpp in Sources */,
				CEC7459116776C30006D193E /* fatfile.cpp in Sources */,
				CEC7459216776C30006D193E /* file_allocation_table.cpp in Sources */,
				CEC7459316776C30006D193E /* filetime.cpp in Sources */,
				CEC7459416776C30006D193E /* libfat.cpp in Sources */,
				CEC7459516776C30006D193E /* libfat_public_api.cpp in Sources */,
				CEC7459616776C30006D193E /* lock.cpp in Sources */,
				CEC7459716776C30006D193E /* partition.cpp in Sources */,
				CEC7459816776C30006D193E /* tinystr.cpp in Sources */,
				CEC7459916776C30006D193E /* tinyxml.cpp in Sources */,
				CEC7459A16776C30006D193E /* tinyxmlerror.cpp in Sources */,
				CEC7459B16776C30006D193E /* tinyxmlparser.cpp in Sources */,
				CEC745AB16776C86006D193E /* ConvertUTF.c in Sources */,
				CEC745AC16776C86006D193E /* datetime.cpp in Sources */,
				CEC745AD16776C86006D193E /* dlditool.cpp in Sources */,
				CEC745AE16776C86006D193E /* emufat.cpp in Sources */,
				CEC745AF16776C86006D193E /* guid.cpp in Sources */,
				CEC745B016776C86006D193E /* task.cpp in Sources */,
				CEC745B116776C86006D193E /* vfat.cpp in Sources */,
				CEC745B216776C86006D193E /* xstring.cpp in Sources */,
				CEC745C61677711B006D193E /* metaspu.cpp in Sources */,
				CEC745D116777364006D193E /* throttle.cpp in Sources */,
				CED023851680AD2800061AA8 /* emu.cpp in Sources */,
				CECEB5531683438A0093204D /* RomsViewController.m in Sources */,
				CE3FA4E316835348007CD53C /* matrix_impl.cpp in Sources */,
			);
			runOnlyForDeploymentPostprocessing = 0;
		};
/* End PBXSourcesBuildPhase section */

/* Begin PBXVariantGroup section */
		CEC7430616776248006D193E /* InfoPlist.strings */ = {
			isa = PBXVariantGroup;
			children = (
				CEC7430716776248006D193E /* en */,
			);
			name = InfoPlist.strings;
			sourceTree = "<group>";
		};
		CEC7431816776248006D193E /* EmuViewController.xib */ = {
			isa = PBXVariantGroup;
			children = (
				CEC7431916776248006D193E /* en */,
			);
			name = EmuViewController.xib;
			sourceTree = "<group>";
		};
/* End PBXVariantGroup section */

/* Begin XCBuildConfiguration section */
		CEC7431B16776248006D193E /* Debug */ = {
			isa = XCBuildConfiguration;
			buildSettings = {
				ALWAYS_SEARCH_USER_PATHS = NO;
				CLANG_CXX_LANGUAGE_STANDARD = "gnu++0x";
				CLANG_CXX_LIBRARY = "libc++";
				CLANG_WARN_EMPTY_BODY = YES;
				CLANG_WARN__DUPLICATE_METHOD_MATCH = YES;
				"CODE_SIGN_IDENTITY[sdk=iphoneos*]" = "iPhone Developer";
				COPY_PHASE_STRIP = NO;
				GCC_C_LANGUAGE_STANDARD = gnu99;
				GCC_DYNAMIC_NO_PIC = NO;
				GCC_OPTIMIZATION_LEVEL = 0;
				GCC_PREPROCESSOR_DEFINITIONS = (
					"DEBUG=1",
					"$(inherited)",
				);
				GCC_SYMBOLS_PRIVATE_EXTERN = NO;
				GCC_WARN_ABOUT_RETURN_TYPE = YES;
				GCC_WARN_UNINITIALIZED_AUTOS = YES;
				GCC_WARN_UNUSED_VARIABLE = YES;
				IPHONEOS_DEPLOYMENT_TARGET = 6.0;
				ONLY_ACTIVE_ARCH = YES;
				SDKROOT = iphoneos;
			};
			name = Debug;
		};
		CEC7431C16776248006D193E /* Release */ = {
			isa = XCBuildConfiguration;
			buildSettings = {
				ALWAYS_SEARCH_USER_PATHS = NO;
				CLANG_CXX_LANGUAGE_STANDARD = "gnu++0x";
				CLANG_CXX_LIBRARY = "libc++";
				CLANG_WARN_EMPTY_BODY = YES;
				CLANG_WARN__DUPLICATE_METHOD_MATCH = YES;
				"CODE_SIGN_IDENTITY[sdk=iphoneos*]" = "iPhone Developer";
				COPY_PHASE_STRIP = YES;
				GCC_C_LANGUAGE_STANDARD = gnu99;
				GCC_WARN_ABOUT_RETURN_TYPE = YES;
				GCC_WARN_UNINITIALIZED_AUTOS = YES;
				GCC_WARN_UNUSED_VARIABLE = YES;
				IPHONEOS_DEPLOYMENT_TARGET = 6.0;
				OTHER_CFLAGS = "-DNS_BLOCK_ASSERTIONS=1";
				SDKROOT = iphoneos;
				VALIDATE_PRODUCT = YES;
			};
			name = Release;
		};
		CEC7431E16776248006D193E /* Debug */ = {
			isa = XCBuildConfiguration;
			buildSettings = {
				CLANG_CXX_LANGUAGE_STANDARD = "compiler-default";
				CLANG_CXX_LIBRARY = "compiler-default";
				GCC_OPTIMIZATION_LEVEL = s;
				GCC_PRECOMPILE_PREFIX_HEADER = YES;
				GCC_PREFIX_HEADER = "nds4ios/nds4ios-Prefix.pch";
				GCC_PREPROCESSOR_DEFINITIONS = (
					"DEBUG=1",
					"$(inherited)",
					IOS,
				);
				HEADER_SEARCH_PATHS = (
					"$(SRCROOT)/nds4droid-code/jni/desmume/src/android/agg/include/**",
					"$(SRCROOT)/nds4droid-code/jni/desmume/src/android",
				);
				INFOPLIST_FILE = "nds4ios/nds4ios-Info.plist";
				IPHONEOS_DEPLOYMENT_TARGET = 4.3;
				OTHER_CFLAGS = (
					"-DANDROID",
					"-DHAVE_LIBAGG",
					"-fexceptions",
					"-ftree-vectorize",
					"-fsingle-precision-constant",
					"-fprefetch-loop-arrays",
					"-fvariable-expansion-in-unroller",
					"-DCOMPRESS_MT",
					"-DIOS",
				);
				PRODUCT_NAME = "$(TARGET_NAME)";
				WRAPPER_EXTENSION = app;
			};
			name = Debug;
		};
		CEC7431F16776248006D193E /* Release */ = {
			isa = XCBuildConfiguration;
			buildSettings = {
				CLANG_CXX_LANGUAGE_STANDARD = "compiler-default";
				CLANG_CXX_LIBRARY = "compiler-default";
				GCC_PRECOMPILE_PREFIX_HEADER = YES;
				GCC_PREFIX_HEADER = "nds4ios/nds4ios-Prefix.pch";
				HEADER_SEARCH_PATHS = (
					"$(SRCROOT)/nds4droid-code/jni/desmume/src/android/agg/include/**",
					"$(SRCROOT)/nds4droid-code/jni/desmume/src/android",
				);
				INFOPLIST_FILE = "nds4ios/nds4ios-Info.plist";
				IPHONEOS_DEPLOYMENT_TARGET = 4.3;
				OTHER_CFLAGS = (
					"-DNS_BLOCK_ASSERTIONS=1",
					"-DANDROID",
					"-DHAVE_LIBAGG",
					"-fexceptions",
					"-ftree-vectorize",
					"-fsingle-precision-constant",
					"-fprefetch-loop-arrays",
					"-fvariable-expansion-in-unroller",
					"-DCOMPRESS_MT",
					"-DIOS",
					"-DHAVE_NEON=1",
				);
				PRODUCT_NAME = "$(TARGET_NAME)";
				WRAPPER_EXTENSION = app;
			};
			name = Release;
		};
/* End XCBuildConfiguration section */

/* Begin XCConfigurationList section */
		CEC742F316776248006D193E /* Build configuration list for PBXProject "nds4ios" */ = {
			isa = XCConfigurationList;
			buildConfigurations = (
				CEC7431B16776248006D193E /* Debug */,
				CEC7431C16776248006D193E /* Release */,
			);
			defaultConfigurationIsVisible = 0;
			defaultConfigurationName = Release;
		};
		CEC7431D16776248006D193E /* Build configuration list for PBXNativeTarget "nds4ios" */ = {
			isa = XCConfigurationList;
			buildConfigurations = (
				CEC7431E16776248006D193E /* Debug */,
				CEC7431F16776248006D193E /* Release */,
			);
			defaultConfigurationIsVisible = 0;
			defaultConfigurationName = Release;
		};
/* End XCConfigurationList section */
	};
	rootObject = CEC742F016776248006D193E /* Project object */;
}
