// !$*UTF8*$!
{
	archiveVersion = 1;
	classes = {
	};
	objectVersion = 46;
	objects = {

/* Begin PBXBuildFile section */
		CE2EE5EE173F663B00786468 /* main.m in Sources */ = {isa = PBXBuildFile; fileRef = CE2EE5EC173F663B00786468 /* main.m */; };
		CE2EE5FD173F66E300786468 /* AppDelegate.m in Sources */ = {isa = PBXBuildFile; fileRef = CE2EE5F6173F66E300786468 /* AppDelegate.m */; };
		CE2EE5FE173F66E300786468 /* emu.cpp in Sources */ = {isa = PBXBuildFile; fileRef = CE2EE5F7173F66E300786468 /* emu.cpp */; };
		CE2EE5FF173F66E300786468 /* EmuViewController.mm in Sources */ = {isa = PBXBuildFile; fileRef = CE2EE5FA173F66E300786468 /* EmuViewController.mm */; };
		CE2EE600173F66E300786468 /* RomsViewController.m in Sources */ = {isa = PBXBuildFile; fileRef = CE2EE5FC173F66E300786468 /* RomsViewController.m */; };
		CE2EE604173F6BBA00786468 /* Foundation.framework in Frameworks */ = {isa = PBXBuildFile; fileRef = CE2EE603173F6BBA00786468 /* Foundation.framework */; };
		CE2EE606173F6BC100786468 /* UIKit.framework in Frameworks */ = {isa = PBXBuildFile; fileRef = CE2EE605173F6BC100786468 /* UIKit.framework */; };
		CE2EE608173F6BEA00786468 /* QuartzCore.framework in Frameworks */ = {isa = PBXBuildFile; fileRef = CE2EE607173F6BEA00786468 /* QuartzCore.framework */; };
		CE2EE60A173F6BFF00786468 /* CoreGraphics.framework in Frameworks */ = {isa = PBXBuildFile; fileRef = CE2EE609173F6BFF00786468 /* CoreGraphics.framework */; };
		CE2EE61C173F6D6300786468 /* slot1_none.cpp in Sources */ = {isa = PBXBuildFile; fileRef = CE2EE610173F6D6300786468 /* slot1_none.cpp */; };
		CE2EE61D173F6D6300786468 /* slot1_r4.cpp in Sources */ = {isa = PBXBuildFile; fileRef = CE2EE611173F6D6300786468 /* slot1_r4.cpp */; };
		CE2EE61E173F6D6300786468 /* slot1_retail.cpp in Sources */ = {isa = PBXBuildFile; fileRef = CE2EE612173F6D6300786468 /* slot1_retail.cpp */; };
		CE2EE61F173F6D6300786468 /* slot1_retail_nand.cpp in Sources */ = {isa = PBXBuildFile; fileRef = CE2EE613173F6D6300786468 /* slot1_retail_nand.cpp */; };
		CE2EE620173F6D6300786468 /* slot2_expMemory.cpp in Sources */ = {isa = PBXBuildFile; fileRef = CE2EE614173F6D6300786468 /* slot2_expMemory.cpp */; };
		CE2EE621173F6D6300786468 /* slot2_gbagame.cpp in Sources */ = {isa = PBXBuildFile; fileRef = CE2EE615173F6D6300786468 /* slot2_gbagame.cpp */; };
		CE2EE622173F6D6300786468 /* slot2_guitarGrip.cpp in Sources */ = {isa = PBXBuildFile; fileRef = CE2EE616173F6D6300786468 /* slot2_guitarGrip.cpp */; };
		CE2EE623173F6D6300786468 /* slot2_mpcf.cpp in Sources */ = {isa = PBXBuildFile; fileRef = CE2EE617173F6D6300786468 /* slot2_mpcf.cpp */; };
		CE2EE624173F6D6300786468 /* slot2_none.cpp in Sources */ = {isa = PBXBuildFile; fileRef = CE2EE618173F6D6300786468 /* slot2_none.cpp */; };
		CE2EE625173F6D6300786468 /* slot2_paddle.cpp in Sources */ = {isa = PBXBuildFile; fileRef = CE2EE619173F6D6300786468 /* slot2_paddle.cpp */; };
		CE2EE626173F6D6300786468 /* slot2_piano.cpp in Sources */ = {isa = PBXBuildFile; fileRef = CE2EE61A173F6D6300786468 /* slot2_piano.cpp */; };
		CE2EE627173F6D6300786468 /* slot2_rumblepak.cpp in Sources */ = {isa = PBXBuildFile; fileRef = CE2EE61B173F6D6300786468 /* slot2_rumblepak.cpp */; };
		CE2EE630173F6DB600786468 /* crc.cpp in Sources */ = {isa = PBXBuildFile; fileRef = CE2EE62A173F6DB600786468 /* crc.cpp */; };
		CE2EE631173F6DB600786468 /* decrypt.cpp in Sources */ = {isa = PBXBuildFile; fileRef = CE2EE62C173F6DB600786468 /* decrypt.cpp */; };
		CE2EE632173F6DB600786468 /* header.cpp in Sources */ = {isa = PBXBuildFile; fileRef = CE2EE62E173F6DB600786468 /* header.cpp */; };
		CE2EE649173F6DF900786468 /* cache.cpp in Sources */ = {isa = PBXBuildFile; fileRef = CE2EE634173F6DF900786468 /* cache.cpp */; };
		CE2EE64A173F6DF900786468 /* directory.cpp in Sources */ = {isa = PBXBuildFile; fileRef = CE2EE636173F6DF900786468 /* directory.cpp */; };
		CE2EE64B173F6DF900786468 /* disc.cpp in Sources */ = {isa = PBXBuildFile; fileRef = CE2EE638173F6DF900786468 /* disc.cpp */; };
		CE2EE64C173F6DF900786468 /* fatdir.cpp in Sources */ = {isa = PBXBuildFile; fileRef = CE2EE63A173F6DF900786468 /* fatdir.cpp */; };
		CE2EE64D173F6DF900786468 /* fatfile.cpp in Sources */ = {isa = PBXBuildFile; fileRef = CE2EE63C173F6DF900786468 /* fatfile.cpp */; };
		CE2EE64E173F6DF900786468 /* file_allocation_table.cpp in Sources */ = {isa = PBXBuildFile; fileRef = CE2EE63E173F6DF900786468 /* file_allocation_table.cpp */; };
		CE2EE64F173F6DF900786468 /* filetime.cpp in Sources */ = {isa = PBXBuildFile; fileRef = CE2EE640173F6DF900786468 /* filetime.cpp */; };
		CE2EE650173F6DF900786468 /* libfat_public_api.cpp in Sources */ = {isa = PBXBuildFile; fileRef = CE2EE642173F6DF900786468 /* libfat_public_api.cpp */; };
		CE2EE651173F6DF900786468 /* libfat.cpp in Sources */ = {isa = PBXBuildFile; fileRef = CE2EE644173F6DF900786468 /* libfat.cpp */; };
		CE2EE652173F6DF900786468 /* lock.cpp in Sources */ = {isa = PBXBuildFile; fileRef = CE2EE645173F6DF900786468 /* lock.cpp */; };
		CE2EE653173F6DF900786468 /* partition.cpp in Sources */ = {isa = PBXBuildFile; fileRef = CE2EE647173F6DF900786468 /* partition.cpp */; };
		CE2EE65B173F6E0900786468 /* tinystr.cpp in Sources */ = {isa = PBXBuildFile; fileRef = CE2EE655173F6E0900786468 /* tinystr.cpp */; };
		CE2EE65C173F6E0900786468 /* tinyxml.cpp in Sources */ = {isa = PBXBuildFile; fileRef = CE2EE657173F6E0900786468 /* tinyxml.cpp */; };
		CE2EE65D173F6E0900786468 /* tinyxmlerror.cpp in Sources */ = {isa = PBXBuildFile; fileRef = CE2EE659173F6E0900786468 /* tinyxmlerror.cpp */; };
		CE2EE65E173F6E0900786468 /* tinyxmlparser.cpp in Sources */ = {isa = PBXBuildFile; fileRef = CE2EE65A173F6E0900786468 /* tinyxmlparser.cpp */; };
		CE2EE674173F6E3000786468 /* ConvertUTF.c in Sources */ = {isa = PBXBuildFile; fileRef = CE2EE65F173F6E3000786468 /* ConvertUTF.c */; };
		CE2EE675173F6E3000786468 /* datetime.cpp in Sources */ = {isa = PBXBuildFile; fileRef = CE2EE661173F6E3000786468 /* datetime.cpp */; };
		CE2EE676173F6E3000786468 /* dlditool.cpp in Sources */ = {isa = PBXBuildFile; fileRef = CE2EE663173F6E3000786468 /* dlditool.cpp */; };
		CE2EE677173F6E3000786468 /* emufat.cpp in Sources */ = {isa = PBXBuildFile; fileRef = CE2EE664173F6E3000786468 /* emufat.cpp */; };
		CE2EE678173F6E3000786468 /* FileMap.cpp in Sources */ = {isa = PBXBuildFile; fileRef = CE2EE666173F6E3000786468 /* FileMap.cpp */; };
		CE2EE679173F6E3000786468 /* guid.cpp in Sources */ = {isa = PBXBuildFile; fileRef = CE2EE668173F6E3000786468 /* guid.cpp */; };
		CE2EE67A173F6E3000786468 /* md5.cpp in Sources */ = {isa = PBXBuildFile; fileRef = CE2EE66A173F6E3000786468 /* md5.cpp */; };
		CE2EE67B173F6E3000786468 /* MemBuffer.cpp in Sources */ = {isa = PBXBuildFile; fileRef = CE2EE66C173F6E3000786468 /* MemBuffer.cpp */; };
		CE2EE67C173F6E3000786468 /* task.cpp in Sources */ = {isa = PBXBuildFile; fileRef = CE2EE66E173F6E3000786468 /* task.cpp */; };
		CE2EE67D173F6E3000786468 /* vfat.cpp in Sources */ = {isa = PBXBuildFile; fileRef = CE2EE670173F6E3000786468 /* vfat.cpp */; };
		CE2EE67E173F6E3000786468 /* xstring.cpp in Sources */ = {isa = PBXBuildFile; fileRef = CE2EE672173F6E3000786468 /* xstring.cpp */; };
		CE2EE699173F706C00786468 /* metaspu.cpp in Sources */ = {isa = PBXBuildFile; fileRef = CE2EE697173F706C00786468 /* metaspu.cpp */; };
		CE2EE6A6173F70A800786468 /* 2xsai.cpp in Sources */ = {isa = PBXBuildFile; fileRef = CE2EE69A173F70A800786468 /* 2xsai.cpp */; };
		CE2EE6A7173F70A800786468 /* bilinear.cpp in Sources */ = {isa = PBXBuildFile; fileRef = CE2EE69B173F70A800786468 /* bilinear.cpp */; };
		CE2EE6A8173F70A800786468 /* epx.cpp in Sources */ = {isa = PBXBuildFile; fileRef = CE2EE69C173F70A800786468 /* epx.cpp */; };
		CE2EE6A9173F70A800786468 /* hq2x.cpp in Sources */ = {isa = PBXBuildFile; fileRef = CE2EE69E173F70A800786468 /* hq2x.cpp */; };
		CE2EE6AA173F70A800786468 /* hq4x.cpp in Sources */ = {isa = PBXBuildFile; fileRef = CE2EE6A0173F70A800786468 /* hq4x.cpp */; };
		CE2EE6AB173F70A800786468 /* lq2x.cpp in Sources */ = {isa = PBXBuildFile; fileRef = CE2EE6A3173F70A800786468 /* lq2x.cpp */; };
		CE2EE6AC173F70A800786468 /* scanline.cpp in Sources */ = {isa = PBXBuildFile; fileRef = CE2EE6A5173F70A800786468 /* scanline.cpp */; };
		CE34A0FC173F722C00C51EA1 /* addons.cpp in Sources */ = {isa = PBXBuildFile; fileRef = CE34A0AF173F722C00C51EA1 /* addons.cpp */; };
		CE34A0FD173F722C00C51EA1 /* arm_instructions.cpp in Sources */ = {isa = PBXBuildFile; fileRef = CE34A0B1173F722C00C51EA1 /* arm_instructions.cpp */; };
		CE34A100173F722C00C51EA1 /* armcpu.cpp in Sources */ = {isa = PBXBuildFile; fileRef = CE34A0B7173F722C00C51EA1 /* armcpu.cpp */; };
		CE34A101173F722C00C51EA1 /* ArmThreadedInterpreter.cpp in Sources */ = {isa = PBXBuildFile; fileRef = CE34A0B9173F722C00C51EA1 /* ArmThreadedInterpreter.cpp */; };
		CE34A102173F722C00C51EA1 /* bios.cpp in Sources */ = {isa = PBXBuildFile; fileRef = CE34A0BB173F722C00C51EA1 /* bios.cpp */; };
		CE34A103173F722C00C51EA1 /* cheatSystem.cpp in Sources */ = {isa = PBXBuildFile; fileRef = CE34A0BD173F722C00C51EA1 /* cheatSystem.cpp */; };
		CE34A104173F722C00C51EA1 /* common.cpp in Sources */ = {isa = PBXBuildFile; fileRef = CE34A0BF173F722C00C51EA1 /* common.cpp */; };
		CE34A105173F722C00C51EA1 /* cp15.cpp in Sources */ = {isa = PBXBuildFile; fileRef = CE34A0C1173F722C00C51EA1 /* cp15.cpp */; };
		CE34A106173F722C00C51EA1 /* CpuBase.cpp in Sources */ = {isa = PBXBuildFile; fileRef = CE34A0C3173F722C00C51EA1 /* CpuBase.cpp */; };
		CE34A107173F722C00C51EA1 /* debug.cpp in Sources */ = {isa = PBXBuildFile; fileRef = CE34A0C5173F722C00C51EA1 /* debug.cpp */; };
		CE34A108173F722C00C51EA1 /* Disassembler.cpp in Sources */ = {isa = PBXBuildFile; fileRef = CE34A0C7173F722C00C51EA1 /* Disassembler.cpp */; };
		CE34A109173F722C00C51EA1 /* driver.cpp in Sources */ = {isa = PBXBuildFile; fileRef = CE34A0C9173F722C00C51EA1 /* driver.cpp */; };
		CE34A10A173F722C00C51EA1 /* emufile.cpp in Sources */ = {isa = PBXBuildFile; fileRef = CE34A0CB173F722C00C51EA1 /* emufile.cpp */; };
		CE34A10B173F722C00C51EA1 /* FIFO.cpp in Sources */ = {isa = PBXBuildFile; fileRef = CE34A0CD173F722C00C51EA1 /* FIFO.cpp */; };
		CE34A10C173F722C00C51EA1 /* firmware.cpp in Sources */ = {isa = PBXBuildFile; fileRef = CE34A0CF173F722C00C51EA1 /* firmware.cpp */; };
		CE34A10D173F722C00C51EA1 /* fs-linux.cpp in Sources */ = {isa = PBXBuildFile; fileRef = CE34A0D1173F722C00C51EA1 /* fs-linux.cpp */; };
		CE34A10E173F722C00C51EA1 /* gfx3d.cpp in Sources */ = {isa = PBXBuildFile; fileRef = CE34A0D3173F722C00C51EA1 /* gfx3d.cpp */; };
		CE34A10F173F722C00C51EA1 /* GPU_osd_stub.cpp in Sources */ = {isa = PBXBuildFile; fileRef = CE34A0D5173F722C00C51EA1 /* GPU_osd_stub.cpp */; };
		CE34A110173F722C00C51EA1 /* GPU.cpp in Sources */ = {isa = PBXBuildFile; fileRef = CE34A0D7173F722C00C51EA1 /* GPU.cpp */; };
		CE34A111173F722C00C51EA1 /* JitCommon.cpp in Sources */ = {isa = PBXBuildFile; fileRef = CE34A0D9173F722C00C51EA1 /* JitCommon.cpp */; };
		CE34A112173F722C00C51EA1 /* mc.cpp in Sources */ = {isa = PBXBuildFile; fileRef = CE34A0DB173F722C00C51EA1 /* mc.cpp */; };
		CE34A113173F722C00C51EA1 /* MMU.cpp in Sources */ = {isa = PBXBuildFile; fileRef = CE34A0DC173F722C00C51EA1 /* MMU.cpp */; };
		CE34A114173F722C00C51EA1 /* movie.cpp in Sources */ = {isa = PBXBuildFile; fileRef = CE34A0DE173F722C00C51EA1 /* movie.cpp */; };
		CE34A115173F722C00C51EA1 /* NDSSystem.cpp in Sources */ = {isa = PBXBuildFile; fileRef = CE34A0E0173F722C00C51EA1 /* NDSSystem.cpp */; };
		CE34A116173F722C00C51EA1 /* path.cpp in Sources */ = {isa = PBXBuildFile; fileRef = CE34A0E2173F722C00C51EA1 /* path.cpp */; };
		CE34A117173F722C00C51EA1 /* rasterize.cpp in Sources */ = {isa = PBXBuildFile; fileRef = CE34A0E4173F722C00C51EA1 /* rasterize.cpp */; };
		CE34A118173F722C00C51EA1 /* readwrite.cpp in Sources */ = {isa = PBXBuildFile; fileRef = CE34A0E6173F722C00C51EA1 /* readwrite.cpp */; };
		CE34A119173F722C00C51EA1 /* render3D.cpp in Sources */ = {isa = PBXBuildFile; fileRef = CE34A0E8173F722C00C51EA1 /* render3D.cpp */; };
		CE34A11A173F722C00C51EA1 /* ROMReader.cpp in Sources */ = {isa = PBXBuildFile; fileRef = CE34A0EA173F722C00C51EA1 /* ROMReader.cpp */; };
		CE34A11B173F722C00C51EA1 /* rtc.cpp in Sources */ = {isa = PBXBuildFile; fileRef = CE34A0EC173F722C00C51EA1 /* rtc.cpp */; };
		CE34A11C173F722C00C51EA1 /* saves.cpp in Sources */ = {isa = PBXBuildFile; fileRef = CE34A0EE173F722C00C51EA1 /* saves.cpp */; };
		CE34A11D173F722C00C51EA1 /* slot1.cpp in Sources */ = {isa = PBXBuildFile; fileRef = CE34A0F0173F722C00C51EA1 /* slot1.cpp */; };
		CE34A11E173F722C00C51EA1 /* SPU.cpp in Sources */ = {isa = PBXBuildFile; fileRef = CE34A0F2173F722C00C51EA1 /* SPU.cpp */; };
		CE34A11F173F722C00C51EA1 /* texcache.cpp in Sources */ = {isa = PBXBuildFile; fileRef = CE34A0F4173F722C00C51EA1 /* texcache.cpp */; };
		CE34A120173F722C00C51EA1 /* thumb_instructions.cpp in Sources */ = {isa = PBXBuildFile; fileRef = CE34A0F6173F722C00C51EA1 /* thumb_instructions.cpp */; };
		CE34A121173F722C00C51EA1 /* version.cpp in Sources */ = {isa = PBXBuildFile; fileRef = CE34A0F8173F722C00C51EA1 /* version.cpp */; };
		CE34A122173F722C00C51EA1 /* wifi.cpp in Sources */ = {isa = PBXBuildFile; fileRef = CE34A0FA173F722C00C51EA1 /* wifi.cpp */; };
		CE34A124173F74C000C51EA1 /* libz.dylib in Frameworks */ = {isa = PBXBuildFile; fileRef = CE34A123173F74C000C51EA1 /* libz.dylib */; };
		CE34A127173F758300C51EA1 /* matrix.cpp in Sources */ = {isa = PBXBuildFile; fileRef = CE34A125173F758300C51EA1 /* matrix.cpp */; };
		CE34A131173F798200C51EA1 /* matrix_impl.c in Sources */ = {isa = PBXBuildFile; fileRef = CE34A12F173F798200C51EA1 /* matrix_impl.c */; settings = {COMPILER_FLAGS = "-marm"; }; };
		CE34A134173F79F200C51EA1 /* throttle.cpp in Sources */ = {isa = PBXBuildFile; fileRef = CE34A132173F79F200C51EA1 /* throttle.cpp */; };
		CE34A137173F86E800C51EA1 /* UIButton+CTM.mm in Sources */ = {isa = PBXBuildFile; fileRef = CE34A136173F86E800C51EA1 /* UIButton+CTM.mm */; };
		CEB43C42173FCA3F00055F91 /* GLProgram.m in Sources */ = {isa = PBXBuildFile; fileRef = CEB43C41173FCA3F00055F91 /* GLProgram.m */; };
		CEB43C45173FD25A00055F91 /* GLKit.framework in Frameworks */ = {isa = PBXBuildFile; fileRef = CEB43C43173FD25900055F91 /* GLKit.framework */; };
		CEB43C46173FD25A00055F91 /* OpenGLES.framework in Frameworks */ = {isa = PBXBuildFile; fileRef = CEB43C44173FD25900055F91 /* OpenGLES.framework */; };
		D38CBC971745CEC60074C554 /* MMDrawerBarButtonItem.m in Sources */ = {isa = PBXBuildFile; fileRef = D38CBC901745CEC60074C554 /* MMDrawerBarButtonItem.m */; };
		D38CBC981745CEC60074C554 /* MMDrawerController.m in Sources */ = {isa = PBXBuildFile; fileRef = D38CBC921745CEC60074C554 /* MMDrawerController.m */; };
		D38CBC991745CEC60074C554 /* MMDrawerVisualState.m in Sources */ = {isa = PBXBuildFile; fileRef = D38CBC941745CEC60074C554 /* MMDrawerVisualState.m */; };
		D38CBC9A1745CEC60074C554 /* UIViewController+MMDrawerController.m in Sources */ = {isa = PBXBuildFile; fileRef = D38CBC961745CEC60074C554 /* UIViewController+MMDrawerController.m */; };
		D38CBCAE1745CF9C0074C554 /* SettingsViewController.m in Sources */ = {isa = PBXBuildFile; fileRef = D38CBCA91745CF9C0074C554 /* SettingsViewController.m */; };
		D38CBCAF1745CF9C0074C554 /* SettingsViewController.xib in Resources */ = {isa = PBXBuildFile; fileRef = D38CBCAA1745CF9C0074C554 /* SettingsViewController.xib */; };
		D38CBCB01745CF9C0074C554 /* SideViewController.m in Sources */ = {isa = PBXBuildFile; fileRef = D38CBCAC1745CF9C0074C554 /* SideViewController.m */; };
		D38CBCB11745CF9C0074C554 /* SideViewController.xib in Resources */ = {isa = PBXBuildFile; fileRef = D38CBCAD1745CF9C0074C554 /* SideViewController.xib */; };
/* End PBXBuildFile section */

/* Begin PBXFileReference section */
		CE2EE5EA173F661D00786468 /* nds4ios-Info.plist */ = {isa = PBXFileReference; fileEncoding = 4; lastKnownFileType = text.plist.xml; path = "nds4ios-Info.plist"; sourceTree = SOURCE_ROOT; };
		CE2EE5EC173F663B00786468 /* main.m */ = {isa = PBXFileReference; fileEncoding = 4; lastKnownFileType = sourcecode.c.objc; name = main.m; path = Classes/main.m; sourceTree = SOURCE_ROOT; };
		CE2EE5ED173F663B00786468 /* nds4ios-Prefix.pch */ = {isa = PBXFileReference; fileEncoding = 4; lastKnownFileType = sourcecode.c.h; name = "nds4ios-Prefix.pch"; path = "Classes/nds4ios-Prefix.pch"; sourceTree = SOURCE_ROOT; };
		CE2EE5F5173F66E300786468 /* AppDelegate.h */ = {isa = PBXFileReference; fileEncoding = 4; lastKnownFileType = sourcecode.c.h; name = AppDelegate.h; path = Classes/AppDelegate.h; sourceTree = SOURCE_ROOT; };
		CE2EE5F6173F66E300786468 /* AppDelegate.m */ = {isa = PBXFileReference; fileEncoding = 4; lastKnownFileType = sourcecode.c.objc; name = AppDelegate.m; path = Classes/AppDelegate.m; sourceTree = SOURCE_ROOT; };
		CE2EE5F7173F66E300786468 /* emu.cpp */ = {isa = PBXFileReference; fileEncoding = 4; lastKnownFileType = sourcecode.cpp.cpp; name = emu.cpp; path = Classes/emu.cpp; sourceTree = SOURCE_ROOT; };
		CE2EE5F8173F66E300786468 /* emu.h */ = {isa = PBXFileReference; fileEncoding = 4; lastKnownFileType = sourcecode.c.h; name = emu.h; path = Classes/emu.h; sourceTree = SOURCE_ROOT; };
		CE2EE5F9173F66E300786468 /* EmuViewController.h */ = {isa = PBXFileReference; fileEncoding = 4; lastKnownFileType = sourcecode.c.h; name = EmuViewController.h; path = Classes/EmuViewController.h; sourceTree = SOURCE_ROOT; };
		CE2EE5FA173F66E300786468 /* EmuViewController.mm */ = {isa = PBXFileReference; fileEncoding = 4; lastKnownFileType = sourcecode.cpp.objcpp; name = EmuViewController.mm; path = Classes/EmuViewController.mm; sourceTree = SOURCE_ROOT; };
		CE2EE5FB173F66E300786468 /* RomsViewController.h */ = {isa = PBXFileReference; fileEncoding = 4; lastKnownFileType = sourcecode.c.h; name = RomsViewController.h; path = Classes/RomsViewController.h; sourceTree = SOURCE_ROOT; };
		CE2EE5FC173F66E300786468 /* RomsViewController.m */ = {isa = PBXFileReference; fileEncoding = 4; lastKnownFileType = sourcecode.c.objc; name = RomsViewController.m; path = Classes/RomsViewController.m; sourceTree = SOURCE_ROOT; };
		CE2EE603173F6BBA00786468 /* Foundation.framework */ = {isa = PBXFileReference; lastKnownFileType = wrapper.framework; name = Foundation.framework; path = System/Library/Frameworks/Foundation.framework; sourceTree = SDKROOT; };
		CE2EE605173F6BC100786468 /* UIKit.framework */ = {isa = PBXFileReference; lastKnownFileType = wrapper.framework; name = UIKit.framework; path = System/Library/Frameworks/UIKit.framework; sourceTree = SDKROOT; };
		CE2EE607173F6BEA00786468 /* QuartzCore.framework */ = {isa = PBXFileReference; lastKnownFileType = wrapper.framework; name = QuartzCore.framework; path = System/Library/Frameworks/QuartzCore.framework; sourceTree = SDKROOT; };
		CE2EE609173F6BFF00786468 /* CoreGraphics.framework */ = {isa = PBXFileReference; lastKnownFileType = wrapper.framework; name = CoreGraphics.framework; path = System/Library/Frameworks/CoreGraphics.framework; sourceTree = SDKROOT; };
		CE2EE610173F6D6300786468 /* slot1_none.cpp */ = {isa = PBXFileReference; fileEncoding = 4; lastKnownFileType = sourcecode.cpp.cpp; name = slot1_none.cpp; path = "nds4droid-code/jni/desmume/src/addons/slot1_none.cpp"; sourceTree = SOURCE_ROOT; };
		CE2EE611173F6D6300786468 /* slot1_r4.cpp */ = {isa = PBXFileReference; fileEncoding = 4; lastKnownFileType = sourcecode.cpp.cpp; name = slot1_r4.cpp; path = "nds4droid-code/jni/desmume/src/addons/slot1_r4.cpp"; sourceTree = SOURCE_ROOT; };
		CE2EE612173F6D6300786468 /* slot1_retail.cpp */ = {isa = PBXFileReference; fileEncoding = 4; lastKnownFileType = sourcecode.cpp.cpp; name = slot1_retail.cpp; path = "nds4droid-code/jni/desmume/src/addons/slot1_retail.cpp"; sourceTree = SOURCE_ROOT; };
		CE2EE613173F6D6300786468 /* slot1_retail_nand.cpp */ = {isa = PBXFileReference; fileEncoding = 4; lastKnownFileType = sourcecode.cpp.cpp; name = slot1_retail_nand.cpp; path = "nds4droid-code/jni/desmume/src/addons/slot1_retail_nand.cpp"; sourceTree = SOURCE_ROOT; };
		CE2EE614173F6D6300786468 /* slot2_expMemory.cpp */ = {isa = PBXFileReference; fileEncoding = 4; lastKnownFileType = sourcecode.cpp.cpp; name = slot2_expMemory.cpp; path = "nds4droid-code/jni/desmume/src/addons/slot2_expMemory.cpp"; sourceTree = SOURCE_ROOT; };
		CE2EE615173F6D6300786468 /* slot2_gbagame.cpp */ = {isa = PBXFileReference; fileEncoding = 4; lastKnownFileType = sourcecode.cpp.cpp; name = slot2_gbagame.cpp; path = "nds4droid-code/jni/desmume/src/addons/slot2_gbagame.cpp"; sourceTree = SOURCE_ROOT; };
		CE2EE616173F6D6300786468 /* slot2_guitarGrip.cpp */ = {isa = PBXFileReference; fileEncoding = 4; lastKnownFileType = sourcecode.cpp.cpp; name = slot2_guitarGrip.cpp; path = "nds4droid-code/jni/desmume/src/addons/slot2_guitarGrip.cpp"; sourceTree = SOURCE_ROOT; };
		CE2EE617173F6D6300786468 /* slot2_mpcf.cpp */ = {isa = PBXFileReference; fileEncoding = 4; lastKnownFileType = sourcecode.cpp.cpp; name = slot2_mpcf.cpp; path = "nds4droid-code/jni/desmume/src/addons/slot2_mpcf.cpp"; sourceTree = SOURCE_ROOT; };
		CE2EE618173F6D6300786468 /* slot2_none.cpp */ = {isa = PBXFileReference; fileEncoding = 4; lastKnownFileType = sourcecode.cpp.cpp; name = slot2_none.cpp; path = "nds4droid-code/jni/desmume/src/addons/slot2_none.cpp"; sourceTree = SOURCE_ROOT; };
		CE2EE619173F6D6300786468 /* slot2_paddle.cpp */ = {isa = PBXFileReference; fileEncoding = 4; lastKnownFileType = sourcecode.cpp.cpp; name = slot2_paddle.cpp; path = "nds4droid-code/jni/desmume/src/addons/slot2_paddle.cpp"; sourceTree = SOURCE_ROOT; };
		CE2EE61A173F6D6300786468 /* slot2_piano.cpp */ = {isa = PBXFileReference; fileEncoding = 4; lastKnownFileType = sourcecode.cpp.cpp; name = slot2_piano.cpp; path = "nds4droid-code/jni/desmume/src/addons/slot2_piano.cpp"; sourceTree = SOURCE_ROOT; };
		CE2EE61B173F6D6300786468 /* slot2_rumblepak.cpp */ = {isa = PBXFileReference; fileEncoding = 4; lastKnownFileType = sourcecode.cpp.cpp; name = slot2_rumblepak.cpp; path = "nds4droid-code/jni/desmume/src/addons/slot2_rumblepak.cpp"; sourceTree = SOURCE_ROOT; };
		CE2EE62A173F6DB600786468 /* crc.cpp */ = {isa = PBXFileReference; fileEncoding = 4; lastKnownFileType = sourcecode.cpp.cpp; name = crc.cpp; path = "nds4droid-code/jni/desmume/src/utils/decrypt/crc.cpp"; sourceTree = SOURCE_ROOT; };
		CE2EE62B173F6DB600786468 /* crc.h */ = {isa = PBXFileReference; fileEncoding = 4; lastKnownFileType = sourcecode.c.h; name = crc.h; path = "nds4droid-code/jni/desmume/src/utils/decrypt/crc.h"; sourceTree = SOURCE_ROOT; };
		CE2EE62C173F6DB600786468 /* decrypt.cpp */ = {isa = PBXFileReference; fileEncoding = 4; lastKnownFileType = sourcecode.cpp.cpp; name = decrypt.cpp; path = "nds4droid-code/jni/desmume/src/utils/decrypt/decrypt.cpp"; sourceTree = SOURCE_ROOT; };
		CE2EE62D173F6DB600786468 /* decrypt.h */ = {isa = PBXFileReference; fileEncoding = 4; lastKnownFileType = sourcecode.c.h; name = decrypt.h; path = "nds4droid-code/jni/desmume/src/utils/decrypt/decrypt.h"; sourceTree = SOURCE_ROOT; };
		CE2EE62E173F6DB600786468 /* header.cpp */ = {isa = PBXFileReference; fileEncoding = 4; lastKnownFileType = sourcecode.cpp.cpp; name = header.cpp; path = "nds4droid-code/jni/desmume/src/utils/decrypt/header.cpp"; sourceTree = SOURCE_ROOT; };
		CE2EE62F173F6DB600786468 /* header.h */ = {isa = PBXFileReference; fileEncoding = 4; lastKnownFileType = sourcecode.c.h; name = header.h; path = "nds4droid-code/jni/desmume/src/utils/decrypt/header.h"; sourceTree = SOURCE_ROOT; };
		CE2EE634173F6DF900786468 /* cache.cpp */ = {isa = PBXFileReference; fileEncoding = 4; lastKnownFileType = sourcecode.cpp.cpp; name = cache.cpp; path = "nds4droid-code/jni/desmume/src/utils/libfat/cache.cpp"; sourceTree = SOURCE_ROOT; };
		CE2EE635173F6DF900786468 /* cache.h */ = {isa = PBXFileReference; fileEncoding = 4; lastKnownFileType = sourcecode.c.h; name = cache.h; path = "nds4droid-code/jni/desmume/src/utils/libfat/cache.h"; sourceTree = SOURCE_ROOT; };
		CE2EE636173F6DF900786468 /* directory.cpp */ = {isa = PBXFileReference; fileEncoding = 4; lastKnownFileType = sourcecode.cpp.cpp; name = directory.cpp; path = "nds4droid-code/jni/desmume/src/utils/libfat/directory.cpp"; sourceTree = SOURCE_ROOT; };
		CE2EE637173F6DF900786468 /* directory.h */ = {isa = PBXFileReference; fileEncoding = 4; lastKnownFileType = sourcecode.c.h; name = directory.h; path = "nds4droid-code/jni/desmume/src/utils/libfat/directory.h"; sourceTree = SOURCE_ROOT; };
		CE2EE638173F6DF900786468 /* disc.cpp */ = {isa = PBXFileReference; fileEncoding = 4; lastKnownFileType = sourcecode.cpp.cpp; name = disc.cpp; path = "nds4droid-code/jni/desmume/src/utils/libfat/disc.cpp"; sourceTree = SOURCE_ROOT; };
		CE2EE639173F6DF900786468 /* disc.h */ = {isa = PBXFileReference; fileEncoding = 4; lastKnownFileType = sourcecode.c.h; name = disc.h; path = "nds4droid-code/jni/desmume/src/utils/libfat/disc.h"; sourceTree = SOURCE_ROOT; };
		CE2EE63A173F6DF900786468 /* fatdir.cpp */ = {isa = PBXFileReference; fileEncoding = 4; lastKnownFileType = sourcecode.cpp.cpp; name = fatdir.cpp; path = "nds4droid-code/jni/desmume/src/utils/libfat/fatdir.cpp"; sourceTree = SOURCE_ROOT; };
		CE2EE63B173F6DF900786468 /* fatdir.h */ = {isa = PBXFileReference; fileEncoding = 4; lastKnownFileType = sourcecode.c.h; name = fatdir.h; path = "nds4droid-code/jni/desmume/src/utils/libfat/fatdir.h"; sourceTree = SOURCE_ROOT; };
		CE2EE63C173F6DF900786468 /* fatfile.cpp */ = {isa = PBXFileReference; fileEncoding = 4; lastKnownFileType = sourcecode.cpp.cpp; name = fatfile.cpp; path = "nds4droid-code/jni/desmume/src/utils/libfat/fatfile.cpp"; sourceTree = SOURCE_ROOT; };
		CE2EE63D173F6DF900786468 /* fatfile.h */ = {isa = PBXFileReference; fileEncoding = 4; lastKnownFileType = sourcecode.c.h; name = fatfile.h; path = "nds4droid-code/jni/desmume/src/utils/libfat/fatfile.h"; sourceTree = SOURCE_ROOT; };
		CE2EE63E173F6DF900786468 /* file_allocation_table.cpp */ = {isa = PBXFileReference; fileEncoding = 4; lastKnownFileType = sourcecode.cpp.cpp; name = file_allocation_table.cpp; path = "nds4droid-code/jni/desmume/src/utils/libfat/file_allocation_table.cpp"; sourceTree = SOURCE_ROOT; };
		CE2EE63F173F6DF900786468 /* file_allocation_table.h */ = {isa = PBXFileReference; fileEncoding = 4; lastKnownFileType = sourcecode.c.h; name = file_allocation_table.h; path = "nds4droid-code/jni/desmume/src/utils/libfat/file_allocation_table.h"; sourceTree = SOURCE_ROOT; };
		CE2EE640173F6DF900786468 /* filetime.cpp */ = {isa = PBXFileReference; fileEncoding = 4; lastKnownFileType = sourcecode.cpp.cpp; name = filetime.cpp; path = "nds4droid-code/jni/desmume/src/utils/libfat/filetime.cpp"; sourceTree = SOURCE_ROOT; };
		CE2EE641173F6DF900786468 /* filetime.h */ = {isa = PBXFileReference; fileEncoding = 4; lastKnownFileType = sourcecode.c.h; name = filetime.h; path = "nds4droid-code/jni/desmume/src/utils/libfat/filetime.h"; sourceTree = SOURCE_ROOT; };
		CE2EE642173F6DF900786468 /* libfat_public_api.cpp */ = {isa = PBXFileReference; fileEncoding = 4; lastKnownFileType = sourcecode.cpp.cpp; name = libfat_public_api.cpp; path = "nds4droid-code/jni/desmume/src/utils/libfat/libfat_public_api.cpp"; sourceTree = SOURCE_ROOT; };
		CE2EE643173F6DF900786468 /* libfat_public_api.h */ = {isa = PBXFileReference; fileEncoding = 4; lastKnownFileType = sourcecode.c.h; name = libfat_public_api.h; path = "nds4droid-code/jni/desmume/src/utils/libfat/libfat_public_api.h"; sourceTree = SOURCE_ROOT; };
		CE2EE644173F6DF900786468 /* libfat.cpp */ = {isa = PBXFileReference; fileEncoding = 4; lastKnownFileType = sourcecode.cpp.cpp; name = libfat.cpp; path = "nds4droid-code/jni/desmume/src/utils/libfat/libfat.cpp"; sourceTree = SOURCE_ROOT; };
		CE2EE645173F6DF900786468 /* lock.cpp */ = {isa = PBXFileReference; fileEncoding = 4; lastKnownFileType = sourcecode.cpp.cpp; name = lock.cpp; path = "nds4droid-code/jni/desmume/src/utils/libfat/lock.cpp"; sourceTree = SOURCE_ROOT; };
		CE2EE646173F6DF900786468 /* lock.h */ = {isa = PBXFileReference; fileEncoding = 4; lastKnownFileType = sourcecode.c.h; name = lock.h; path = "nds4droid-code/jni/desmume/src/utils/libfat/lock.h"; sourceTree = SOURCE_ROOT; };
		CE2EE647173F6DF900786468 /* partition.cpp */ = {isa = PBXFileReference; fileEncoding = 4; lastKnownFileType = sourcecode.cpp.cpp; name = partition.cpp; path = "nds4droid-code/jni/desmume/src/utils/libfat/partition.cpp"; sourceTree = SOURCE_ROOT; };
		CE2EE648173F6DF900786468 /* partition.h */ = {isa = PBXFileReference; fileEncoding = 4; lastKnownFileType = sourcecode.c.h; name = partition.h; path = "nds4droid-code/jni/desmume/src/utils/libfat/partition.h"; sourceTree = SOURCE_ROOT; };
		CE2EE655173F6E0900786468 /* tinystr.cpp */ = {isa = PBXFileReference; fileEncoding = 4; lastKnownFileType = sourcecode.cpp.cpp; name = tinystr.cpp; path = "nds4droid-code/jni/desmume/src/utils/tinyxml/tinystr.cpp"; sourceTree = SOURCE_ROOT; };
		CE2EE656173F6E0900786468 /* tinystr.h */ = {isa = PBXFileReference; fileEncoding = 4; lastKnownFileType = sourcecode.c.h; name = tinystr.h; path = "nds4droid-code/jni/desmume/src/utils/tinyxml/tinystr.h"; sourceTree = SOURCE_ROOT; };
		CE2EE657173F6E0900786468 /* tinyxml.cpp */ = {isa = PBXFileReference; fileEncoding = 4; lastKnownFileType = sourcecode.cpp.cpp; name = tinyxml.cpp; path = "nds4droid-code/jni/desmume/src/utils/tinyxml/tinyxml.cpp"; sourceTree = SOURCE_ROOT; };
		CE2EE658173F6E0900786468 /* tinyxml.h */ = {isa = PBXFileReference; fileEncoding = 4; lastKnownFileType = sourcecode.c.h; name = tinyxml.h; path = "nds4droid-code/jni/desmume/src/utils/tinyxml/tinyxml.h"; sourceTree = SOURCE_ROOT; };
		CE2EE659173F6E0900786468 /* tinyxmlerror.cpp */ = {isa = PBXFileReference; fileEncoding = 4; lastKnownFileType = sourcecode.cpp.cpp; name = tinyxmlerror.cpp; path = "nds4droid-code/jni/desmume/src/utils/tinyxml/tinyxmlerror.cpp"; sourceTree = SOURCE_ROOT; };
		CE2EE65A173F6E0900786468 /* tinyxmlparser.cpp */ = {isa = PBXFileReference; fileEncoding = 4; lastKnownFileType = sourcecode.cpp.cpp; name = tinyxmlparser.cpp; path = "nds4droid-code/jni/desmume/src/utils/tinyxml/tinyxmlparser.cpp"; sourceTree = SOURCE_ROOT; };
		CE2EE65F173F6E3000786468 /* ConvertUTF.c */ = {isa = PBXFileReference; fileEncoding = 4; lastKnownFileType = sourcecode.c.c; name = ConvertUTF.c; path = "nds4droid-code/jni/desmume/src/utils/ConvertUTF.c"; sourceTree = SOURCE_ROOT; };
		CE2EE660173F6E3000786468 /* ConvertUTF.h */ = {isa = PBXFileReference; fileEncoding = 4; lastKnownFileType = sourcecode.c.h; name = ConvertUTF.h; path = "nds4droid-code/jni/desmume/src/utils/ConvertUTF.h"; sourceTree = SOURCE_ROOT; };
		CE2EE661173F6E3000786468 /* datetime.cpp */ = {isa = PBXFileReference; fileEncoding = 4; lastKnownFileType = sourcecode.cpp.cpp; name = datetime.cpp; path = "nds4droid-code/jni/desmume/src/utils/datetime.cpp"; sourceTree = SOURCE_ROOT; };
		CE2EE662173F6E3000786468 /* datetime.h */ = {isa = PBXFileReference; fileEncoding = 4; lastKnownFileType = sourcecode.c.h; name = datetime.h; path = "nds4droid-code/jni/desmume/src/utils/datetime.h"; sourceTree = SOURCE_ROOT; };
		CE2EE663173F6E3000786468 /* dlditool.cpp */ = {isa = PBXFileReference; fileEncoding = 4; lastKnownFileType = sourcecode.cpp.cpp; name = dlditool.cpp; path = "nds4droid-code/jni/desmume/src/utils/dlditool.cpp"; sourceTree = SOURCE_ROOT; };
		CE2EE664173F6E3000786468 /* emufat.cpp */ = {isa = PBXFileReference; fileEncoding = 4; lastKnownFileType = sourcecode.cpp.cpp; name = emufat.cpp; path = "nds4droid-code/jni/desmume/src/utils/emufat.cpp"; sourceTree = SOURCE_ROOT; };
		CE2EE665173F6E3000786468 /* emufat.h */ = {isa = PBXFileReference; fileEncoding = 4; lastKnownFileType = sourcecode.c.h; name = emufat.h; path = "nds4droid-code/jni/desmume/src/utils/emufat.h"; sourceTree = SOURCE_ROOT; };
		CE2EE666173F6E3000786468 /* FileMap.cpp */ = {isa = PBXFileReference; fileEncoding = 4; lastKnownFileType = sourcecode.cpp.cpp; name = FileMap.cpp; path = "nds4droid-code/jni/desmume/src/utils/FileMap.cpp"; sourceTree = SOURCE_ROOT; };
		CE2EE667173F6E3000786468 /* FileMap.h */ = {isa = PBXFileReference; fileEncoding = 4; lastKnownFileType = sourcecode.c.h; name = FileMap.h; path = "nds4droid-code/jni/desmume/src/utils/FileMap.h"; sourceTree = SOURCE_ROOT; };
		CE2EE668173F6E3000786468 /* guid.cpp */ = {isa = PBXFileReference; fileEncoding = 4; lastKnownFileType = sourcecode.cpp.cpp; name = guid.cpp; path = "nds4droid-code/jni/desmume/src/utils/guid.cpp"; sourceTree = SOURCE_ROOT; };
		CE2EE669173F6E3000786468 /* guid.h */ = {isa = PBXFileReference; fileEncoding = 4; lastKnownFileType = sourcecode.c.h; name = guid.h; path = "nds4droid-code/jni/desmume/src/utils/guid.h"; sourceTree = SOURCE_ROOT; };
		CE2EE66A173F6E3000786468 /* md5.cpp */ = {isa = PBXFileReference; fileEncoding = 4; lastKnownFileType = sourcecode.cpp.cpp; name = md5.cpp; path = "nds4droid-code/jni/desmume/src/utils/md5.cpp"; sourceTree = SOURCE_ROOT; };
		CE2EE66B173F6E3000786468 /* md5.h */ = {isa = PBXFileReference; fileEncoding = 4; lastKnownFileType = sourcecode.c.h; name = md5.h; path = "nds4droid-code/jni/desmume/src/utils/md5.h"; sourceTree = SOURCE_ROOT; };
		CE2EE66C173F6E3000786468 /* MemBuffer.cpp */ = {isa = PBXFileReference; fileEncoding = 4; lastKnownFileType = sourcecode.cpp.cpp; name = MemBuffer.cpp; path = "nds4droid-code/jni/desmume/src/utils/MemBuffer.cpp"; sourceTree = SOURCE_ROOT; };
		CE2EE66D173F6E3000786468 /* MemBuffer.h */ = {isa = PBXFileReference; fileEncoding = 4; lastKnownFileType = sourcecode.c.h; name = MemBuffer.h; path = "nds4droid-code/jni/desmume/src/utils/MemBuffer.h"; sourceTree = SOURCE_ROOT; };
		CE2EE66E173F6E3000786468 /* task.cpp */ = {isa = PBXFileReference; fileEncoding = 4; lastKnownFileType = sourcecode.cpp.cpp; name = task.cpp; path = "nds4droid-code/jni/desmume/src/utils/task.cpp"; sourceTree = SOURCE_ROOT; };
		CE2EE66F173F6E3000786468 /* task.h */ = {isa = PBXFileReference; fileEncoding = 4; lastKnownFileType = sourcecode.c.h; name = task.h; path = "nds4droid-code/jni/desmume/src/utils/task.h"; sourceTree = SOURCE_ROOT; };
		CE2EE670173F6E3000786468 /* vfat.cpp */ = {isa = PBXFileReference; fileEncoding = 4; lastKnownFileType = sourcecode.cpp.cpp; name = vfat.cpp; path = "nds4droid-code/jni/desmume/src/utils/vfat.cpp"; sourceTree = SOURCE_ROOT; };
		CE2EE671173F6E3000786468 /* vfat.h */ = {isa = PBXFileReference; fileEncoding = 4; lastKnownFileType = sourcecode.c.h; name = vfat.h; path = "nds4droid-code/jni/desmume/src/utils/vfat.h"; sourceTree = SOURCE_ROOT; };
		CE2EE672173F6E3000786468 /* xstring.cpp */ = {isa = PBXFileReference; fileEncoding = 4; lastKnownFileType = sourcecode.cpp.cpp; name = xstring.cpp; path = "nds4droid-code/jni/desmume/src/utils/xstring.cpp"; sourceTree = SOURCE_ROOT; };
		CE2EE673173F6E3000786468 /* xstring.h */ = {isa = PBXFileReference; fileEncoding = 4; lastKnownFileType = sourcecode.c.h; name = xstring.h; path = "nds4droid-code/jni/desmume/src/utils/xstring.h"; sourceTree = SOURCE_ROOT; };
		CE2EE697173F706C00786468 /* metaspu.cpp */ = {isa = PBXFileReference; fileEncoding = 4; lastKnownFileType = sourcecode.cpp.cpp; name = metaspu.cpp; path = "nds4droid-code/jni/desmume/src/metaspu/metaspu.cpp"; sourceTree = SOURCE_ROOT; };
		CE2EE698173F706C00786468 /* metaspu.h */ = {isa = PBXFileReference; fileEncoding = 4; lastKnownFileType = sourcecode.c.h; name = metaspu.h; path = "nds4droid-code/jni/desmume/src/metaspu/metaspu.h"; sourceTree = SOURCE_ROOT; };
		CE2EE69A173F70A800786468 /* 2xsai.cpp */ = {isa = PBXFileReference; fileEncoding = 4; lastKnownFileType = sourcecode.cpp.cpp; name = 2xsai.cpp; path = "nds4droid-code/jni/desmume/src/filter/2xsai.cpp"; sourceTree = SOURCE_ROOT; };
		CE2EE69B173F70A800786468 /* bilinear.cpp */ = {isa = PBXFileReference; fileEncoding = 4; lastKnownFileType = sourcecode.cpp.cpp; name = bilinear.cpp; path = "nds4droid-code/jni/desmume/src/filter/bilinear.cpp"; sourceTree = SOURCE_ROOT; };
		CE2EE69C173F70A800786468 /* epx.cpp */ = {isa = PBXFileReference; fileEncoding = 4; lastKnownFileType = sourcecode.cpp.cpp; name = epx.cpp; path = "nds4droid-code/jni/desmume/src/filter/epx.cpp"; sourceTree = SOURCE_ROOT; };
		CE2EE69D173F70A800786468 /* filter.h */ = {isa = PBXFileReference; fileEncoding = 4; lastKnownFileType = sourcecode.c.h; name = filter.h; path = "nds4droid-code/jni/desmume/src/filter/filter.h"; sourceTree = SOURCE_ROOT; };
		CE2EE69E173F70A800786468 /* hq2x.cpp */ = {isa = PBXFileReference; fileEncoding = 4; lastKnownFileType = sourcecode.cpp.cpp; name = hq2x.cpp; path = "nds4droid-code/jni/desmume/src/filter/hq2x.cpp"; sourceTree = SOURCE_ROOT; };
		CE2EE69F173F70A800786468 /* hq2x.h */ = {isa = PBXFileReference; fileEncoding = 4; lastKnownFileType = sourcecode.c.h; name = hq2x.h; path = "nds4droid-code/jni/desmume/src/filter/hq2x.h"; sourceTree = SOURCE_ROOT; };
		CE2EE6A0173F70A800786468 /* hq4x.cpp */ = {isa = PBXFileReference; fileEncoding = 4; lastKnownFileType = sourcecode.cpp.cpp; name = hq4x.cpp; path = "nds4droid-code/jni/desmume/src/filter/hq4x.cpp"; sourceTree = SOURCE_ROOT; };
		CE2EE6A1173F70A800786468 /* hq4x.h */ = {isa = PBXFileReference; fileEncoding = 4; lastKnownFileType = sourcecode.c.h; name = hq4x.h; path = "nds4droid-code/jni/desmume/src/filter/hq4x.h"; sourceTree = SOURCE_ROOT; };
		CE2EE6A2173F70A800786468 /* interp.h */ = {isa = PBXFileReference; fileEncoding = 4; lastKnownFileType = sourcecode.c.h; name = interp.h; path = "nds4droid-code/jni/desmume/src/filter/interp.h"; sourceTree = SOURCE_ROOT; };
		CE2EE6A3173F70A800786468 /* lq2x.cpp */ = {isa = PBXFileReference; fileEncoding = 4; lastKnownFileType = sourcecode.cpp.cpp; name = lq2x.cpp; path = "nds4droid-code/jni/desmume/src/filter/lq2x.cpp"; sourceTree = SOURCE_ROOT; };
		CE2EE6A4173F70A800786468 /* lq2x.h */ = {isa = PBXFileReference; fileEncoding = 4; lastKnownFileType = sourcecode.c.h; name = lq2x.h; path = "nds4droid-code/jni/desmume/src/filter/lq2x.h"; sourceTree = SOURCE_ROOT; };
		CE2EE6A5173F70A800786468 /* scanline.cpp */ = {isa = PBXFileReference; fileEncoding = 4; lastKnownFileType = sourcecode.cpp.cpp; name = scanline.cpp; path = "nds4droid-code/jni/desmume/src/filter/scanline.cpp"; sourceTree = SOURCE_ROOT; };
		CE34A0AF173F722C00C51EA1 /* addons.cpp */ = {isa = PBXFileReference; fileEncoding = 4; lastKnownFileType = sourcecode.cpp.cpp; name = addons.cpp; path = "nds4droid-code/jni/desmume/src/addons.cpp"; sourceTree = SOURCE_ROOT; };
		CE34A0B0173F722C00C51EA1 /* addons.h */ = {isa = PBXFileReference; fileEncoding = 4; lastKnownFileType = sourcecode.c.h; name = addons.h; path = "nds4droid-code/jni/desmume/src/addons.h"; sourceTree = SOURCE_ROOT; };
		CE34A0B1173F722C00C51EA1 /* arm_instructions.cpp */ = {isa = PBXFileReference; fileEncoding = 4; lastKnownFileType = sourcecode.cpp.cpp; name = arm_instructions.cpp; path = "nds4droid-code/jni/desmume/src/arm_instructions.cpp"; sourceTree = SOURCE_ROOT; };
		CE34A0B2173F722C00C51EA1 /* arm_instructions.h */ = {isa = PBXFileReference; fileEncoding = 4; lastKnownFileType = sourcecode.c.h; name = arm_instructions.h; path = "nds4droid-code/jni/desmume/src/arm_instructions.h"; sourceTree = SOURCE_ROOT; };
		CE34A0B3173F722C00C51EA1 /* ArmAnalyze.cpp */ = {isa = PBXFileReference; fileEncoding = 4; lastKnownFileType = sourcecode.cpp.cpp; name = ArmAnalyze.cpp; path = "nds4droid-code/jni/desmume/src/ArmAnalyze.cpp"; sourceTree = SOURCE_ROOT; };
		CE34A0B4173F722C00C51EA1 /* ArmAnalyze.h */ = {isa = PBXFileReference; fileEncoding = 4; lastKnownFileType = sourcecode.c.h; name = ArmAnalyze.h; path = "nds4droid-code/jni/desmume/src/ArmAnalyze.h"; sourceTree = SOURCE_ROOT; };
		CE34A0B5173F722C00C51EA1 /* ArmCJit.cpp */ = {isa = PBXFileReference; fileEncoding = 4; lastKnownFileType = sourcecode.cpp.cpp; name = ArmCJit.cpp; path = "nds4droid-code/jni/desmume/src/ArmCJit.cpp"; sourceTree = SOURCE_ROOT; };
		CE34A0B6173F722C00C51EA1 /* ArmCJit.h */ = {isa = PBXFileReference; fileEncoding = 4; lastKnownFileType = sourcecode.c.h; name = ArmCJit.h; path = "nds4droid-code/jni/desmume/src/ArmCJit.h"; sourceTree = SOURCE_ROOT; };
		CE34A0B7173F722C00C51EA1 /* armcpu.cpp */ = {isa = PBXFileReference; fileEncoding = 4; lastKnownFileType = sourcecode.cpp.cpp; name = armcpu.cpp; path = "nds4droid-code/jni/desmume/src/armcpu.cpp"; sourceTree = SOURCE_ROOT; };
		CE34A0B8173F722C00C51EA1 /* armcpu.h */ = {isa = PBXFileReference; fileEncoding = 4; lastKnownFileType = sourcecode.c.h; name = armcpu.h; path = "nds4droid-code/jni/desmume/src/armcpu.h"; sourceTree = SOURCE_ROOT; };
		CE34A0B9173F722C00C51EA1 /* ArmThreadedInterpreter.cpp */ = {isa = PBXFileReference; fileEncoding = 4; lastKnownFileType = sourcecode.cpp.cpp; name = ArmThreadedInterpreter.cpp; path = "nds4droid-code/jni/desmume/src/ArmThreadedInterpreter.cpp"; sourceTree = SOURCE_ROOT; };
		CE34A0BA173F722C00C51EA1 /* ArmThreadedInterpreter.h */ = {isa = PBXFileReference; fileEncoding = 4; lastKnownFileType = sourcecode.c.h; name = ArmThreadedInterpreter.h; path = "nds4droid-code/jni/desmume/src/ArmThreadedInterpreter.h"; sourceTree = SOURCE_ROOT; };
		CE34A0BB173F722C00C51EA1 /* bios.cpp */ = {isa = PBXFileReference; fileEncoding = 4; lastKnownFileType = sourcecode.cpp.cpp; name = bios.cpp; path = "nds4droid-code/jni/desmume/src/bios.cpp"; sourceTree = SOURCE_ROOT; };
		CE34A0BC173F722C00C51EA1 /* bios.h */ = {isa = PBXFileReference; fileEncoding = 4; lastKnownFileType = sourcecode.c.h; name = bios.h; path = "nds4droid-code/jni/desmume/src/bios.h"; sourceTree = SOURCE_ROOT; };
		CE34A0BD173F722C00C51EA1 /* cheatSystem.cpp */ = {isa = PBXFileReference; fileEncoding = 4; lastKnownFileType = sourcecode.cpp.cpp; name = cheatSystem.cpp; path = "nds4droid-code/jni/desmume/src/cheatSystem.cpp"; sourceTree = SOURCE_ROOT; };
		CE34A0BE173F722C00C51EA1 /* cheatSystem.h */ = {isa = PBXFileReference; fileEncoding = 4; lastKnownFileType = sourcecode.c.h; name = cheatSystem.h; path = "nds4droid-code/jni/desmume/src/cheatSystem.h"; sourceTree = SOURCE_ROOT; };
		CE34A0BF173F722C00C51EA1 /* common.cpp */ = {isa = PBXFileReference; fileEncoding = 4; lastKnownFileType = sourcecode.cpp.cpp; name = common.cpp; path = "nds4droid-code/jni/desmume/src/common.cpp"; sourceTree = SOURCE_ROOT; };
		CE34A0C0173F722C00C51EA1 /* common.h */ = {isa = PBXFileReference; fileEncoding = 4; lastKnownFileType = sourcecode.c.h; name = common.h; path = "nds4droid-code/jni/desmume/src/common.h"; sourceTree = SOURCE_ROOT; };
		CE34A0C1173F722C00C51EA1 /* cp15.cpp */ = {isa = PBXFileReference; fileEncoding = 4; lastKnownFileType = sourcecode.cpp.cpp; name = cp15.cpp; path = "nds4droid-code/jni/desmume/src/cp15.cpp"; sourceTree = SOURCE_ROOT; };
		CE34A0C2173F722C00C51EA1 /* cp15.h */ = {isa = PBXFileReference; fileEncoding = 4; lastKnownFileType = sourcecode.c.h; name = cp15.h; path = "nds4droid-code/jni/desmume/src/cp15.h"; sourceTree = SOURCE_ROOT; };
		CE34A0C3173F722C00C51EA1 /* CpuBase.cpp */ = {isa = PBXFileReference; fileEncoding = 4; lastKnownFileType = sourcecode.cpp.cpp; name = CpuBase.cpp; path = "nds4droid-code/jni/desmume/src/CpuBase.cpp"; sourceTree = SOURCE_ROOT; };
		CE34A0C4173F722C00C51EA1 /* CpuBase.h */ = {isa = PBXFileReference; fileEncoding = 4; lastKnownFileType = sourcecode.c.h; name = CpuBase.h; path = "nds4droid-code/jni/desmume/src/CpuBase.h"; sourceTree = SOURCE_ROOT; };
		CE34A0C5173F722C00C51EA1 /* debug.cpp */ = {isa = PBXFileReference; fileEncoding = 4; lastKnownFileType = sourcecode.cpp.cpp; name = debug.cpp; path = "nds4droid-code/jni/desmume/src/debug.cpp"; sourceTree = SOURCE_ROOT; };
		CE34A0C6173F722C00C51EA1 /* debug.h */ = {isa = PBXFileReference; fileEncoding = 4; lastKnownFileType = sourcecode.c.h; name = debug.h; path = "nds4droid-code/jni/desmume/src/debug.h"; sourceTree = SOURCE_ROOT; };
		CE34A0C7173F722C00C51EA1 /* Disassembler.cpp */ = {isa = PBXFileReference; fileEncoding = 4; lastKnownFileType = sourcecode.cpp.cpp; name = Disassembler.cpp; path = "nds4droid-code/jni/desmume/src/Disassembler.cpp"; sourceTree = SOURCE_ROOT; };
		CE34A0C8173F722C00C51EA1 /* Disassembler.h */ = {isa = PBXFileReference; fileEncoding = 4; lastKnownFileType = sourcecode.c.h; name = Disassembler.h; path = "nds4droid-code/jni/desmume/src/Disassembler.h"; sourceTree = SOURCE_ROOT; };
		CE34A0C9173F722C00C51EA1 /* driver.cpp */ = {isa = PBXFileReference; fileEncoding = 4; lastKnownFileType = sourcecode.cpp.cpp; name = driver.cpp; path = "nds4droid-code/jni/desmume/src/driver.cpp"; sourceTree = SOURCE_ROOT; };
		CE34A0CA173F722C00C51EA1 /* driver.h */ = {isa = PBXFileReference; fileEncoding = 4; lastKnownFileType = sourcecode.c.h; name = driver.h; path = "nds4droid-code/jni/desmume/src/driver.h"; sourceTree = SOURCE_ROOT; };
		CE34A0CB173F722C00C51EA1 /* emufile.cpp */ = {isa = PBXFileReference; fileEncoding = 4; lastKnownFileType = sourcecode.cpp.cpp; name = emufile.cpp; path = "nds4droid-code/jni/desmume/src/emufile.cpp"; sourceTree = SOURCE_ROOT; };
		CE34A0CC173F722C00C51EA1 /* emufile.h */ = {isa = PBXFileReference; fileEncoding = 4; lastKnownFileType = sourcecode.c.h; name = emufile.h; path = "nds4droid-code/jni/desmume/src/emufile.h"; sourceTree = SOURCE_ROOT; };
		CE34A0CD173F722C00C51EA1 /* FIFO.cpp */ = {isa = PBXFileReference; fileEncoding = 4; lastKnownFileType = sourcecode.cpp.cpp; name = FIFO.cpp; path = "nds4droid-code/jni/desmume/src/FIFO.cpp"; sourceTree = SOURCE_ROOT; };
		CE34A0CE173F722C00C51EA1 /* FIFO.h */ = {isa = PBXFileReference; fileEncoding = 4; lastKnownFileType = sourcecode.c.h; name = FIFO.h; path = "nds4droid-code/jni/desmume/src/FIFO.h"; sourceTree = SOURCE_ROOT; };
		CE34A0CF173F722C00C51EA1 /* firmware.cpp */ = {isa = PBXFileReference; fileEncoding = 4; lastKnownFileType = sourcecode.cpp.cpp; name = firmware.cpp; path = "nds4droid-code/jni/desmume/src/firmware.cpp"; sourceTree = SOURCE_ROOT; };
		CE34A0D0173F722C00C51EA1 /* firmware.h */ = {isa = PBXFileReference; fileEncoding = 4; lastKnownFileType = sourcecode.c.h; name = firmware.h; path = "nds4droid-code/jni/desmume/src/firmware.h"; sourceTree = SOURCE_ROOT; };
		CE34A0D1173F722C00C51EA1 /* fs-linux.cpp */ = {isa = PBXFileReference; fileEncoding = 4; lastKnownFileType = sourcecode.cpp.cpp; name = "fs-linux.cpp"; path = "nds4droid-code/jni/desmume/src/fs-linux.cpp"; sourceTree = SOURCE_ROOT; };
		CE34A0D2173F722C00C51EA1 /* fs.h */ = {isa = PBXFileReference; fileEncoding = 4; lastKnownFileType = sourcecode.c.h; name = fs.h; path = "nds4droid-code/jni/desmume/src/fs.h"; sourceTree = SOURCE_ROOT; };
		CE34A0D3173F722C00C51EA1 /* gfx3d.cpp */ = {isa = PBXFileReference; fileEncoding = 4; lastKnownFileType = sourcecode.cpp.cpp; name = gfx3d.cpp; path = "nds4droid-code/jni/desmume/src/gfx3d.cpp"; sourceTree = SOURCE_ROOT; };
		CE34A0D4173F722C00C51EA1 /* gfx3d.h */ = {isa = PBXFileReference; fileEncoding = 4; lastKnownFileType = sourcecode.c.h; name = gfx3d.h; path = "nds4droid-code/jni/desmume/src/gfx3d.h"; sourceTree = SOURCE_ROOT; };
		CE34A0D5173F722C00C51EA1 /* GPU_osd_stub.cpp */ = {isa = PBXFileReference; fileEncoding = 4; lastKnownFileType = sourcecode.cpp.cpp; name = GPU_osd_stub.cpp; path = "nds4droid-code/jni/desmume/src/GPU_osd_stub.cpp"; sourceTree = SOURCE_ROOT; };
		CE34A0D6173F722C00C51EA1 /* GPU_osd.h */ = {isa = PBXFileReference; fileEncoding = 4; lastKnownFileType = sourcecode.c.h; name = GPU_osd.h; path = "nds4droid-code/jni/desmume/src/GPU_osd.h"; sourceTree = SOURCE_ROOT; };
		CE34A0D7173F722C00C51EA1 /* GPU.cpp */ = {isa = PBXFileReference; fileEncoding = 4; lastKnownFileType = sourcecode.cpp.cpp; name = GPU.cpp; path = "nds4droid-code/jni/desmume/src/GPU.cpp"; sourceTree = SOURCE_ROOT; };
		CE34A0D8173F722C00C51EA1 /* GPU.h */ = {isa = PBXFileReference; fileEncoding = 4; lastKnownFileType = sourcecode.c.h; name = GPU.h; path = "nds4droid-code/jni/desmume/src/GPU.h"; sourceTree = SOURCE_ROOT; };
		CE34A0D9173F722C00C51EA1 /* JitCommon.cpp */ = {isa = PBXFileReference; fileEncoding = 4; lastKnownFileType = sourcecode.cpp.cpp; name = JitCommon.cpp; path = "nds4droid-code/jni/desmume/src/JitCommon.cpp"; sourceTree = SOURCE_ROOT; };
		CE34A0DA173F722C00C51EA1 /* JitCommon.h */ = {isa = PBXFileReference; fileEncoding = 4; lastKnownFileType = sourcecode.c.h; name = JitCommon.h; path = "nds4droid-code/jni/desmume/src/JitCommon.h"; sourceTree = SOURCE_ROOT; };
		CE34A0DB173F722C00C51EA1 /* mc.cpp */ = {isa = PBXFileReference; fileEncoding = 4; lastKnownFileType = sourcecode.cpp.cpp; name = mc.cpp; path = "nds4droid-code/jni/desmume/src/mc.cpp"; sourceTree = SOURCE_ROOT; };
		CE34A0DC173F722C00C51EA1 /* MMU.cpp */ = {isa = PBXFileReference; fileEncoding = 4; lastKnownFileType = sourcecode.cpp.cpp; name = MMU.cpp; path = "nds4droid-code/jni/desmume/src/MMU.cpp"; sourceTree = SOURCE_ROOT; };
		CE34A0DD173F722C00C51EA1 /* MMU.h */ = {isa = PBXFileReference; fileEncoding = 4; lastKnownFileType = sourcecode.c.h; name = MMU.h; path = "nds4droid-code/jni/desmume/src/MMU.h"; sourceTree = SOURCE_ROOT; };
		CE34A0DE173F722C00C51EA1 /* movie.cpp */ = {isa = PBXFileReference; fileEncoding = 4; lastKnownFileType = sourcecode.cpp.cpp; name = movie.cpp; path = "nds4droid-code/jni/desmume/src/movie.cpp"; sourceTree = SOURCE_ROOT; };
		CE34A0DF173F722C00C51EA1 /* movie.h */ = {isa = PBXFileReference; fileEncoding = 4; lastKnownFileType = sourcecode.c.h; name = movie.h; path = "nds4droid-code/jni/desmume/src/movie.h"; sourceTree = SOURCE_ROOT; };
		CE34A0E0173F722C00C51EA1 /* NDSSystem.cpp */ = {isa = PBXFileReference; fileEncoding = 4; lastKnownFileType = sourcecode.cpp.cpp; name = NDSSystem.cpp; path = "nds4droid-code/jni/desmume/src/NDSSystem.cpp"; sourceTree = SOURCE_ROOT; };
		CE34A0E1173F722C00C51EA1 /* NDSSystem.h */ = {isa = PBXFileReference; fileEncoding = 4; lastKnownFileType = sourcecode.c.h; name = NDSSystem.h; path = "nds4droid-code/jni/desmume/src/NDSSystem.h"; sourceTree = SOURCE_ROOT; };
		CE34A0E2173F722C00C51EA1 /* path.cpp */ = {isa = PBXFileReference; fileEncoding = 4; lastKnownFileType = sourcecode.cpp.cpp; name = path.cpp; path = "nds4droid-code/jni/desmume/src/path.cpp"; sourceTree = SOURCE_ROOT; };
		CE34A0E3173F722C00C51EA1 /* path.h */ = {isa = PBXFileReference; fileEncoding = 4; lastKnownFileType = sourcecode.c.h; name = path.h; path = "nds4droid-code/jni/desmume/src/path.h"; sourceTree = SOURCE_ROOT; };
		CE34A0E4173F722C00C51EA1 /* rasterize.cpp */ = {isa = PBXFileReference; fileEncoding = 4; lastKnownFileType = sourcecode.cpp.cpp; name = rasterize.cpp; path = "nds4droid-code/jni/desmume/src/rasterize.cpp"; sourceTree = SOURCE_ROOT; };
		CE34A0E5173F722C00C51EA1 /* rasterize.h */ = {isa = PBXFileReference; fileEncoding = 4; lastKnownFileType = sourcecode.c.h; name = rasterize.h; path = "nds4droid-code/jni/desmume/src/rasterize.h"; sourceTree = SOURCE_ROOT; };
		CE34A0E6173F722C00C51EA1 /* readwrite.cpp */ = {isa = PBXFileReference; fileEncoding = 4; lastKnownFileType = sourcecode.cpp.cpp; name = readwrite.cpp; path = "nds4droid-code/jni/desmume/src/readwrite.cpp"; sourceTree = SOURCE_ROOT; };
		CE34A0E7173F722C00C51EA1 /* readwrite.h */ = {isa = PBXFileReference; fileEncoding = 4; lastKnownFileType = sourcecode.c.h; name = readwrite.h; path = "nds4droid-code/jni/desmume/src/readwrite.h"; sourceTree = SOURCE_ROOT; };
		CE34A0E8173F722C00C51EA1 /* render3D.cpp */ = {isa = PBXFileReference; fileEncoding = 4; lastKnownFileType = sourcecode.cpp.cpp; name = render3D.cpp; path = "nds4droid-code/jni/desmume/src/render3D.cpp"; sourceTree = SOURCE_ROOT; };
		CE34A0E9173F722C00C51EA1 /* render3D.h */ = {isa = PBXFileReference; fileEncoding = 4; lastKnownFileType = sourcecode.c.h; name = render3D.h; path = "nds4droid-code/jni/desmume/src/render3D.h"; sourceTree = SOURCE_ROOT; };
		CE34A0EA173F722C00C51EA1 /* ROMReader.cpp */ = {isa = PBXFileReference; fileEncoding = 4; lastKnownFileType = sourcecode.cpp.cpp; name = ROMReader.cpp; path = "nds4droid-code/jni/desmume/src/ROMReader.cpp"; sourceTree = SOURCE_ROOT; };
		CE34A0EB173F722C00C51EA1 /* ROMReader.h */ = {isa = PBXFileReference; fileEncoding = 4; lastKnownFileType = sourcecode.c.h; name = ROMReader.h; path = "nds4droid-code/jni/desmume/src/ROMReader.h"; sourceTree = SOURCE_ROOT; };
		CE34A0EC173F722C00C51EA1 /* rtc.cpp */ = {isa = PBXFileReference; fileEncoding = 4; lastKnownFileType = sourcecode.cpp.cpp; name = rtc.cpp; path = "nds4droid-code/jni/desmume/src/rtc.cpp"; sourceTree = SOURCE_ROOT; };
		CE34A0ED173F722C00C51EA1 /* rtc.h */ = {isa = PBXFileReference; fileEncoding = 4; lastKnownFileType = sourcecode.c.h; name = rtc.h; path = "nds4droid-code/jni/desmume/src/rtc.h"; sourceTree = SOURCE_ROOT; };
		CE34A0EE173F722C00C51EA1 /* saves.cpp */ = {isa = PBXFileReference; fileEncoding = 4; lastKnownFileType = sourcecode.cpp.cpp; name = saves.cpp; path = "nds4droid-code/jni/desmume/src/saves.cpp"; sourceTree = SOURCE_ROOT; };
		CE34A0EF173F722C00C51EA1 /* saves.h */ = {isa = PBXFileReference; fileEncoding = 4; lastKnownFileType = sourcecode.c.h; name = saves.h; path = "nds4droid-code/jni/desmume/src/saves.h"; sourceTree = SOURCE_ROOT; };
		CE34A0F0173F722C00C51EA1 /* slot1.cpp */ = {isa = PBXFileReference; fileEncoding = 4; lastKnownFileType = sourcecode.cpp.cpp; name = slot1.cpp; path = "nds4droid-code/jni/desmume/src/slot1.cpp"; sourceTree = SOURCE_ROOT; };
		CE34A0F1173F722C00C51EA1 /* slot1.h */ = {isa = PBXFileReference; fileEncoding = 4; lastKnownFileType = sourcecode.c.h; name = slot1.h; path = "nds4droid-code/jni/desmume/src/slot1.h"; sourceTree = SOURCE_ROOT; };
		CE34A0F2173F722C00C51EA1 /* SPU.cpp */ = {isa = PBXFileReference; fileEncoding = 4; lastKnownFileType = sourcecode.cpp.cpp; name = SPU.cpp; path = "nds4droid-code/jni/desmume/src/SPU.cpp"; sourceTree = SOURCE_ROOT; };
		CE34A0F3173F722C00C51EA1 /* SPU.h */ = {isa = PBXFileReference; fileEncoding = 4; lastKnownFileType = sourcecode.c.h; name = SPU.h; path = "nds4droid-code/jni/desmume/src/SPU.h"; sourceTree = SOURCE_ROOT; };
		CE34A0F4173F722C00C51EA1 /* texcache.cpp */ = {isa = PBXFileReference; fileEncoding = 4; lastKnownFileType = sourcecode.cpp.cpp; name = texcache.cpp; path = "nds4droid-code/jni/desmume/src/texcache.cpp"; sourceTree = SOURCE_ROOT; };
		CE34A0F5173F722C00C51EA1 /* texcache.h */ = {isa = PBXFileReference; fileEncoding = 4; lastKnownFileType = sourcecode.c.h; name = texcache.h; path = "nds4droid-code/jni/desmume/src/texcache.h"; sourceTree = SOURCE_ROOT; };
		CE34A0F6173F722C00C51EA1 /* thumb_instructions.cpp */ = {isa = PBXFileReference; fileEncoding = 4; lastKnownFileType = sourcecode.cpp.cpp; name = thumb_instructions.cpp; path = "nds4droid-code/jni/desmume/src/thumb_instructions.cpp"; sourceTree = SOURCE_ROOT; };
		CE34A0F7173F722C00C51EA1 /* thumb_instructions.h */ = {isa = PBXFileReference; fileEncoding = 4; lastKnownFileType = sourcecode.c.h; name = thumb_instructions.h; path = "nds4droid-code/jni/desmume/src/thumb_instructions.h"; sourceTree = SOURCE_ROOT; };
		CE34A0F8173F722C00C51EA1 /* version.cpp */ = {isa = PBXFileReference; fileEncoding = 4; lastKnownFileType = sourcecode.cpp.cpp; name = version.cpp; path = "nds4droid-code/jni/desmume/src/version.cpp"; sourceTree = SOURCE_ROOT; };
		CE34A0F9173F722C00C51EA1 /* version.h */ = {isa = PBXFileReference; fileEncoding = 4; lastKnownFileType = sourcecode.c.h; name = version.h; path = "nds4droid-code/jni/desmume/src/version.h"; sourceTree = SOURCE_ROOT; };
		CE34A0FA173F722C00C51EA1 /* wifi.cpp */ = {isa = PBXFileReference; fileEncoding = 4; lastKnownFileType = sourcecode.cpp.cpp; name = wifi.cpp; path = "nds4droid-code/jni/desmume/src/wifi.cpp"; sourceTree = SOURCE_ROOT; };
		CE34A0FB173F722C00C51EA1 /* wifi.h */ = {isa = PBXFileReference; fileEncoding = 4; lastKnownFileType = sourcecode.c.h; name = wifi.h; path = "nds4droid-code/jni/desmume/src/wifi.h"; sourceTree = SOURCE_ROOT; };
		CE34A123173F74C000C51EA1 /* libz.dylib */ = {isa = PBXFileReference; lastKnownFileType = "compiled.mach-o.dylib"; name = libz.dylib; path = usr/lib/libz.dylib; sourceTree = SDKROOT; };
		CE34A125173F758300C51EA1 /* matrix.cpp */ = {isa = PBXFileReference; fileEncoding = 4; lastKnownFileType = sourcecode.cpp.cpp; name = matrix.cpp; path = "nds4droid-code/jni/desmume/src/matrix.cpp"; sourceTree = SOURCE_ROOT; };
		CE34A126173F758300C51EA1 /* matrix.h */ = {isa = PBXFileReference; fileEncoding = 4; lastKnownFileType = sourcecode.c.h; name = matrix.h; path = "nds4droid-code/jni/desmume/src/matrix.h"; sourceTree = SOURCE_ROOT; };
		CE34A128173F769200C51EA1 /* nullJit.h */ = {isa = PBXFileReference; lastKnownFileType = sourcecode.c.h; name = nullJit.h; path = Classes/nullJit.h; sourceTree = SOURCE_ROOT; };
		CE34A12F173F798200C51EA1 /* matrix_impl.c */ = {isa = PBXFileReference; fileEncoding = 4; lastKnownFileType = sourcecode.c.c; name = matrix_impl.c; path = Classes/matrix_impl.c; sourceTree = SOURCE_ROOT; };
		CE34A130173F798200C51EA1 /* matrix_impl.h */ = {isa = PBXFileReference; fileEncoding = 4; lastKnownFileType = sourcecode.c.h; name = matrix_impl.h; path = Classes/matrix_impl.h; sourceTree = SOURCE_ROOT; };
		CE34A132173F79F200C51EA1 /* throttle.cpp */ = {isa = PBXFileReference; fileEncoding = 4; lastKnownFileType = sourcecode.cpp.cpp; name = throttle.cpp; path = Classes/throttle.cpp; sourceTree = SOURCE_ROOT; };
		CE34A133173F79F200C51EA1 /* throttle.h */ = {isa = PBXFileReference; fileEncoding = 4; lastKnownFileType = sourcecode.c.h; name = throttle.h; path = Classes/throttle.h; sourceTree = SOURCE_ROOT; };
		CE34A135173F86E800C51EA1 /* UIButton+CTM.h */ = {isa = PBXFileReference; fileEncoding = 4; lastKnownFileType = sourcecode.c.h; name = "UIButton+CTM.h"; path = "Classes/UIButton+CTM.h"; sourceTree = "<group>"; };
		CE34A136173F86E800C51EA1 /* UIButton+CTM.mm */ = {isa = PBXFileReference; fileEncoding = 4; lastKnownFileType = sourcecode.cpp.objcpp; name = "UIButton+CTM.mm"; path = "Classes/UIButton+CTM.mm"; sourceTree = "<group>"; };
		CEB43C40173FCA3F00055F91 /* GLProgram.h */ = {isa = PBXFileReference; fileEncoding = 4; lastKnownFileType = sourcecode.c.h; name = GLProgram.h; path = Classes/GLProgram.h; sourceTree = "<group>"; };
		CEB43C41173FCA3F00055F91 /* GLProgram.m */ = {isa = PBXFileReference; fileEncoding = 4; lastKnownFileType = sourcecode.c.objc; name = GLProgram.m; path = Classes/GLProgram.m; sourceTree = "<group>"; };
		CEB43C43173FD25900055F91 /* GLKit.framework */ = {isa = PBXFileReference; lastKnownFileType = wrapper.framework; name = GLKit.framework; path = System/Library/Frameworks/GLKit.framework; sourceTree = SDKROOT; };
		CEB43C44173FD25900055F91 /* OpenGLES.framework */ = {isa = PBXFileReference; lastKnownFileType = wrapper.framework; name = OpenGLES.framework; path = System/Library/Frameworks/OpenGLES.framework; sourceTree = SDKROOT; };
		CEC742F916776248006D193E /* nds4ios.app */ = {isa = PBXFileReference; explicitFileType = wrapper.application; includeInIndex = 0; path = nds4ios.app; sourceTree = BUILT_PRODUCTS_DIR; };
		D38CBC8F1745CEC60074C554 /* MMDrawerBarButtonItem.h */ = {isa = PBXFileReference; fileEncoding = 4; lastKnownFileType = sourcecode.c.h; path = MMDrawerBarButtonItem.h; sourceTree = "<group>"; };
		D38CBC901745CEC60074C554 /* MMDrawerBarButtonItem.m */ = {isa = PBXFileReference; fileEncoding = 4; lastKnownFileType = sourcecode.c.objc; path = MMDrawerBarButtonItem.m; sourceTree = "<group>"; };
		D38CBC911745CEC60074C554 /* MMDrawerController.h */ = {isa = PBXFileReference; fileEncoding = 4; lastKnownFileType = sourcecode.c.h; path = MMDrawerController.h; sourceTree = "<group>"; };
		D38CBC921745CEC60074C554 /* MMDrawerController.m */ = {isa = PBXFileReference; fileEncoding = 4; lastKnownFileType = sourcecode.c.objc; path = MMDrawerController.m; sourceTree = "<group>"; };
		D38CBC931745CEC60074C554 /* MMDrawerVisualState.h */ = {isa = PBXFileReference; fileEncoding = 4; lastKnownFileType = sourcecode.c.h; path = MMDrawerVisualState.h; sourceTree = "<group>"; };
		D38CBC941745CEC60074C554 /* MMDrawerVisualState.m */ = {isa = PBXFileReference; fileEncoding = 4; lastKnownFileType = sourcecode.c.objc; path = MMDrawerVisualState.m; sourceTree = "<group>"; };
		D38CBC951745CEC60074C554 /* UIViewController+MMDrawerController.h */ = {isa = PBXFileReference; fileEncoding = 4; lastKnownFileType = sourcecode.c.h; path = "UIViewController+MMDrawerController.h"; sourceTree = "<group>"; };
		D38CBC961745CEC60074C554 /* UIViewController+MMDrawerController.m */ = {isa = PBXFileReference; fileEncoding = 4; lastKnownFileType = sourcecode.c.objc; path = "UIViewController+MMDrawerController.m"; sourceTree = "<group>"; };
		D38CBCA81745CF9C0074C554 /* SettingsViewController.h */ = {isa = PBXFileReference; fileEncoding = 4; lastKnownFileType = sourcecode.c.h; name = SettingsViewController.h; path = Classes/SettingsViewController.h; sourceTree = "<group>"; };
		D38CBCA91745CF9C0074C554 /* SettingsViewController.m */ = {isa = PBXFileReference; fileEncoding = 4; lastKnownFileType = sourcecode.c.objc; name = SettingsViewController.m; path = Classes/SettingsViewController.m; sourceTree = "<group>"; };
		D38CBCAA1745CF9C0074C554 /* SettingsViewController.xib */ = {isa = PBXFileReference; fileEncoding = 4; lastKnownFileType = file.xib; name = SettingsViewController.xib; path = Classes/SettingsViewController.xib; sourceTree = "<group>"; };
		D38CBCAB1745CF9C0074C554 /* SideViewController.h */ = {isa = PBXFileReference; fileEncoding = 4; lastKnownFileType = sourcecode.c.h; name = SideViewController.h; path = Classes/SideViewController.h; sourceTree = "<group>"; };
		D38CBCAC1745CF9C0074C554 /* SideViewController.m */ = {isa = PBXFileReference; fileEncoding = 4; lastKnownFileType = sourcecode.c.objc; name = SideViewController.m; path = Classes/SideViewController.m; sourceTree = "<group>"; };
		D38CBCAD1745CF9C0074C554 /* SideViewController.xib */ = {isa = PBXFileReference; fileEncoding = 4; lastKnownFileType = file.xib; name = SideViewController.xib; path = Classes/SideViewController.xib; sourceTree = "<group>"; };
/* End PBXFileReference section */

/* Begin PBXFrameworksBuildPhase section */
		CEC742F616776248006D193E /* Frameworks */ = {
			isa = PBXFrameworksBuildPhase;
			buildActionMask = 2147483647;
			files = (
				CEB43C45173FD25A00055F91 /* GLKit.framework in Frameworks */,
				CEB43C46173FD25A00055F91 /* OpenGLES.framework in Frameworks */,
				CE34A124173F74C000C51EA1 /* libz.dylib in Frameworks */,
				CE2EE60A173F6BFF00786468 /* CoreGraphics.framework in Frameworks */,
				CE2EE608173F6BEA00786468 /* QuartzCore.framework in Frameworks */,
				CE2EE606173F6BC100786468 /* UIKit.framework in Frameworks */,
				CE2EE604173F6BBA00786468 /* Foundation.framework in Frameworks */,
			);
			runOnlyForDeploymentPostprocessing = 0;
		};
/* End PBXFrameworksBuildPhase section */

/* Begin PBXGroup section */
		CE2EE5F4173F66D100786468 /* Classes */ = {
			isa = PBXGroup;
			children = (
				CE34A132173F79F200C51EA1 /* throttle.cpp */,
				CE34A133173F79F200C51EA1 /* throttle.h */,
				CE34A12F173F798200C51EA1 /* matrix_impl.c */,
				CE34A130173F798200C51EA1 /* matrix_impl.h */,
				CE34A128173F769200C51EA1 /* nullJit.h */,
				CE2EE5F5173F66E300786468 /* AppDelegate.h */,
				CE2EE5F6173F66E300786468 /* AppDelegate.m */,
				CE2EE5F7173F66E300786468 /* emu.cpp */,
				CE2EE5F8173F66E300786468 /* emu.h */,
				D338B30117470D4000932C39 /* Roms List */,
				D338B30217470D4A00932C39 /* GL */,
				D338B30017470D3A00932C39 /* Emu */,
				D338B2FF17470D3100932C39 /* UIButton+CTM */,
				D338B2FE17470D2800932C39 /* Settings */,
				D338B2FD17470D1B00932C39 /* Side Drawer */,
				D38CBC8E1745CEC60074C554 /* MMDrawerController */,
			);
			name = Classes;
			sourceTree = "<group>";
		};
		CE2EE60B173F6C0D00786468 /* Framework */ = {
			isa = PBXGroup;
			children = (
				CEB43C43173FD25900055F91 /* GLKit.framework */,
				CEB43C44173FD25900055F91 /* OpenGLES.framework */,
				CE34A123173F74C000C51EA1 /* libz.dylib */,
				CE2EE609173F6BFF00786468 /* CoreGraphics.framework */,
				CE2EE607173F6BEA00786468 /* QuartzCore.framework */,
				CE2EE605173F6BC100786468 /* UIKit.framework */,
				CE2EE603173F6BBA00786468 /* Foundation.framework */,
			);
			name = Framework;
			sourceTree = "<group>";
		};
		CE2EE60C173F6C1E00786468 /* nds4droid-code */ = {
			isa = PBXGroup;
			children = (
				CE34A0AF173F722C00C51EA1 /* addons.cpp */,
				CE34A0B0173F722C00C51EA1 /* addons.h */,
				CE34A0B1173F722C00C51EA1 /* arm_instructions.cpp */,
				CE34A0B2173F722C00C51EA1 /* arm_instructions.h */,
				CE34A0B3173F722C00C51EA1 /* ArmAnalyze.cpp */,
				CE34A0B4173F722C00C51EA1 /* ArmAnalyze.h */,
				CE34A0B5173F722C00C51EA1 /* ArmCJit.cpp */,
				CE34A0B6173F722C00C51EA1 /* ArmCJit.h */,
				CE34A0B7173F722C00C51EA1 /* armcpu.cpp */,
				CE34A0B8173F722C00C51EA1 /* armcpu.h */,
				CE34A0B9173F722C00C51EA1 /* ArmThreadedInterpreter.cpp */,
				CE34A0BA173F722C00C51EA1 /* ArmThreadedInterpreter.h */,
				CE34A0BB173F722C00C51EA1 /* bios.cpp */,
				CE34A0BC173F722C00C51EA1 /* bios.h */,
				CE34A0BD173F722C00C51EA1 /* cheatSystem.cpp */,
				CE34A0BE173F722C00C51EA1 /* cheatSystem.h */,
				CE34A0BF173F722C00C51EA1 /* common.cpp */,
				CE34A0C0173F722C00C51EA1 /* common.h */,
				CE34A0C1173F722C00C51EA1 /* cp15.cpp */,
				CE34A0C2173F722C00C51EA1 /* cp15.h */,
				CE34A0C3173F722C00C51EA1 /* CpuBase.cpp */,
				CE34A0C4173F722C00C51EA1 /* CpuBase.h */,
				CE34A0C5173F722C00C51EA1 /* debug.cpp */,
				CE34A0C6173F722C00C51EA1 /* debug.h */,
				CE34A0C7173F722C00C51EA1 /* Disassembler.cpp */,
				CE34A0C8173F722C00C51EA1 /* Disassembler.h */,
				CE34A0C9173F722C00C51EA1 /* driver.cpp */,
				CE34A0CA173F722C00C51EA1 /* driver.h */,
				CE34A0CB173F722C00C51EA1 /* emufile.cpp */,
				CE34A0CC173F722C00C51EA1 /* emufile.h */,
				CE34A0CD173F722C00C51EA1 /* FIFO.cpp */,
				CE34A0CE173F722C00C51EA1 /* FIFO.h */,
				CE34A0CF173F722C00C51EA1 /* firmware.cpp */,
				CE34A0D0173F722C00C51EA1 /* firmware.h */,
				CE34A0D1173F722C00C51EA1 /* fs-linux.cpp */,
				CE34A0D2173F722C00C51EA1 /* fs.h */,
				CE34A0D3173F722C00C51EA1 /* gfx3d.cpp */,
				CE34A0D4173F722C00C51EA1 /* gfx3d.h */,
				CE34A0D5173F722C00C51EA1 /* GPU_osd_stub.cpp */,
				CE34A0D6173F722C00C51EA1 /* GPU_osd.h */,
				CE34A0D7173F722C00C51EA1 /* GPU.cpp */,
				CE34A0D8173F722C00C51EA1 /* GPU.h */,
				CE34A0D9173F722C00C51EA1 /* JitCommon.cpp */,
				CE34A0DA173F722C00C51EA1 /* JitCommon.h */,
				CE34A125173F758300C51EA1 /* matrix.cpp */,
				CE34A126173F758300C51EA1 /* matrix.h */,
				CE34A0DB173F722C00C51EA1 /* mc.cpp */,
				CE34A0DC173F722C00C51EA1 /* MMU.cpp */,
				CE34A0DD173F722C00C51EA1 /* MMU.h */,
				CE34A0DE173F722C00C51EA1 /* movie.cpp */,
				CE34A0DF173F722C00C51EA1 /* movie.h */,
				CE34A0E0173F722C00C51EA1 /* NDSSystem.cpp */,
				CE34A0E1173F722C00C51EA1 /* NDSSystem.h */,
				CE34A0E2173F722C00C51EA1 /* path.cpp */,
				CE34A0E3173F722C00C51EA1 /* path.h */,
				CE34A0E4173F722C00C51EA1 /* rasterize.cpp */,
				CE34A0E5173F722C00C51EA1 /* rasterize.h */,
				CE34A0E6173F722C00C51EA1 /* readwrite.cpp */,
				CE34A0E7173F722C00C51EA1 /* readwrite.h */,
				CE34A0E8173F722C00C51EA1 /* render3D.cpp */,
				CE34A0E9173F722C00C51EA1 /* render3D.h */,
				CE34A0EA173F722C00C51EA1 /* ROMReader.cpp */,
				CE34A0EB173F722C00C51EA1 /* ROMReader.h */,
				CE34A0EC173F722C00C51EA1 /* rtc.cpp */,
				CE34A0ED173F722C00C51EA1 /* rtc.h */,
				CE34A0EE173F722C00C51EA1 /* saves.cpp */,
				CE34A0EF173F722C00C51EA1 /* saves.h */,
				CE34A0F0173F722C00C51EA1 /* slot1.cpp */,
				CE34A0F1173F722C00C51EA1 /* slot1.h */,
				CE34A0F2173F722C00C51EA1 /* SPU.cpp */,
				CE34A0F3173F722C00C51EA1 /* SPU.h */,
				CE34A0F4173F722C00C51EA1 /* texcache.cpp */,
				CE34A0F5173F722C00C51EA1 /* texcache.h */,
				CE34A0F6173F722C00C51EA1 /* thumb_instructions.cpp */,
				CE34A0F7173F722C00C51EA1 /* thumb_instructions.h */,
				CE34A0F8173F722C00C51EA1 /* version.cpp */,
				CE34A0F9173F722C00C51EA1 /* version.h */,
				CE34A0FA173F722C00C51EA1 /* wifi.cpp */,
				CE34A0FB173F722C00C51EA1 /* wifi.h */,
				CE2EE683173F6FF100786468 /* filter */,
				CE2EE67F173F6FD400786468 /* metaspu */,
				CE2EE628173F6D9300786468 /* utils */,
				CE2EE60F173F6D6300786468 /* addons */,
			);
			name = "nds4droid-code";
			sourceTree = "<group>";
		};
		CE2EE60F173F6D6300786468 /* addons */ = {
			isa = PBXGroup;
			children = (
				CE2EE610173F6D6300786468 /* slot1_none.cpp */,
				CE2EE611173F6D6300786468 /* slot1_r4.cpp */,
				CE2EE612173F6D6300786468 /* slot1_retail.cpp */,
				CE2EE613173F6D6300786468 /* slot1_retail_nand.cpp */,
				CE2EE614173F6D6300786468 /* slot2_expMemory.cpp */,
				CE2EE615173F6D6300786468 /* slot2_gbagame.cpp */,
				CE2EE616173F6D6300786468 /* slot2_guitarGrip.cpp */,
				CE2EE617173F6D6300786468 /* slot2_mpcf.cpp */,
				CE2EE618173F6D6300786468 /* slot2_none.cpp */,
				CE2EE619173F6D6300786468 /* slot2_paddle.cpp */,
				CE2EE61A173F6D6300786468 /* slot2_piano.cpp */,
				CE2EE61B173F6D6300786468 /* slot2_rumblepak.cpp */,
			);
			name = addons;
			path = "nds4droid-code/jni/desmume/src/addons";
			sourceTree = "<group>";
		};
		CE2EE628173F6D9300786468 /* utils */ = {
			isa = PBXGroup;
			children = (
				CE2EE65F173F6E3000786468 /* ConvertUTF.c */,
				CE2EE660173F6E3000786468 /* ConvertUTF.h */,
				CE2EE661173F6E3000786468 /* datetime.cpp */,
				CE2EE662173F6E3000786468 /* datetime.h */,
				CE2EE663173F6E3000786468 /* dlditool.cpp */,
				CE2EE664173F6E3000786468 /* emufat.cpp */,
				CE2EE665173F6E3000786468 /* emufat.h */,
				CE2EE666173F6E3000786468 /* FileMap.cpp */,
				CE2EE667173F6E3000786468 /* FileMap.h */,
				CE2EE668173F6E3000786468 /* guid.cpp */,
				CE2EE669173F6E3000786468 /* guid.h */,
				CE2EE66A173F6E3000786468 /* md5.cpp */,
				CE2EE66B173F6E3000786468 /* md5.h */,
				CE2EE66C173F6E3000786468 /* MemBuffer.cpp */,
				CE2EE66D173F6E3000786468 /* MemBuffer.h */,
				CE2EE66E173F6E3000786468 /* task.cpp */,
				CE2EE66F173F6E3000786468 /* task.h */,
				CE2EE670173F6E3000786468 /* vfat.cpp */,
				CE2EE671173F6E3000786468 /* vfat.h */,
				CE2EE672173F6E3000786468 /* xstring.cpp */,
				CE2EE673173F6E3000786468 /* xstring.h */,
				CE2EE654173F6DFE00786468 /* tinyxml */,
				CE2EE633173F6DF000786468 /* libfat */,
				CE2EE629173F6DB600786468 /* decrypt */,
			);
			name = utils;
			sourceTree = "<group>";
		};
		CE2EE629173F6DB600786468 /* decrypt */ = {
			isa = PBXGroup;
			children = (
				CE2EE62A173F6DB600786468 /* crc.cpp */,
				CE2EE62B173F6DB600786468 /* crc.h */,
				CE2EE62C173F6DB600786468 /* decrypt.cpp */,
				CE2EE62D173F6DB600786468 /* decrypt.h */,
				CE2EE62E173F6DB600786468 /* header.cpp */,
				CE2EE62F173F6DB600786468 /* header.h */,
			);
			name = decrypt;
			path = "nds4droid-code/jni/desmume/src/utils/decrypt";
			sourceTree = "<group>";
		};
		CE2EE633173F6DF000786468 /* libfat */ = {
			isa = PBXGroup;
			children = (
				CE2EE634173F6DF900786468 /* cache.cpp */,
				CE2EE635173F6DF900786468 /* cache.h */,
				CE2EE636173F6DF900786468 /* directory.cpp */,
				CE2EE637173F6DF900786468 /* directory.h */,
				CE2EE638173F6DF900786468 /* disc.cpp */,
				CE2EE639173F6DF900786468 /* disc.h */,
				CE2EE63A173F6DF900786468 /* fatdir.cpp */,
				CE2EE63B173F6DF900786468 /* fatdir.h */,
				CE2EE63C173F6DF900786468 /* fatfile.cpp */,
				CE2EE63D173F6DF900786468 /* fatfile.h */,
				CE2EE63E173F6DF900786468 /* file_allocation_table.cpp */,
				CE2EE63F173F6DF900786468 /* file_allocation_table.h */,
				CE2EE640173F6DF900786468 /* filetime.cpp */,
				CE2EE641173F6DF900786468 /* filetime.h */,
				CE2EE642173F6DF900786468 /* libfat_public_api.cpp */,
				CE2EE643173F6DF900786468 /* libfat_public_api.h */,
				CE2EE644173F6DF900786468 /* libfat.cpp */,
				CE2EE645173F6DF900786468 /* lock.cpp */,
				CE2EE646173F6DF900786468 /* lock.h */,
				CE2EE647173F6DF900786468 /* partition.cpp */,
				CE2EE648173F6DF900786468 /* partition.h */,
			);
			name = libfat;
			sourceTree = "<group>";
		};
		CE2EE654173F6DFE00786468 /* tinyxml */ = {
			isa = PBXGroup;
			children = (
				CE2EE655173F6E0900786468 /* tinystr.cpp */,
				CE2EE656173F6E0900786468 /* tinystr.h */,
				CE2EE657173F6E0900786468 /* tinyxml.cpp */,
				CE2EE658173F6E0900786468 /* tinyxml.h */,
				CE2EE659173F6E0900786468 /* tinyxmlerror.cpp */,
				CE2EE65A173F6E0900786468 /* tinyxmlparser.cpp */,
			);
			name = tinyxml;
			sourceTree = "<group>";
		};
		CE2EE67F173F6FD400786468 /* metaspu */ = {
			isa = PBXGroup;
			children = (
				CE2EE697173F706C00786468 /* metaspu.cpp */,
				CE2EE698173F706C00786468 /* metaspu.h */,
			);
			name = metaspu;
			sourceTree = "<group>";
		};
		CE2EE683173F6FF100786468 /* filter */ = {
			isa = PBXGroup;
			children = (
				CE2EE69A173F70A800786468 /* 2xsai.cpp */,
				CE2EE69B173F70A800786468 /* bilinear.cpp */,
				CE2EE69C173F70A800786468 /* epx.cpp */,
				CE2EE69D173F70A800786468 /* filter.h */,
				CE2EE69E173F70A800786468 /* hq2x.cpp */,
				CE2EE69F173F70A800786468 /* hq2x.h */,
				CE2EE6A0173F70A800786468 /* hq4x.cpp */,
				CE2EE6A1173F70A800786468 /* hq4x.h */,
				CE2EE6A2173F70A800786468 /* interp.h */,
				CE2EE6A3173F70A800786468 /* lq2x.cpp */,
				CE2EE6A4173F70A800786468 /* lq2x.h */,
				CE2EE6A5173F70A800786468 /* scanline.cpp */,
			);
			name = filter;
			sourceTree = "<group>";
		};
		CEC742EE16776248006D193E = {
			isa = PBXGroup;
			children = (
				CE2EE60C173F6C1E00786468 /* nds4droid-code */,
				CE2EE5F4173F66D100786468 /* Classes */,
				CEC7430416776248006D193E /* Supporting Files */,
				CE2EE60B173F6C0D00786468 /* Framework */,
				CEC742FA16776248006D193E /* Products */,
			);
			sourceTree = "<group>";
		};
		CEC742FA16776248006D193E /* Products */ = {
			isa = PBXGroup;
			children = (
				CEC742F916776248006D193E /* nds4ios.app */,
			);
			name = Products;
			sourceTree = "<group>";
		};
		CEC7430416776248006D193E /* Supporting Files */ = {
			isa = PBXGroup;
			children = (
				CE2EE5EC173F663B00786468 /* main.m */,
				CE2EE5ED173F663B00786468 /* nds4ios-Prefix.pch */,
				CE2EE5EA173F661D00786468 /* nds4ios-Info.plist */,
			);
			name = "Supporting Files";
			path = nds4ios;
			sourceTree = "<group>";
		};
		D338B2FD17470D1B00932C39 /* Side Drawer */ = {
			isa = PBXGroup;
			children = (
				D38CBCAB1745CF9C0074C554 /* SideViewController.h */,
				D38CBCAC1745CF9C0074C554 /* SideViewController.m */,
				D38CBCAD1745CF9C0074C554 /* SideViewController.xib */,
			);
			name = "Side Drawer";
			sourceTree = "<group>";
		};
		D338B2FE17470D2800932C39 /* Settings */ = {
			isa = PBXGroup;
			children = (
				D38CBCA81745CF9C0074C554 /* SettingsViewController.h */,
				D38CBCA91745CF9C0074C554 /* SettingsViewController.m */,
				D38CBCAA1745CF9C0074C554 /* SettingsViewController.xib */,
			);
			name = Settings;
			sourceTree = "<group>";
		};
		D338B2FF17470D3100932C39 /* UIButton+CTM */ = {
			isa = PBXGroup;
			children = (
				CE34A135173F86E800C51EA1 /* UIButton+CTM.h */,
				CE34A136173F86E800C51EA1 /* UIButton+CTM.mm */,
			);
			name = "UIButton+CTM";
			sourceTree = "<group>";
		};
		D338B30017470D3A00932C39 /* Emu */ = {
			isa = PBXGroup;
			children = (
				CE2EE5F9173F66E300786468 /* EmuViewController.h */,
				CE2EE5FA173F66E300786468 /* EmuViewController.mm */,
			);
			name = Emu;
			sourceTree = "<group>";
		};
		D338B30117470D4000932C39 /* Roms List */ = {
			isa = PBXGroup;
			children = (
				CE2EE5FB173F66E300786468 /* RomsViewController.h */,
				CE2EE5FC173F66E300786468 /* RomsViewController.m */,
			);
			name = "Roms List";
			sourceTree = "<group>";
		};
		D338B30217470D4A00932C39 /* GL */ = {
			isa = PBXGroup;
			children = (
				CEB43C40173FCA3F00055F91 /* GLProgram.h */,
				CEB43C41173FCA3F00055F91 /* GLProgram.m */,
			);
			name = GL;
			sourceTree = "<group>";
		};
		D38CBC8E1745CEC60074C554 /* MMDrawerController */ = {
			isa = PBXGroup;
			children = (
				D38CBC8F1745CEC60074C554 /* MMDrawerBarButtonItem.h */,
				D38CBC901745CEC60074C554 /* MMDrawerBarButtonItem.m */,
				D38CBC911745CEC60074C554 /* MMDrawerController.h */,
				D38CBC921745CEC60074C554 /* MMDrawerController.m */,
				D38CBC931745CEC60074C554 /* MMDrawerVisualState.h */,
				D38CBC941745CEC60074C554 /* MMDrawerVisualState.m */,
				D38CBC951745CEC60074C554 /* UIViewController+MMDrawerController.h */,
				D38CBC961745CEC60074C554 /* UIViewController+MMDrawerController.m */,
			);
			path = MMDrawerController;
			sourceTree = "<group>";
		};
/* End PBXGroup section */

/* Begin PBXNativeTarget section */
		CEC742F816776248006D193E /* nds4ios */ = {
			isa = PBXNativeTarget;
			buildConfigurationList = CEC7431D16776248006D193E /* Build configuration list for PBXNativeTarget "nds4ios" */;
			buildPhases = (
				CEC742F516776248006D193E /* Sources */,
				CEC742F616776248006D193E /* Frameworks */,
				CEC742F716776248006D193E /* Resources */,
			);
			buildRules = (
			);
			dependencies = (
			);
			name = nds4ios;
			productName = nds4ios;
			productReference = CEC742F916776248006D193E /* nds4ios.app */;
			productType = "com.apple.product-type.application";
		};
/* End PBXNativeTarget section */

/* Begin PBXProject section */
		CEC742F016776248006D193E /* Project object */ = {
			isa = PBXProject;
			attributes = {
				LastUpgradeCheck = 0460;
				ORGANIZATIONNAME = Homebrew;
			};
			buildConfigurationList = CEC742F316776248006D193E /* Build configuration list for PBXProject "nds4ios" */;
			compatibilityVersion = "Xcode 3.2";
			developmentRegion = English;
			hasScannedForEncodings = 0;
			knownRegions = (
				en,
			);
			mainGroup = CEC742EE16776248006D193E;
			productRefGroup = CEC742FA16776248006D193E /* Products */;
			projectDirPath = "";
			projectRoot = "";
			targets = (
				CEC742F816776248006D193E /* nds4ios */,
			);
		};
/* End PBXProject section */

/* Begin PBXResourcesBuildPhase section */
		CEC742F716776248006D193E /* Resources */ = {
			isa = PBXResourcesBuildPhase;
			buildActionMask = 2147483647;
			files = (
				D38CBCAF1745CF9C0074C554 /* SettingsViewController.xib in Resources */,
				D38CBCB11745CF9C0074C554 /* SideViewController.xib in Resources */,
			);
			runOnlyForDeploymentPostprocessing = 0;
		};
/* End PBXResourcesBuildPhase section */

/* Begin PBXSourcesBuildPhase section */
		CEC742F516776248006D193E /* Sources */ = {
			isa = PBXSourcesBuildPhase;
			buildActionMask = 2147483647;
			files = (
				CE2EE5EE173F663B00786468 /* main.m in Sources */,
				CE2EE5FD173F66E300786468 /* AppDelegate.m in Sources */,
				CE2EE5FE173F66E300786468 /* emu.cpp in Sources */,
				CE2EE5FF173F66E300786468 /* EmuViewController.mm in Sources */,
				CE2EE600173F66E300786468 /* RomsViewController.m in Sources */,
				CE2EE61C173F6D6300786468 /* slot1_none.cpp in Sources */,
				CE2EE61D173F6D6300786468 /* slot1_r4.cpp in Sources */,
				CE2EE61E173F6D6300786468 /* slot1_retail.cpp in Sources */,
				CE2EE61F173F6D6300786468 /* slot1_retail_nand.cpp in Sources */,
				CE2EE620173F6D6300786468 /* slot2_expMemory.cpp in Sources */,
				CE2EE621173F6D6300786468 /* slot2_gbagame.cpp in Sources */,
				CE2EE622173F6D6300786468 /* slot2_guitarGrip.cpp in Sources */,
				CE2EE623173F6D6300786468 /* slot2_mpcf.cpp in Sources */,
				CE2EE624173F6D6300786468 /* slot2_none.cpp in Sources */,
				CE2EE625173F6D6300786468 /* slot2_paddle.cpp in Sources */,
				CE2EE626173F6D6300786468 /* slot2_piano.cpp in Sources */,
				CE2EE627173F6D6300786468 /* slot2_rumblepak.cpp in Sources */,
				CE2EE630173F6DB600786468 /* crc.cpp in Sources */,
				CE2EE631173F6DB600786468 /* decrypt.cpp in Sources */,
				CE2EE632173F6DB600786468 /* header.cpp in Sources */,
				CE2EE649173F6DF900786468 /* cache.cpp in Sources */,
				CE2EE64A173F6DF900786468 /* directory.cpp in Sources */,
				CE2EE64B173F6DF900786468 /* disc.cpp in Sources */,
				CE2EE64C173F6DF900786468 /* fatdir.cpp in Sources */,
				CE2EE64D173F6DF900786468 /* fatfile.cpp in Sources */,
				CE2EE64E173F6DF900786468 /* file_allocation_table.cpp in Sources */,
				CE2EE64F173F6DF900786468 /* filetime.cpp in Sources */,
				CE2EE650173F6DF900786468 /* libfat_public_api.cpp in Sources */,
				CE2EE651173F6DF900786468 /* libfat.cpp in Sources */,
				CE2EE652173F6DF900786468 /* lock.cpp in Sources */,
				CE2EE653173F6DF900786468 /* partition.cpp in Sources */,
				CE2EE65B173F6E0900786468 /* tinystr.cpp in Sources */,
				CE2EE65C173F6E0900786468 /* tinyxml.cpp in Sources */,
				CE2EE65D173F6E0900786468 /* tinyxmlerror.cpp in Sources */,
				CE2EE65E173F6E0900786468 /* tinyxmlparser.cpp in Sources */,
				CE2EE674173F6E3000786468 /* ConvertUTF.c in Sources */,
				CE2EE675173F6E3000786468 /* datetime.cpp in Sources */,
				CE2EE676173F6E3000786468 /* dlditool.cpp in Sources */,
				CE2EE677173F6E3000786468 /* emufat.cpp in Sources */,
				CE2EE678173F6E3000786468 /* FileMap.cpp in Sources */,
				CE2EE679173F6E3000786468 /* guid.cpp in Sources */,
				CE2EE67A173F6E3000786468 /* md5.cpp in Sources */,
				CE2EE67B173F6E3000786468 /* MemBuffer.cpp in Sources */,
				CE2EE67C173F6E3000786468 /* task.cpp in Sources */,
				CE2EE67D173F6E3000786468 /* vfat.cpp in Sources */,
				CE2EE67E173F6E3000786468 /* xstring.cpp in Sources */,
				CE2EE699173F706C00786468 /* metaspu.cpp in Sources */,
				CE2EE6A6173F70A800786468 /* 2xsai.cpp in Sources */,
				CE2EE6A7173F70A800786468 /* bilinear.cpp in Sources */,
				CE2EE6A8173F70A800786468 /* epx.cpp in Sources */,
				CE2EE6A9173F70A800786468 /* hq2x.cpp in Sources */,
				CE2EE6AA173F70A800786468 /* hq4x.cpp in Sources */,
				CE2EE6AB173F70A800786468 /* lq2x.cpp in Sources */,
				CE2EE6AC173F70A800786468 /* scanline.cpp in Sources */,
				CE34A0FC173F722C00C51EA1 /* addons.cpp in Sources */,
				CE34A0FD173F722C00C51EA1 /* arm_instructions.cpp in Sources */,
				CE34A100173F722C00C51EA1 /* armcpu.cpp in Sources */,
				CE34A101173F722C00C51EA1 /* ArmThreadedInterpreter.cpp in Sources */,
				CE34A102173F722C00C51EA1 /* bios.cpp in Sources */,
				CE34A103173F722C00C51EA1 /* cheatSystem.cpp in Sources */,
				CE34A104173F722C00C51EA1 /* common.cpp in Sources */,
				CE34A105173F722C00C51EA1 /* cp15.cpp in Sources */,
				CE34A106173F722C00C51EA1 /* CpuBase.cpp in Sources */,
				CE34A107173F722C00C51EA1 /* debug.cpp in Sources */,
				CE34A108173F722C00C51EA1 /* Disassembler.cpp in Sources */,
				CE34A109173F722C00C51EA1 /* driver.cpp in Sources */,
				CE34A10A173F722C00C51EA1 /* emufile.cpp in Sources */,
				CE34A10B173F722C00C51EA1 /* FIFO.cpp in Sources */,
				CE34A10C173F722C00C51EA1 /* firmware.cpp in Sources */,
				CE34A10D173F722C00C51EA1 /* fs-linux.cpp in Sources */,
				CE34A10E173F722C00C51EA1 /* gfx3d.cpp in Sources */,
				CE34A10F173F722C00C51EA1 /* GPU_osd_stub.cpp in Sources */,
				CE34A110173F722C00C51EA1 /* GPU.cpp in Sources */,
				CE34A111173F722C00C51EA1 /* JitCommon.cpp in Sources */,
				CE34A112173F722C00C51EA1 /* mc.cpp in Sources */,
				CE34A113173F722C00C51EA1 /* MMU.cpp in Sources */,
				CE34A114173F722C00C51EA1 /* movie.cpp in Sources */,
				CE34A115173F722C00C51EA1 /* NDSSystem.cpp in Sources */,
				CE34A116173F722C00C51EA1 /* path.cpp in Sources */,
				CE34A117173F722C00C51EA1 /* rasterize.cpp in Sources */,
				CE34A118173F722C00C51EA1 /* readwrite.cpp in Sources */,
				CE34A119173F722C00C51EA1 /* render3D.cpp in Sources */,
				CE34A11A173F722C00C51EA1 /* ROMReader.cpp in Sources */,
				CE34A11B173F722C00C51EA1 /* rtc.cpp in Sources */,
				CE34A11C173F722C00C51EA1 /* saves.cpp in Sources */,
				CE34A11D173F722C00C51EA1 /* slot1.cpp in Sources */,
				CE34A11E173F722C00C51EA1 /* SPU.cpp in Sources */,
				CE34A11F173F722C00C51EA1 /* texcache.cpp in Sources */,
				CE34A120173F722C00C51EA1 /* thumb_instructions.cpp in Sources */,
				CE34A121173F722C00C51EA1 /* version.cpp in Sources */,
				CE34A122173F722C00C51EA1 /* wifi.cpp in Sources */,
				CE34A127173F758300C51EA1 /* matrix.cpp in Sources */,
				CE34A131173F798200C51EA1 /* matrix_impl.c in Sources */,
				CE34A134173F79F200C51EA1 /* throttle.cpp in Sources */,
				CE34A137173F86E800C51EA1 /* UIButton+CTM.mm in Sources */,
				CEB43C42173FCA3F00055F91 /* GLProgram.m in Sources */,
				D38CBC971745CEC60074C554 /* MMDrawerBarButtonItem.m in Sources */,
				D38CBC981745CEC60074C554 /* MMDrawerController.m in Sources */,
				D38CBC991745CEC60074C554 /* MMDrawerVisualState.m in Sources */,
				D38CBC9A1745CEC60074C554 /* UIViewController+MMDrawerController.m in Sources */,
				D38CBCAE1745CF9C0074C554 /* SettingsViewController.m in Sources */,
				D38CBCB01745CF9C0074C554 /* SideViewController.m in Sources */,
			);
			runOnlyForDeploymentPostprocessing = 0;
		};
/* End PBXSourcesBuildPhase section */

/* Begin XCBuildConfiguration section */
		CEC7431B16776248006D193E /* Debug */ = {
			isa = XCBuildConfiguration;
			buildSettings = {
				ALWAYS_SEARCH_USER_PATHS = NO;
				CLANG_CXX_LANGUAGE_STANDARD = "gnu++0x";
				CLANG_CXX_LIBRARY = "libc++";
				CLANG_WARN_EMPTY_BODY = YES;
				CLANG_WARN__DUPLICATE_METHOD_MATCH = YES;
				"CODE_SIGN_IDENTITY[sdk=iphoneos*]" = "iPhone Developer";
				COPY_PHASE_STRIP = NO;
				GCC_C_LANGUAGE_STANDARD = gnu99;
				GCC_DYNAMIC_NO_PIC = NO;
				GCC_OPTIMIZATION_LEVEL = 0;
				GCC_PREPROCESSOR_DEFINITIONS = (
					"DEBUG=1",
					"$(inherited)",
				);
				GCC_SYMBOLS_PRIVATE_EXTERN = NO;
				GCC_WARN_ABOUT_RETURN_TYPE = YES;
				GCC_WARN_UNINITIALIZED_AUTOS = YES;
				GCC_WARN_UNUSED_VARIABLE = YES;
				IPHONEOS_DEPLOYMENT_TARGET = 6.0;
				ONLY_ACTIVE_ARCH = YES;
				SDKROOT = iphoneos;
			};
			name = Debug;
		};
		CEC7431C16776248006D193E /* Release */ = {
			isa = XCBuildConfiguration;
			buildSettings = {
				ALWAYS_SEARCH_USER_PATHS = NO;
				CLANG_CXX_LANGUAGE_STANDARD = "gnu++0x";
				CLANG_CXX_LIBRARY = "libc++";
				CLANG_WARN_EMPTY_BODY = YES;
				CLANG_WARN__DUPLICATE_METHOD_MATCH = YES;
				"CODE_SIGN_IDENTITY[sdk=iphoneos*]" = "iPhone Developer";
				COPY_PHASE_STRIP = YES;
				GCC_C_LANGUAGE_STANDARD = gnu99;
				GCC_WARN_ABOUT_RETURN_TYPE = YES;
				GCC_WARN_UNINITIALIZED_AUTOS = YES;
				GCC_WARN_UNUSED_VARIABLE = YES;
				IPHONEOS_DEPLOYMENT_TARGET = 6.0;
				OTHER_CFLAGS = "-DNS_BLOCK_ASSERTIONS=1";
				SDKROOT = iphoneos;
				VALIDATE_PRODUCT = YES;
			};
			name = Release;
		};
		CEC7431E16776248006D193E /* Debug */ = {
			isa = XCBuildConfiguration;
			buildSettings = {
				CLANG_CXX_LANGUAGE_STANDARD = "compiler-default";
				CLANG_CXX_LIBRARY = "compiler-default";
				CLANG_ENABLE_OBJC_ARC = YES;
				GCC_OPTIMIZATION_LEVEL = s;
				GCC_PRECOMPILE_PREFIX_HEADER = YES;
				GCC_PREFIX_HEADER = "Classes/nds4ios-Prefix.pch";
				GCC_PREPROCESSOR_DEFINITIONS = (
					"DEBUG=1",
					"$(inherited)",
					IOS,
				);
				HEADER_SEARCH_PATHS = (
					"$(SRCROOT)/Classes",
					"$(SRCROOT)/nds4droid-code/jni/desmume/src",
					"$(SRCROOT)/",
					"$(SRCROOT)/nds4droid-code/jni/desmume/src/android",
				);
				INFOPLIST_FILE = "nds4ios-Info.plist";
				IPHONEOS_DEPLOYMENT_TARGET = 5.0;
				OTHER_CFLAGS = (
					"-DANDROID",
					"-fexceptions",
					"-ftree-vectorize",
					"-fsingle-precision-constant",
					"-fprefetch-loop-arrays",
					"-fvariable-expansion-in-unroller",
					"-DCOMPRESS_MT",
					"-DIOS",
				);
				PRODUCT_NAME = "$(TARGET_NAME)";
				USER_HEADER_SEARCH_PATHS = "";
				WRAPPER_EXTENSION = app;
			};
			name = Debug;
		};
		CEC7431F16776248006D193E /* Release */ = {
			isa = XCBuildConfiguration;
			buildSettings = {
				CLANG_CXX_LANGUAGE_STANDARD = "compiler-default";
				CLANG_CXX_LIBRARY = "compiler-default";
				CLANG_ENABLE_OBJC_ARC = YES;
				GCC_PRECOMPILE_PREFIX_HEADER = YES;
				GCC_PREFIX_HEADER = "Classes/nds4ios-Prefix.pch";
				HEADER_SEARCH_PATHS = (
					"$(SRCROOT)/Classes",
					"$(SRCROOT)/nds4droid-code/jni/desmume/src",
					"$(SRCROOT)/",
					"$(SRCROOT)/nds4droid-code/jni/desmume/src/android",
				);
				INFOPLIST_FILE = "nds4ios-Info.plist";
				IPHONEOS_DEPLOYMENT_TARGET = 5.0;
				OTHER_CFLAGS = (
					"-DNS_BLOCK_ASSERTIONS=1",
					"-DANDROID",
					"-fexceptions",
					"-ftree-vectorize",
					"-fsingle-precision-constant",
					"-fprefetch-loop-arrays",
					"-fvariable-expansion-in-unroller",
					"-DCOMPRESS_MT",
					"-DIOS",
					"-DHAVE_NEON=1",
					"-DHAVE_LIBZ",
				);
				PRODUCT_NAME = "$(TARGET_NAME)";
				USER_HEADER_SEARCH_PATHS = "";
				WRAPPER_EXTENSION = app;
			};
			name = Release;
		};
/* End XCBuildConfiguration section */

/* Begin XCConfigurationList section */
		CEC742F316776248006D193E /* Build configuration list for PBXProject "nds4ios" */ = {
			isa = XCConfigurationList;
			buildConfigurations = (
				CEC7431B16776248006D193E /* Debug */,
				CEC7431C16776248006D193E /* Release */,
			);
			defaultConfigurationIsVisible = 0;
			defaultConfigurationName = Release;
		};
		CEC7431D16776248006D193E /* Build configuration list for PBXNativeTarget "nds4ios" */ = {
			isa = XCConfigurationList;
			buildConfigurations = (
				CEC7431E16776248006D193E /* Debug */,
				CEC7431F16776248006D193E /* Release */,
			);
			defaultConfigurationIsVisible = 0;
			defaultConfigurationName = Release;
		};
/* End XCConfigurationList section */
	};
	rootObject = CEC742F016776248006D193E /* Project object */;
}
